
Microsoft Visual Studio Solution File, Format Version 12.00
# Visual Studio Version 16
VisualStudioVersion = 16.0.31005.135
MinimumVisualStudioVersion = 10.0.40219.1
Project("{8BC9CEB8-8B4A-11D0-8D11-00A0C91BC942}") = "ConceptEngineFramework", "ConceptEngineFramework\ConceptEngineFramework.vcxproj", "{72A5BD96-5023-4CCF-BC58-B6BB23366999}"
EndProject
Project("{8BC9CEB8-8B4A-11D0-8D11-00A0C91BC942}") = "ConceptEngineEditor", "ConceptEngineEditor\ConceptEngineEditor.vcxproj", "{0F4CB8BF-C176-49D6-BA16-093DF3FA6CCC}"
EndProject
Project("{9092AA53-FB77-4645-B42D-1CCCA6BD08BD}") = "ConceptEngineJS", "ConceptEngineJS\ConceptEngineJS.njsproj", "{9F941BE8-BF44-477E-895A-71A5DD5986A1}"
	ProjectSection(ProjectDependencies) = postProject
		{1FDE5B11-D413-4237-B48C-524B7C65D0B5} = {1FDE5B11-D413-4237-B48C-524B7C65D0B5}
	EndProjectSection
EndProject
Project("{8BC9CEB8-8B4A-11D0-8D11-00A0C91BC942}") = "ConceptEngineProject", "ConceptEngineProject\ConceptEngineProject.vcxproj", "{1FDE5B11-D413-4237-B48C-524B7C65D0B5}"
	ProjectSection(ProjectDependencies) = postProject
		{72A5BD96-5023-4CCF-BC58-B6BB23366999} = {72A5BD96-5023-4CCF-BC58-B6BB23366999}
	EndProjectSection
EndProject
Project("{8BC9CEB8-8B4A-11D0-8D11-00A0C91BC942}") = "ConceptEngineCpp", "ConceptEngineCpp\ConceptEngineCpp.vcxproj", "{982E439D-E485-40F3-8AF6-D93135972FB9}"
EndProject
Project("{2150E333-8FDC-42A3-9474-1A3956D46DE8}") = "Bindings", "Bindings", "{3E178E16-7EFF-495D-B22D-F6C2FC843F00}"
EndProject
Project("{8BC9CEB8-8B4A-11D0-8D11-00A0C91BC942}") = "ConceptEnginePlaygrounds", "ConceptEnginePlaygrounds\ConceptEnginePlaygrounds.vcxproj", "{95741F74-FA28-4575-9CBE-BC65D7BB4768}"
EndProject
Project("{888888A0-9F3D-457C-B088-3A5042F75D52}") = "ConceptEnginePy", "ConceptEnginePy\ConceptEnginePy.pyproj", "{5755A851-5F51-4301-BFB8-AEFF02940BDE}"
EndProject
Project("{FAE04EC0-301F-11D3-BF4B-00C04F79EFBC}") = "ConceptEngineCSharp", "ConceptEngineCSharp\ConceptEngineCSharp.csproj", "{7F35F0E6-6BFA-4C97-8588-3E45C2A95871}"
EndProject
Project("{8BC9CEB8-8B4A-11D0-8D11-00A0C91BC942}") = "ConceptEngine", "Concept-Engine\Concept-Engine.vcxproj", "{2377CFB9-88DE-4713-8F3D-64122F7CFD5C}"
EndProject
Project("{8BC9CEB8-8B4A-11D0-8D11-00A0C91BC942}") = "ConceptEngineGame", "ConceptEngineGame\ConceptEngineGame.vcxproj", "{0FAF5F10-5EB4-4F4B-BE66-D8961BEC9AA3}"
EndProject
Project("{2150E333-8FDC-42A3-9474-1A3956D46DE8}") = "Execs", "Execs", "{701A10E5-3786-4C3B-92E5-43C88E082C1E}"
EndProject
Project("{8BC9CEB8-8B4A-11D0-8D11-00A0C91BC942}") = "ConceptEngineGameDebug", "ConceptEngineGameDebug\ConceptEngineGameDebug.vcxproj", "{24BAF7A8-3862-4AD1-A900-175C3D33D254}"
	ProjectSection(ProjectDependencies) = postProject
		{2377CFB9-88DE-4713-8F3D-64122F7CFD5C} = {2377CFB9-88DE-4713-8F3D-64122F7CFD5C}
	EndProjectSection
EndProject
Global
	GlobalSection(SolutionConfigurationPlatforms) = preSolution
		Debug|Any CPU = Debug|Any CPU
		Debug|x64 = Debug|x64
		Debug|x86 = Debug|x86
		Release|Any CPU = Release|Any CPU
		Release|x64 = Release|x64
		Release|x86 = Release|x86
	EndGlobalSection
	GlobalSection(ProjectConfigurationPlatforms) = postSolution
		{72A5BD96-5023-4CCF-BC58-B6BB23366999}.Debug|Any CPU.ActiveCfg = Debug|Win32
		{72A5BD96-5023-4CCF-BC58-B6BB23366999}.Debug|x64.ActiveCfg = Debug|x64
		{72A5BD96-5023-4CCF-BC58-B6BB23366999}.Debug|x64.Build.0 = Debug|x64
		{72A5BD96-5023-4CCF-BC58-B6BB23366999}.Debug|x86.ActiveCfg = Debug|Win32
		{72A5BD96-5023-4CCF-BC58-B6BB23366999}.Debug|x86.Build.0 = Debug|Win32
		{72A5BD96-5023-4CCF-BC58-B6BB23366999}.Release|Any CPU.ActiveCfg = Release|Win32
		{72A5BD96-5023-4CCF-BC58-B6BB23366999}.Release|x64.ActiveCfg = Release|x64
		{72A5BD96-5023-4CCF-BC58-B6BB23366999}.Release|x64.Build.0 = Release|x64
		{72A5BD96-5023-4CCF-BC58-B6BB23366999}.Release|x86.ActiveCfg = Release|Win32
		{72A5BD96-5023-4CCF-BC58-B6BB23366999}.Release|x86.Build.0 = Release|Win32
		{0F4CB8BF-C176-49D6-BA16-093DF3FA6CCC}.Debug|Any CPU.ActiveCfg = Debug|x64
		{0F4CB8BF-C176-49D6-BA16-093DF3FA6CCC}.Debug|x64.ActiveCfg = Debug|x64
		{0F4CB8BF-C176-49D6-BA16-093DF3FA6CCC}.Debug|x64.Build.0 = Debug|x64
		{0F4CB8BF-C176-49D6-BA16-093DF3FA6CCC}.Debug|x86.ActiveCfg = Debug|x64
		{0F4CB8BF-C176-49D6-BA16-093DF3FA6CCC}.Release|Any CPU.ActiveCfg = Release|x64
		{0F4CB8BF-C176-49D6-BA16-093DF3FA6CCC}.Release|x64.ActiveCfg = Release|x64
		{0F4CB8BF-C176-49D6-BA16-093DF3FA6CCC}.Release|x64.Build.0 = Release|x64
		{0F4CB8BF-C176-49D6-BA16-093DF3FA6CCC}.Release|x86.ActiveCfg = Release|x64
		{9F941BE8-BF44-477E-895A-71A5DD5986A1}.Debug|Any CPU.ActiveCfg = Debug|Any CPU
		{9F941BE8-BF44-477E-895A-71A5DD5986A1}.Debug|Any CPU.Build.0 = Debug|Any CPU
		{9F941BE8-BF44-477E-895A-71A5DD5986A1}.Debug|x64.ActiveCfg = Debug|Any CPU
		{9F941BE8-BF44-477E-895A-71A5DD5986A1}.Debug|x64.Build.0 = Debug|Any CPU
		{9F941BE8-BF44-477E-895A-71A5DD5986A1}.Debug|x86.ActiveCfg = Debug|Any CPU
		{9F941BE8-BF44-477E-895A-71A5DD5986A1}.Debug|x86.Build.0 = Debug|Any CPU
		{9F941BE8-BF44-477E-895A-71A5DD5986A1}.Release|Any CPU.ActiveCfg = Release|Any CPU
		{9F941BE8-BF44-477E-895A-71A5DD5986A1}.Release|Any CPU.Build.0 = Release|Any CPU
		{9F941BE8-BF44-477E-895A-71A5DD5986A1}.Release|x64.ActiveCfg = Release|Any CPU
		{9F941BE8-BF44-477E-895A-71A5DD5986A1}.Release|x64.Build.0 = Release|Any CPU
		{9F941BE8-BF44-477E-895A-71A5DD5986A1}.Release|x86.ActiveCfg = Release|Any CPU
		{9F941BE8-BF44-477E-895A-71A5DD5986A1}.Release|x86.Build.0 = Release|Any CPU
		{1FDE5B11-D413-4237-B48C-524B7C65D0B5}.Debug|Any CPU.ActiveCfg = Debug|Win32
		{1FDE5B11-D413-4237-B48C-524B7C65D0B5}.Debug|x64.ActiveCfg = Debug|x64
		{1FDE5B11-D413-4237-B48C-524B7C65D0B5}.Debug|x64.Build.0 = Debug|x64
		{1FDE5B11-D413-4237-B48C-524B7C65D0B5}.Debug|x86.ActiveCfg = Debug|Win32
		{1FDE5B11-D413-4237-B48C-524B7C65D0B5}.Debug|x86.Build.0 = Debug|Win32
		{1FDE5B11-D413-4237-B48C-524B7C65D0B5}.Release|Any CPU.ActiveCfg = Release|Win32
		{1FDE5B11-D413-4237-B48C-524B7C65D0B5}.Release|x64.ActiveCfg = Release|x64
		{1FDE5B11-D413-4237-B48C-524B7C65D0B5}.Release|x64.Build.0 = Release|x64
		{1FDE5B11-D413-4237-B48C-524B7C65D0B5}.Release|x86.ActiveCfg = Release|Win32
		{1FDE5B11-D413-4237-B48C-524B7C65D0B5}.Release|x86.Build.0 = Release|Win32
		{982E439D-E485-40F3-8AF6-D93135972FB9}.Debug|Any CPU.ActiveCfg = Debug|Win32
		{982E439D-E485-40F3-8AF6-D93135972FB9}.Debug|x64.ActiveCfg = Debug|x64
		{982E439D-E485-40F3-8AF6-D93135972FB9}.Debug|x64.Build.0 = Debug|x64
		{982E439D-E485-40F3-8AF6-D93135972FB9}.Debug|x86.ActiveCfg = Debug|Win32
		{982E439D-E485-40F3-8AF6-D93135972FB9}.Debug|x86.Build.0 = Debug|Win32
		{982E439D-E485-40F3-8AF6-D93135972FB9}.Release|Any CPU.ActiveCfg = Release|Win32
		{982E439D-E485-40F3-8AF6-D93135972FB9}.Release|x64.ActiveCfg = Release|x64
		{982E439D-E485-40F3-8AF6-D93135972FB9}.Release|x64.Build.0 = Release|x64
		{982E439D-E485-40F3-8AF6-D93135972FB9}.Release|x86.ActiveCfg = Release|Win32
		{982E439D-E485-40F3-8AF6-D93135972FB9}.Release|x86.Build.0 = Release|Win32
		{95741F74-FA28-4575-9CBE-BC65D7BB4768}.Debug|Any CPU.ActiveCfg = Debug|Win32
		{95741F74-FA28-4575-9CBE-BC65D7BB4768}.Debug|x64.ActiveCfg = Debug|x64
		{95741F74-FA28-4575-9CBE-BC65D7BB4768}.Debug|x64.Build.0 = Debug|x64
		{95741F74-FA28-4575-9CBE-BC65D7BB4768}.Debug|x86.ActiveCfg = Debug|Win32
		{95741F74-FA28-4575-9CBE-BC65D7BB4768}.Debug|x86.Build.0 = Debug|Win32
		{95741F74-FA28-4575-9CBE-BC65D7BB4768}.Release|Any CPU.ActiveCfg = Release|Win32
		{95741F74-FA28-4575-9CBE-BC65D7BB4768}.Release|x64.ActiveCfg = Release|x64
		{95741F74-FA28-4575-9CBE-BC65D7BB4768}.Release|x64.Build.0 = Release|x64
		{95741F74-FA28-4575-9CBE-BC65D7BB4768}.Release|x86.ActiveCfg = Release|Win32
		{95741F74-FA28-4575-9CBE-BC65D7BB4768}.Release|x86.Build.0 = Release|Win32
		{5755A851-5F51-4301-BFB8-AEFF02940BDE}.Debug|Any CPU.ActiveCfg = Debug|Any CPU
		{5755A851-5F51-4301-BFB8-AEFF02940BDE}.Debug|x64.ActiveCfg = Debug|Any CPU
		{5755A851-5F51-4301-BFB8-AEFF02940BDE}.Debug|x86.ActiveCfg = Debug|Any CPU
		{5755A851-5F51-4301-BFB8-AEFF02940BDE}.Release|Any CPU.ActiveCfg = Release|Any CPU
		{5755A851-5F51-4301-BFB8-AEFF02940BDE}.Release|x64.ActiveCfg = Release|Any CPU
		{5755A851-5F51-4301-BFB8-AEFF02940BDE}.Release|x86.ActiveCfg = Release|Any CPU
		{7F35F0E6-6BFA-4C97-8588-3E45C2A95871}.Debug|Any CPU.ActiveCfg = Debug|Any CPU
		{7F35F0E6-6BFA-4C97-8588-3E45C2A95871}.Debug|Any CPU.Build.0 = Debug|Any CPU
		{7F35F0E6-6BFA-4C97-8588-3E45C2A95871}.Debug|x64.ActiveCfg = Debug|Any CPU
		{7F35F0E6-6BFA-4C97-8588-3E45C2A95871}.Debug|x64.Build.0 = Debug|Any CPU
		{7F35F0E6-6BFA-4C97-8588-3E45C2A95871}.Debug|x86.ActiveCfg = Debug|Any CPU
		{7F35F0E6-6BFA-4C97-8588-3E45C2A95871}.Debug|x86.Build.0 = Debug|Any CPU
		{7F35F0E6-6BFA-4C97-8588-3E45C2A95871}.Release|Any CPU.ActiveCfg = Release|Any CPU
		{7F35F0E6-6BFA-4C97-8588-3E45C2A95871}.Release|Any CPU.Build.0 = Release|Any CPU
		{7F35F0E6-6BFA-4C97-8588-3E45C2A95871}.Release|x64.ActiveCfg = Release|Any CPU
		{7F35F0E6-6BFA-4C97-8588-3E45C2A95871}.Release|x64.Build.0 = Release|Any CPU
		{7F35F0E6-6BFA-4C97-8588-3E45C2A95871}.Release|x86.ActiveCfg = Release|Any CPU
		{7F35F0E6-6BFA-4C97-8588-3E45C2A95871}.Release|x86.Build.0 = Release|Any CPU
		{2377CFB9-88DE-4713-8F3D-64122F7CFD5C}.Debug|Any CPU.ActiveCfg = Debug|Win32
		{2377CFB9-88DE-4713-8F3D-64122F7CFD5C}.Debug|x64.ActiveCfg = Debug|x64
		{2377CFB9-88DE-4713-8F3D-64122F7CFD5C}.Debug|x64.Build.0 = Debug|x64
		{2377CFB9-88DE-4713-8F3D-64122F7CFD5C}.Debug|x86.ActiveCfg = Debug|Win32
		{2377CFB9-88DE-4713-8F3D-64122F7CFD5C}.Debug|x86.Build.0 = Debug|Win32
		{2377CFB9-88DE-4713-8F3D-64122F7CFD5C}.Release|Any CPU.ActiveCfg = Release|Win32
		{2377CFB9-88DE-4713-8F3D-64122F7CFD5C}.Release|x64.ActiveCfg = Release|x64
		{2377CFB9-88DE-4713-8F3D-64122F7CFD5C}.Release|x64.Build.0 = Release|x64
		{2377CFB9-88DE-4713-8F3D-64122F7CFD5C}.Release|x86.ActiveCfg = Release|Win32
		{2377CFB9-88DE-4713-8F3D-64122F7CFD5C}.Release|x86.Build.0 = Release|Win32
		{0FAF5F10-5EB4-4F4B-BE66-D8961BEC9AA3}.Debug|Any CPU.ActiveCfg = Debug|Win32
		{0FAF5F10-5EB4-4F4B-BE66-D8961BEC9AA3}.Debug|x64.ActiveCfg = Debug|x64
		{0FAF5F10-5EB4-4F4B-BE66-D8961BEC9AA3}.Debug|x64.Build.0 = Debug|x64
		{0FAF5F10-5EB4-4F4B-BE66-D8961BEC9AA3}.Debug|x86.ActiveCfg = Debug|Win32
		{0FAF5F10-5EB4-4F4B-BE66-D8961BEC9AA3}.Debug|x86.Build.0 = Debug|Win32
		{0FAF5F10-5EB4-4F4B-BE66-D8961BEC9AA3}.Release|Any CPU.ActiveCfg = Release|Win32
		{0FAF5F10-5EB4-4F4B-BE66-D8961BEC9AA3}.Release|x64.ActiveCfg = Release|x64
		{0FAF5F10-5EB4-4F4B-BE66-D8961BEC9AA3}.Release|x64.Build.0 = Release|x64
		{0FAF5F10-5EB4-4F4B-BE66-D8961BEC9AA3}.Release|x86.ActiveCfg = Release|Win32
		{0FAF5F10-5EB4-4F4B-BE66-D8961BEC9AA3}.Release|x86.Build.0 = Release|Win32
		{24BAF7A8-3862-4AD1-A900-175C3D33D254}.Debug|Any CPU.ActiveCfg = Debug|Win32
		{24BAF7A8-3862-4AD1-A900-175C3D33D254}.Debug|x64.ActiveCfg = Debug|x64
		{24BAF7A8-3862-4AD1-A900-175C3D33D254}.Debug|x64.Build.0 = Debug|x64
		{24BAF7A8-3862-4AD1-A900-175C3D33D254}.Debug|x86.ActiveCfg = Debug|Win32
		{24BAF7A8-3862-4AD1-A900-175C3D33D254}.Debug|x86.Build.0 = Debug|Win32
		{24BAF7A8-3862-4AD1-A900-175C3D33D254}.Release|Any CPU.ActiveCfg = Release|Win32
		{24BAF7A8-3862-4AD1-A900-175C3D33D254}.Release|x64.ActiveCfg = Release|x64
		{24BAF7A8-3862-4AD1-A900-175C3D33D254}.Release|x64.Build.0 = Release|x64
		{24BAF7A8-3862-4AD1-A900-175C3D33D254}.Release|x86.ActiveCfg = Release|Win32
		{24BAF7A8-3862-4AD1-A900-175C3D33D254}.Release|x86.Build.0 = Release|Win32
	EndGlobalSection
	GlobalSection(SolutionProperties) = preSolution
		HideSolutionNode = FALSE
	EndGlobalSection
	GlobalSection(NestedProjects) = preSolution
		{0F4CB8BF-C176-49D6-BA16-093DF3FA6CCC} = {701A10E5-3786-4C3B-92E5-43C88E082C1E}
		{9F941BE8-BF44-477E-895A-71A5DD5986A1} = {3E178E16-7EFF-495D-B22D-F6C2FC843F00}
		{982E439D-E485-40F3-8AF6-D93135972FB9} = {3E178E16-7EFF-495D-B22D-F6C2FC843F00}
		{5755A851-5F51-4301-BFB8-AEFF02940BDE} = {3E178E16-7EFF-495D-B22D-F6C2FC843F00}
		{7F35F0E6-6BFA-4C97-8588-3E45C2A95871} = {3E178E16-7EFF-495D-B22D-F6C2FC843F00}
		{0FAF5F10-5EB4-4F4B-BE66-D8961BEC9AA3} = {701A10E5-3786-4C3B-92E5-43C88E082C1E}
		{24BAF7A8-3862-4AD1-A900-175C3D33D254} = {701A10E5-3786-4C3B-92E5-43C88E082C1E}
	EndGlobalSection
	GlobalSection(ExtensibilityGlobals) = postSolution
		SolutionGuid = {2AEFE48E-5E65-4893-B22B-96A68AED28AA}
	EndGlobalSection
EndGlobal
