
Microsoft Visual Studio Solution File, Format Version 12.00
# Visual Studio Version 16
VisualStudioVersion = 16.0.31005.135
MinimumVisualStudioVersion = 10.0.40219.1
Project("{8BC9CEB8-8B4A-11D0-8D11-00A0C91BC942}") = "ConceptEngine", "ConceptEngine\ConceptEngine.vcxproj", "{0FAF5F10-5EB4-4F4B-BE66-D8961BEC9AA3}"
	ProjectSection(ProjectDependencies) = postProject
		{72A5BD96-5023-4CCF-BC58-B6BB23366999} = {72A5BD96-5023-4CCF-BC58-B6BB23366999}
	EndProjectSection
EndProject
Project("{8BC9CEB8-8B4A-11D0-8D11-00A0C91BC942}") = "ConceptEngineFramework", "ConceptEngineFramework\ConceptEngineFramework.vcxproj", "{72A5BD96-5023-4CCF-BC58-B6BB23366999}"
	ProjectSection(ProjectDependencies) = postProject
		{0718A51B-2984-4260-B615-2ECDCD4ACB62} = {0718A51B-2984-4260-B615-2ECDCD4ACB62}
	EndProjectSection
EndProject
Project("{8BC9CEB8-8B4A-11D0-8D11-00A0C91BC942}") = "ConceptEngineEditor", "ConceptEngineEditor\ConceptEngineEditor.vcxproj", "{0F4CB8BF-C176-49D6-BA16-093DF3FA6CCC}"
EndProject
Project("{8BC9CEB8-8B4A-11D0-8D11-00A0C91BC942}") = "ConceptEngineTemplate", "ConceptEngineTemplate\ConceptEngineTemplate.vcxproj", "{0718A51B-2984-4260-B615-2ECDCD4ACB62}"
EndProject
Project("{FAE04EC0-301F-11D3-BF4B-00C04F79EFBC}") = "ConceptEngineCSharp", "ConceptEngineCSharp\ConceptEngineCSharp.csproj", "{72C15575-E522-476A-B942-8ADAC96CDE4B}"
EndProject
Project("{888888A0-9F3D-457C-B088-3A5042F75D52}") = "ConceptEnginePython", "ConceptEnginePython\ConceptEnginePython.pyproj", "{80FC5F8A-FBD5-4D3A-9C62-E0542F0E163A}"
EndProject
Project("{9092AA53-FB77-4645-B42D-1CCCA6BD08BD}") = "ConceptEngineJS", "ConceptEngineJS\ConceptEngineJS.njsproj", "{9F941BE8-BF44-477E-895A-71A5DD5986A1}"
EndProject
Global
	GlobalSection(SolutionConfigurationPlatforms) = preSolution
		Debug|Any CPU = Debug|Any CPU
		Debug|x64 = Debug|x64
		Debug|x86 = Debug|x86
		Release|Any CPU = Release|Any CPU
		Release|x64 = Release|x64
		Release|x86 = Release|x86
	EndGlobalSection
	GlobalSection(ProjectConfigurationPlatforms) = postSolution
		{0FAF5F10-5EB4-4F4B-BE66-D8961BEC9AA3}.Debug|Any CPU.ActiveCfg = Debug|Win32
		{0FAF5F10-5EB4-4F4B-BE66-D8961BEC9AA3}.Debug|x64.ActiveCfg = Debug|x64
		{0FAF5F10-5EB4-4F4B-BE66-D8961BEC9AA3}.Debug|x64.Build.0 = Debug|x64
		{0FAF5F10-5EB4-4F4B-BE66-D8961BEC9AA3}.Debug|x86.ActiveCfg = Debug|Win32
		{0FAF5F10-5EB4-4F4B-BE66-D8961BEC9AA3}.Debug|x86.Build.0 = Debug|Win32
		{0FAF5F10-5EB4-4F4B-BE66-D8961BEC9AA3}.Release|Any CPU.ActiveCfg = Release|Win32
		{0FAF5F10-5EB4-4F4B-BE66-D8961BEC9AA3}.Release|x64.ActiveCfg = Release|x64
		{0FAF5F10-5EB4-4F4B-BE66-D8961BEC9AA3}.Release|x64.Build.0 = Release|x64
		{0FAF5F10-5EB4-4F4B-BE66-D8961BEC9AA3}.Release|x86.ActiveCfg = Release|Win32
		{0FAF5F10-5EB4-4F4B-BE66-D8961BEC9AA3}.Release|x86.Build.0 = Release|Win32
		{72A5BD96-5023-4CCF-BC58-B6BB23366999}.Debug|Any CPU.ActiveCfg = Debug|Win32
		{72A5BD96-5023-4CCF-BC58-B6BB23366999}.Debug|x64.ActiveCfg = Debug|x64
		{72A5BD96-5023-4CCF-BC58-B6BB23366999}.Debug|x64.Build.0 = Debug|x64
		{72A5BD96-5023-4CCF-BC58-B6BB23366999}.Debug|x86.ActiveCfg = Debug|Win32
		{72A5BD96-5023-4CCF-BC58-B6BB23366999}.Debug|x86.Build.0 = Debug|Win32
		{72A5BD96-5023-4CCF-BC58-B6BB23366999}.Release|Any CPU.ActiveCfg = Release|Win32
		{72A5BD96-5023-4CCF-BC58-B6BB23366999}.Release|x64.ActiveCfg = Release|x64
		{72A5BD96-5023-4CCF-BC58-B6BB23366999}.Release|x64.Build.0 = Release|x64
		{72A5BD96-5023-4CCF-BC58-B6BB23366999}.Release|x86.ActiveCfg = Release|Win32
		{72A5BD96-5023-4CCF-BC58-B6BB23366999}.Release|x86.Build.0 = Release|Win32
		{0F4CB8BF-C176-49D6-BA16-093DF3FA6CCC}.Debug|Any CPU.ActiveCfg = Debug|x64
		{0F4CB8BF-C176-49D6-BA16-093DF3FA6CCC}.Debug|x64.ActiveCfg = Debug|x64
		{0F4CB8BF-C176-49D6-BA16-093DF3FA6CCC}.Debug|x64.Build.0 = Debug|x64
		{0F4CB8BF-C176-49D6-BA16-093DF3FA6CCC}.Debug|x86.ActiveCfg = Debug|x64
		{0F4CB8BF-C176-49D6-BA16-093DF3FA6CCC}.Release|Any CPU.ActiveCfg = Release|x64
		{0F4CB8BF-C176-49D6-BA16-093DF3FA6CCC}.Release|x64.ActiveCfg = Release|x64
		{0F4CB8BF-C176-49D6-BA16-093DF3FA6CCC}.Release|x64.Build.0 = Release|x64
		{0F4CB8BF-C176-49D6-BA16-093DF3FA6CCC}.Release|x86.ActiveCfg = Release|x64
		{0718A51B-2984-4260-B615-2ECDCD4ACB62}.Debug|Any CPU.ActiveCfg = Debug|Win32
		{0718A51B-2984-4260-B615-2ECDCD4ACB62}.Debug|x64.ActiveCfg = Debug|x64
		{0718A51B-2984-4260-B615-2ECDCD4ACB62}.Debug|x64.Build.0 = Debug|x64
		{0718A51B-2984-4260-B615-2ECDCD4ACB62}.Debug|x86.ActiveCfg = Debug|Win32
		{0718A51B-2984-4260-B615-2ECDCD4ACB62}.Debug|x86.Build.0 = Debug|Win32
		{0718A51B-2984-4260-B615-2ECDCD4ACB62}.Release|Any CPU.ActiveCfg = Release|Win32
		{0718A51B-2984-4260-B615-2ECDCD4ACB62}.Release|x64.ActiveCfg = Release|x64
		{0718A51B-2984-4260-B615-2ECDCD4ACB62}.Release|x64.Build.0 = Release|x64
		{0718A51B-2984-4260-B615-2ECDCD4ACB62}.Release|x86.ActiveCfg = Release|Win32
		{0718A51B-2984-4260-B615-2ECDCD4ACB62}.Release|x86.Build.0 = Release|Win32
		{72C15575-E522-476A-B942-8ADAC96CDE4B}.Debug|Any CPU.ActiveCfg = Debug|Any CPU
		{72C15575-E522-476A-B942-8ADAC96CDE4B}.Debug|Any CPU.Build.0 = Debug|Any CPU
		{72C15575-E522-476A-B942-8ADAC96CDE4B}.Debug|x64.ActiveCfg = Debug|Any CPU
		{72C15575-E522-476A-B942-8ADAC96CDE4B}.Debug|x64.Build.0 = Debug|Any CPU
		{72C15575-E522-476A-B942-8ADAC96CDE4B}.Debug|x86.ActiveCfg = Debug|Any CPU
		{72C15575-E522-476A-B942-8ADAC96CDE4B}.Debug|x86.Build.0 = Debug|Any CPU
		{72C15575-E522-476A-B942-8ADAC96CDE4B}.Release|Any CPU.ActiveCfg = Release|Any CPU
		{72C15575-E522-476A-B942-8ADAC96CDE4B}.Release|Any CPU.Build.0 = Release|Any CPU
		{72C15575-E522-476A-B942-8ADAC96CDE4B}.Release|x64.ActiveCfg = Release|Any CPU
		{72C15575-E522-476A-B942-8ADAC96CDE4B}.Release|x64.Build.0 = Release|Any CPU
		{72C15575-E522-476A-B942-8ADAC96CDE4B}.Release|x86.ActiveCfg = Release|Any CPU
		{72C15575-E522-476A-B942-8ADAC96CDE4B}.Release|x86.Build.0 = Release|Any CPU
		{80FC5F8A-FBD5-4D3A-9C62-E0542F0E163A}.Debug|Any CPU.ActiveCfg = Debug|Any CPU
		{80FC5F8A-FBD5-4D3A-9C62-E0542F0E163A}.Debug|x64.ActiveCfg = Debug|Any CPU
		{80FC5F8A-FBD5-4D3A-9C62-E0542F0E163A}.Debug|x86.ActiveCfg = Debug|Any CPU
		{80FC5F8A-FBD5-4D3A-9C62-E0542F0E163A}.Release|Any CPU.ActiveCfg = Release|Any CPU
		{80FC5F8A-FBD5-4D3A-9C62-E0542F0E163A}.Release|x64.ActiveCfg = Release|Any CPU
		{80FC5F8A-FBD5-4D3A-9C62-E0542F0E163A}.Release|x86.ActiveCfg = Release|Any CPU
		{9F941BE8-BF44-477E-895A-71A5DD5986A1}.Debug|Any CPU.ActiveCfg = Debug|Any CPU
		{9F941BE8-BF44-477E-895A-71A5DD5986A1}.Debug|Any CPU.Build.0 = Debug|Any CPU
		{9F941BE8-BF44-477E-895A-71A5DD5986A1}.Debug|x64.ActiveCfg = Debug|Any CPU
		{9F941BE8-BF44-477E-895A-71A5DD5986A1}.Debug|x64.Build.0 = Debug|Any CPU
		{9F941BE8-BF44-477E-895A-71A5DD5986A1}.Debug|x86.ActiveCfg = Debug|Any CPU
		{9F941BE8-BF44-477E-895A-71A5DD5986A1}.Debug|x86.Build.0 = Debug|Any CPU
		{9F941BE8-BF44-477E-895A-71A5DD5986A1}.Release|Any CPU.ActiveCfg = Release|Any CPU
		{9F941BE8-BF44-477E-895A-71A5DD5986A1}.Release|Any CPU.Build.0 = Release|Any CPU
		{9F941BE8-BF44-477E-895A-71A5DD5986A1}.Release|x64.ActiveCfg = Release|Any CPU
		{9F941BE8-BF44-477E-895A-71A5DD5986A1}.Release|x64.Build.0 = Release|Any CPU
		{9F941BE8-BF44-477E-895A-71A5DD5986A1}.Release|x86.ActiveCfg = Release|Any CPU
		{9F941BE8-BF44-477E-895A-71A5DD5986A1}.Release|x86.Build.0 = Release|Any CPU
	EndGlobalSection
	GlobalSection(SolutionProperties) = preSolution
		HideSolutionNode = FALSE
	EndGlobalSection
	GlobalSection(ExtensibilityGlobals) = postSolution
		SolutionGuid = {2AEFE48E-5E65-4893-B22B-96A68AED28AA}
	EndGlobalSection
EndGlobal
