<?xml version="1.0" encoding="utf-8"?>
<Project ToolsVersion="4.0" xmlns="http://schemas.microsoft.com/developer/msbuild/2003">
  <ItemGroup>
    <Filter Include="Source Files">
      <UniqueIdentifier>{4FC737F1-C7A5-4376-A066-2A32D752A2FF}</UniqueIdentifier>
      <Extensions>cpp;c;cc;cxx;c++;cppm;ixx;def;odl;idl;hpj;bat;asm;asmx</Extensions>
    </Filter>
    <Filter Include="Header Files">
      <UniqueIdentifier>{93995380-89BD-4b04-88EB-625FBE52EBFB}</UniqueIdentifier>
      <Extensions>h;hh;hpp;hxx;h++;hm;inl;inc;ipp;xsd</Extensions>
    </Filter>
    <Filter Include="Resource Files">
      <UniqueIdentifier>{67DA6AB6-F800-4c08-8B7A-83BB121AAD01}</UniqueIdentifier>
      <Extensions>rc;ico;cur;bmp;dlg;rc2;rct;bin;rgs;gif;jpg;jpeg;jpe;resx;tiff;tif;png;wav;mfcribbon-ms</Extensions>
    </Filter>
  </ItemGroup>
  <ItemGroup>
    <ClInclude Include="CEFramework.h">
      <Filter>Header Files</Filter>
    </ClInclude>
    <ClInclude Include="Game\CEConsole.h">
      <Filter>Header Files</Filter>
    </ClInclude>
    <ClInclude Include="Game\CEGame.h">
      <Filter>Header Files</Filter>
    </ClInclude>
    <ClInclude Include="Game\CEWindow.h">
      <Filter>Header Files</Filter>
    </ClInclude>
    <ClInclude Include="Game\CEScreen.h">
      <Filter>Header Files</Filter>
    </ClInclude>
    <ClInclude Include="Graphics\DirectX12\Libraries\d3dx12.h">
      <Filter>Header Files</Filter>
    </ClInclude>
    <ClInclude Include="CEHeaderLibs.h">
      <Filter>Header Files</Filter>
    </ClInclude>
    <ClInclude Include="Game\CEKeyCodes.h">
      <Filter>Header Files</Filter>
    </ClInclude>
    <ClInclude Include="Game\Libraries\signals.hpp">
      <Filter>Header Files</Filter>
    </ClInclude>
    <ClInclude Include="Game\Libraries\optional.hpp">
      <Filter>Header Files</Filter>
    </ClInclude>
    <ClInclude Include="Game\CETimer.h">
      <Filter>Header Files</Filter>
    </ClInclude>
    <ClInclude Include="Graphics\CEGraphicsManager.h">
      <Filter>Header Files</Filter>
    </ClInclude>
    <ClInclude Include="Graphics\DirectX12\CEDX12Manager.h">
      <Filter>Header Files</Filter>
    </ClInclude>
    <ClInclude Include="Graphics\Vulkan\CEVManager.h">
      <Filter>Header Files</Filter>
    </ClInclude>
    <ClInclude Include="Graphics\OpenGL\CEOGLManager.h">
      <Filter>Header Files</Filter>
    </ClInclude>
    <ClInclude Include="Tools\CEUtils.h">
      <Filter>Header Files</Filter>
    </ClInclude>
    <ClInclude Include="Graphics\DirectX12\CEDX12Playground.h">
      <Filter>Header Files</Filter>
    </ClInclude>
    <ClInclude Include="Graphics\Vulkan\CEVPlayground.h">
      <Filter>Header Files</Filter>
    </ClInclude>
    <ClInclude Include="Graphics\OpenGL\CEOGLPlayground.h">
      <Filter>Header Files</Filter>
    </ClInclude>
    <ClInclude Include="Graphics\CEPlayground.h">
      <Filter>Header Files</Filter>
    </ClInclude>
    <ClInclude Include="Graphics\DirectX12\Resources\CEUploadBuffer.h">
      <Filter>Header Files</Filter>
    </ClInclude>
    <ClInclude Include="Graphics\DirectX12\Resources\CETypes.h">
      <Filter>Header Files</Filter>
    </ClInclude>
    <ClInclude Include="Graphics\DirectX12\Resources\CEDefaultBuffer.h">
      <Filter>Header Files</Filter>
    </ClInclude>
    <ClInclude Include="Graphics\DirectX12\Resources\Shaders\VertexHeader.h">
      <Filter>Header Files</Filter>
    </ClInclude>
    <ClInclude Include="Graphics\DirectX12\Libraries\GeometryGenerator.h">
      <Filter>Header Files</Filter>
    </ClInclude>
    <ClInclude Include="Graphics\DirectX12\Resources\CEFrameResource.h">
      <Filter>Header Files</Filter>
    </ClInclude>
    <ClInclude Include="Graphics\DirectX12\Resources\CEWaves.h">
      <Filter>Header Files</Filter>
    </ClInclude>
    <ClInclude Include="Graphics\DirectX12\Libraries\DDSTextureLoader.h">
      <Filter>Header Files</Filter>
    </ClInclude>
    <ClInclude Include="Graphics\DirectX12\Resources\CEBlurFilter.h">
      <Filter>Header Files</Filter>
    </ClInclude>
    <ClInclude Include="Graphics\DirectX12\Resources\CESobelFilter.h">
      <Filter>Header Files</Filter>
    </ClInclude>
    <ClInclude Include="Graphics\DirectX12\Resources\CEGpuWaves.h">
      <Filter>Header Files</Filter>
    </ClInclude>
    <ClInclude Include="Graphics\DirectX12\Resources\CERenderTarget.h">
      <Filter>Header Files</Filter>
    </ClInclude>
    <ClInclude Include="Graphics\DirectX12\Resources\CECamera.h">
      <Filter>Header Files</Filter>
    </ClInclude>
    <ClInclude Include="Graphics\DirectX12\Resources\CECubeRenderTarget.h">
      <Filter>Header Files</Filter>
    </ClInclude>
  </ItemGroup>
  <ItemGroup>
    <ClCompile Include="CEFramework.cpp">
      <Filter>Source Files</Filter>
    </ClCompile>
    <ClCompile Include="Game\CEConsole.cpp">
      <Filter>Source Files</Filter>
    </ClCompile>
    <ClCompile Include="Game\CEGame.cpp">
      <Filter>Source Files</Filter>
    </ClCompile>
    <ClCompile Include="Game\CEWindow.cpp">
      <Filter>Source Files</Filter>
    </ClCompile>
    <ClCompile Include="Game\CETimer.cpp">
      <Filter>Source Files</Filter>
    </ClCompile>
    <ClCompile Include="Graphics\DirectX12\CEDX12Manager.cpp">
      <Filter>Source Files</Filter>
    </ClCompile>
    <ClCompile Include="Graphics\Vulkan\CEVManager.cpp">
      <Filter>Source Files</Filter>
    </ClCompile>
    <ClCompile Include="Graphics\OpenGL\CEOGLManager.cpp">
      <Filter>Source Files</Filter>
    </ClCompile>
    <ClCompile Include="Graphics\DirectX12\CEDX12Playground.cpp">
      <Filter>Source Files</Filter>
    </ClCompile>
    <ClCompile Include="Graphics\Vulkan\CEVPlayground.cpp">
      <Filter>Source Files</Filter>
    </ClCompile>
    <ClCompile Include="Graphics\OpenGL\CEOGLPlayground.cpp">
      <Filter>Source Files</Filter>
    </ClCompile>
    <ClCompile Include="Graphics\DirectX12\Resources\CEWaves.cpp">
      <Filter>Source Files</Filter>
    </ClCompile>
    <ClCompile Include="Graphics\DirectX12\Resources\CEFrameResource.cpp">
      <Filter>Source Files</Filter>
    </ClCompile>
    <ClCompile Include="Graphics\DirectX12\Libraries\GeometryGenerator.cpp">
      <Filter>Source Files</Filter>
    </ClCompile>
    <ClCompile Include="Graphics\DirectX12\Libraries\DDSTextureLoader.cpp">
      <Filter>Source Files</Filter>
    </ClCompile>
    <ClCompile Include="Graphics\DirectX12\Resources\CEBlurFilter.cpp">
      <Filter>Source Files</Filter>
    </ClCompile>
    <ClCompile Include="Graphics\DirectX12\Resources\CESobelFilter.cpp">
      <Filter>Source Files</Filter>
    </ClCompile>
    <ClCompile Include="Graphics\DirectX12\Resources\CEGpuWaves.cpp">
      <Filter>Source Files</Filter>
    </ClCompile>
    <ClCompile Include="Graphics\DirectX12\Resources\CERenderTarget.cpp">
      <Filter>Source Files</Filter>
    </ClCompile>
    <ClCompile Include="Graphics\DirectX12\Resources\CECamera.cpp">
      <Filter>Source Files</Filter>
    </ClCompile>
    <ClCompile Include="Graphics\DirectX12\Resources\CECubeRenderTarget.cpp">
      <Filter>Source Files</Filter>
    </ClCompile>
  </ItemGroup>
  <ItemGroup>
    <FxCompile Include="Graphics\DirectX12\Resources\Shaders\CEBoxVertexShader.hlsl" />
    <FxCompile Include="Graphics\DirectX12\Resources\Shaders\CEBoxPixelShader.hlsl" />
    <FxCompile Include="Graphics\DirectX12\Resources\Shaders\CEBasicPixelShader.hlsl" />
    <FxCompile Include="Graphics\DirectX12\Resources\Shaders\CEBasicVertexShader.hlsl" />
    <FxCompile Include="Graphics\DirectX12\Resources\Shaders\CELitVertexShader.hlsl" />
    <FxCompile Include="Graphics\DirectX12\Resources\Shaders\CELitPixelShader.hlsl" />
    <FxCompile Include="Graphics\DirectX12\Resources\Shaders\LightUtil.hlsl" />
    <FxCompile Include="Graphics\DirectX12\Resources\Shaders\CELitTexVertexShader.hlsl" />
    <FxCompile Include="Graphics\DirectX12\Resources\Shaders\CELitTexPixelShader.hlsl" />
    <FxCompile Include="Graphics\DirectX12\Resources\Shaders\CELitTexWavesPixelShader.hlsl" />
    <FxCompile Include="Graphics\DirectX12\Resources\Shaders\CELitTexWavesVertexShader.hlsl" />
    <FxCompile Include="Graphics\DirectX12\Resources\Shaders\CEFogVertexShader.hlsl" />
    <FxCompile Include="Graphics\DirectX12\Resources\Shaders\CEFogPixelShader.hlsl" />
    <FxCompile Include="Graphics\DirectX12\Resources\Shaders\CEStencilVertexShader.hlsl" />
    <FxCompile Include="Graphics\DirectX12\Resources\Shaders\CEStencilPixelShader.hlsl" />
    <FxCompile Include="Graphics\DirectX12\Resources\Shaders\CESpritesGeometryShader.hlsl" />
    <FxCompile Include="Graphics\DirectX12\Resources\Shaders\CESpritesPixelShader.hlsl" />
    <FxCompile Include="Graphics\DirectX12\Resources\Shaders\CESpritesVertexShader.hlsl" />
    <FxCompile Include="Graphics\DirectX12\Resources\Shaders\CEBlurComputeShader.hlsl" />
    <FxCompile Include="Graphics\DirectX12\Resources\Shaders\CEWavesSimulationComputeShader.hlsl" />
    <FxCompile Include="Graphics\DirectX12\Resources\Shaders\CESobelFogVertexShader.hlsl" />
    <FxCompile Include="Graphics\DirectX12\Resources\Shaders\CESobelFogPixelShader.hlsl" />
    <FxCompile Include="Graphics\DirectX12\Resources\Shaders\CESobelComputeShader.hlsl" />
    <FxCompile Include="Graphics\DirectX12\Resources\Shaders\CECompositeVertexShader.hlsl" />
    <FxCompile Include="Graphics\DirectX12\Resources\Shaders\CECompositePixelShader.hlsl" />
    <FxCompile Include="Graphics\DirectX12\Resources\Shaders\CETessellationVertexShader.hlsl" />
    <FxCompile Include="Graphics\DirectX12\Resources\Shaders\CETessellationPixelShader.hlsl" />
    <FxCompile Include="Graphics\DirectX12\Resources\Shaders\CETessellationHullShader.hlsl" />
    <FxCompile Include="Graphics\DirectX12\Resources\Shaders\CETessellationDomainShader.hlsl" />
    <FxCompile Include="Graphics\DirectX12\Resources\Shaders\CEIndexingVertexShader.hlsl" />
    <FxCompile Include="Graphics\DirectX12\Resources\Shaders\CEIndexingPixelShader.hlsl" />
    <FxCompile Include="Graphics\DirectX12\Resources\Shaders\CEInstancingVertexShader.hlsl" />
    <FxCompile Include="Graphics\DirectX12\Resources\Shaders\CEInstancingPixelShader.hlsl" />
    <FxCompile Include="Graphics\DirectX12\Resources\Shaders\CEPickingVertexShader.hlsl" />
    <FxCompile Include="Graphics\DirectX12\Resources\Shaders\CEBasePixelShader.hlsl" />
    <FxCompile Include="Graphics\DirectX12\Resources\Shaders\CEBaseVertexShader.hlsl" />
    <FxCompile Include="Graphics\DirectX12\Resources\Shaders\CECubeMapVertexShader.hlsl" />
    <FxCompile Include="Graphics\DirectX12\Resources\Shaders\CECubeMapPixelShader.hlsl" />
  </ItemGroup>
  <ItemGroup>
    <None Include="Graphics\DirectX12\Resources\Shaders\CETypes.hlsl" />
  </ItemGroup>
</Project>