<?xml version="1.0" encoding="utf-8"?>
<Project ToolsVersion="4.0" xmlns="http://schemas.microsoft.com/developer/msbuild/2003">
  <ItemGroup>
    <Filter Include="Source Files">
      <UniqueIdentifier>{4FC737F1-C7A5-4376-A066-2A32D752A2FF}</UniqueIdentifier>
      <Extensions>cpp;c;cc;cxx;c++;cppm;ixx;def;odl;idl;hpj;bat;asm;asmx</Extensions>
    </Filter>
    <Filter Include="Header Files">
      <UniqueIdentifier>{93995380-89BD-4b04-88EB-625FBE52EBFB}</UniqueIdentifier>
      <Extensions>h;hh;hpp;hxx;h++;hm;inl;inc;ipp;xsd</Extensions>
    </Filter>
    <Filter Include="Resource Files">
      <UniqueIdentifier>{67DA6AB6-F800-4c08-8B7A-83BB121AAD01}</UniqueIdentifier>
      <Extensions>rc;ico;cur;bmp;dlg;rc2;rct;bin;rgs;gif;jpg;jpeg;jpe;resx;tiff;tif;png;wav;mfcribbon-ms</Extensions>
    </Filter>
  </ItemGroup>
  <ItemGroup>
    <ClInclude Include="CEFramework.h">
      <Filter>Header Files</Filter>
    </ClInclude>
    <ClInclude Include="Game\CEConsole.h">
      <Filter>Header Files</Filter>
    </ClInclude>
    <ClInclude Include="Game\CEGame.h">
      <Filter>Header Files</Filter>
    </ClInclude>
    <ClInclude Include="Game\CEWindow.h">
      <Filter>Header Files</Filter>
    </ClInclude>
    <ClInclude Include="Game\CEScreen.h">
      <Filter>Header Files</Filter>
    </ClInclude>
    <ClInclude Include="Graphics\DirectX12\Libraries\d3dx12.h">
      <Filter>Header Files</Filter>
    </ClInclude>
    <ClInclude Include="CEHeaderLibs.h">
      <Filter>Header Files</Filter>
    </ClInclude>
    <ClInclude Include="Game\CEKeyCodes.h">
      <Filter>Header Files</Filter>
    </ClInclude>
    <ClInclude Include="Game\Libraries\signals.hpp">
      <Filter>Header Files</Filter>
    </ClInclude>
    <ClInclude Include="Game\Libraries\optional.hpp">
      <Filter>Header Files</Filter>
    </ClInclude>
    <ClInclude Include="Game\CETimer.h">
      <Filter>Header Files</Filter>
    </ClInclude>
    <ClInclude Include="Graphics\CEGraphicsManager.h">
      <Filter>Header Files</Filter>
    </ClInclude>
    <ClInclude Include="Graphics\DirectX12\CEDX12Manager.h">
      <Filter>Header Files</Filter>
    </ClInclude>
    <ClInclude Include="Graphics\Vulkan\CEVManager.h">
      <Filter>Header Files</Filter>
    </ClInclude>
    <ClInclude Include="Graphics\OpenGL\CEOGLManager.h">
      <Filter>Header Files</Filter>
    </ClInclude>
    <ClInclude Include="Tools\CEUtils.h">
      <Filter>Header Files</Filter>
    </ClInclude>
    <ClInclude Include="Graphics\DirectX12\CEDX12Playground.h">
      <Filter>Header Files</Filter>
    </ClInclude>
    <ClInclude Include="Graphics\Vulkan\CEVPlayground.h">
      <Filter>Header Files</Filter>
    </ClInclude>
    <ClInclude Include="Graphics\OpenGL\CEOGLPlayground.h">
      <Filter>Header Files</Filter>
    </ClInclude>
    <ClInclude Include="Graphics\CEPlayground.h">
      <Filter>Header Files</Filter>
    </ClInclude>
    <ClInclude Include="Graphics\DirectX12\Resources\CEUploadBuffer.h">
      <Filter>Header Files</Filter>
    </ClInclude>
    <ClInclude Include="Graphics\DirectX12\Resources\CETypes.h">
      <Filter>Header Files</Filter>
    </ClInclude>
    <ClInclude Include="Graphics\DirectX12\Resources\CEDefaultBuffer.h">
      <Filter>Header Files</Filter>
    </ClInclude>
    <ClInclude Include="Graphics\DirectX12\Resources\Shaders\VertexHeader.h">
      <Filter>Header Files</Filter>
    </ClInclude>
    <ClInclude Include="Graphics\DirectX12\Libraries\GeometryGenerator.h">
      <Filter>Header Files</Filter>
    </ClInclude>
    <ClInclude Include="Graphics\DirectX12\Resources\CEFrameResource.h">
      <Filter>Header Files</Filter>
    </ClInclude>
    <ClInclude Include="Graphics\DirectX12\Resources\CEWaves.h">
      <Filter>Header Files</Filter>
    </ClInclude>
    <ClInclude Include="Graphics\DirectX12\Libraries\DDSTextureLoader.h">
      <Filter>Header Files</Filter>
    </ClInclude>
    <ClInclude Include="Graphics\DirectX12\Resources\CEBlurFilter.h">
      <Filter>Header Files</Filter>
    </ClInclude>
    <ClInclude Include="Graphics\DirectX12\Resources\CESobelFilter.h">
      <Filter>Header Files</Filter>
    </ClInclude>
    <ClInclude Include="Graphics\DirectX12\Resources\CEGpuWaves.h">
      <Filter>Header Files</Filter>
    </ClInclude>
    <ClInclude Include="Graphics\DirectX12\Resources\CERenderTarget.h">
      <Filter>Header Files</Filter>
    </ClInclude>
    <ClInclude Include="Graphics\DirectX12\Resources\CECamera.h">
      <Filter>Header Files</Filter>
    </ClInclude>
    <ClInclude Include="Graphics\DirectX12\Resources\CECubeRenderTarget.h">
      <Filter>Header Files</Filter>
    </ClInclude>
    <ClInclude Include="Graphics\DirectX12\Resources\CEShadowMap.h">
      <Filter>Header Files</Filter>
    </ClInclude>
    <ClInclude Include="Graphics\DirectX12\Resources\CECubeMapFace.h">
      <Filter>Header Files</Filter>
    </ClInclude>
    <ClInclude Include="Graphics\DirectX12\Resources\CESSAO.h">
      <Filter>Header Files</Filter>
    </ClInclude>
    <ClInclude Include="Graphics\DirectX12\Resources\CEModel.h">
      <Filter>Header Files</Filter>
    </ClInclude>
    <ClInclude Include="Graphics\DirectX12\Resources\ModelsInstances\CESkinnedModel.h">
      <Filter>Header Files</Filter>
    </ClInclude>
    <ClInclude Include="Graphics\DirectX12\Resources\CEModelLoader.h">
      <Filter>Header Files</Filter>
    </ClInclude>
    <ClInclude Include="Physics\PhysX\CEPhysX.h">
      <Filter>Header Files</Filter>
    </ClInclude>
    <ClInclude Include="Physics\CEPhysics.h">
      <Filter>Header Files</Filter>
    </ClInclude>
    <ClInclude Include="Graphics\DirectX12\Modules\Common\Camera\CEDXCamera.h">
      <Filter>Header Files</Filter>
    </ClInclude>
    <ClInclude Include="Graphics\DirectX12\Modules\Common\CEDXFrameResource.h">
      <Filter>Header Files</Filter>
    </ClInclude>
    <ClInclude Include="Graphics\DirectX12\Modules\Common\CEDXLog.h">
      <Filter>Header Files</Filter>
    </ClInclude>
    <ClInclude Include="Graphics\DirectX12\Modules\Common\CEDXGeomentryGenerator.h">
      <Filter>Header Files</Filter>
    </ClInclude>
    <ClInclude Include="Graphics\DirectX12\Modules\Common\Camera\CEDXEditorCamera.h">
      <Filter>Header Files</Filter>
    </ClInclude>
    <ClInclude Include="Graphics\DirectX12\Modules\Common\Camera\CEDXFppCamera.h">
      <Filter>Header Files</Filter>
    </ClInclude>
    <ClInclude Include="Graphics\DirectX12\Modules\Common\Camera\CEDXTppCamera.h">
      <Filter>Header Files</Filter>
    </ClInclude>
    <ClInclude Include="Graphics\DirectX12\Modules\Common\Camera\CEDXPerspectiveCamera.h">
      <Filter>Header Files</Filter>
    </ClInclude>
    <ClInclude Include="Elements\Common\Camera\CEMainCamera.h">
      <Filter>Header Files</Filter>
    </ClInclude>
    <ClInclude Include="Elements\Common\Camera\CEEditorCamera.h">
      <Filter>Header Files</Filter>
    </ClInclude>
    <ClInclude Include="Elements\Common\Camera\CEFppCamera.h">
      <Filter>Header Files</Filter>
    </ClInclude>
    <ClInclude Include="Elements\Common\Camera\CETppCamera.h">
      <Filter>Header Files</Filter>
    </ClInclude>
    <ClInclude Include="Elements\Common\Camera\CEPerspectiveCamera.h">
      <Filter>Header Files</Filter>
    </ClInclude>
    <ClInclude Include="Elements\Common\CEGeometryGenerator.h">
      <Filter>Header Files</Filter>
    </ClInclude>
    <ClInclude Include="Elements\Common\CEMainFrameResource.h">
      <Filter>Header Files</Filter>
    </ClInclude>
    <ClInclude Include="Elements\Common\CELog.h">
      <Filter>Header Files</Filter>
    </ClInclude>
    <ClInclude Include="Elements\Common\CEGameTimer.h">
      <Filter>Header Files</Filter>
    </ClInclude>
    <ClInclude Include="Elements\Common\Algorithm\CEMath.h">
      <Filter>Header Files</Filter>
    </ClInclude>
    <ClInclude Include="Elements\Common\Tools\CEString.h">
      <Filter>Header Files</Filter>
    </ClInclude>
    <ClInclude Include="Elements\Common\Exceptions\CEException.h">
      <Filter>Header Files</Filter>
    </ClInclude>
    <ClInclude Include="Graphics\DirectX12\Modules\Common\CEDXUploadBuffer.h">
      <Filter>Header Files</Filter>
    </ClInclude>
    <ClInclude Include="Graphics\DirectX12\Modules\Common\CEDXUtils.h">
      <Filter>Header Files</Filter>
    </ClInclude>
    <ClInclude Include="Graphics\DirectX12\Modules\Common\CEDXTextureLoader.h">
      <Filter>Header Files</Filter>
    </ClInclude>
    <ClInclude Include="Graphics\DirectX12\Modules\Common\CEDXTypes.h">
      <Filter>Header Files</Filter>
    </ClInclude>
    <ClInclude Include="Graphics\DirectX12\Modules\Components\Camera\CEDXCameraComponent.h">
      <Filter>Header Files</Filter>
    </ClInclude>
    <ClInclude Include="Graphics\DirectX12\Modules\Components\Camera\CEDXEditorCameraComponent.h">
      <Filter>Header Files</Filter>
    </ClInclude>
    <ClInclude Include="Graphics\DirectX12\Modules\Components\Camera\CEDXFppCameraComponent.h">
      <Filter>Header Files</Filter>
    </ClInclude>
    <ClInclude Include="Graphics\DirectX12\Modules\Components\Camera\CEDXTppCameraComponent.h">
      <Filter>Header Files</Filter>
    </ClInclude>
    <ClInclude Include="Graphics\DirectX12\Modules\Components\Camera\CEDXPerspectiveCameraComponent.h">
      <Filter>Header Files</Filter>
    </ClInclude>
    <ClInclude Include="Graphics\DirectX12\Modules\Components\Physics\CERigidDynamicComponent.h">
      <Filter>Header Files</Filter>
    </ClInclude>
    <ClInclude Include="Graphics\DirectX12\Modules\Components\Physics\CERigidStaticComponent.h">
      <Filter>Header Files</Filter>
    </ClInclude>
    <ClInclude Include="Graphics\DirectX12\Modules\Components\Objects\CECharacterControllerComponent.h">
      <Filter>Header Files</Filter>
    </ClInclude>
    <ClInclude Include="Graphics\DirectX12\Modules\Components\Objects\CEMeshRenderComponent.h">
      <Filter>Header Files</Filter>
    </ClInclude>
    <ClInclude Include="Graphics\DirectX12\Modules\Filters\CEDXBlurFilter.h">
      <Filter>Header Files</Filter>
    </ClInclude>
    <ClInclude Include="Graphics\DirectX12\Modules\Filters\CEDXInverseFilter.h">
      <Filter>Header Files</Filter>
    </ClInclude>
    <ClInclude Include="Graphics\DirectX12\Modules\Filters\CEDXMultiplyFilter.h">
      <Filter>Header Files</Filter>
    </ClInclude>
    <ClInclude Include="Graphics\DirectX12\Modules\Filters\CEDXSobelFilter.h">
      <Filter>Header Files</Filter>
    </ClInclude>
    <ClInclude Include="Graphics\DirectX12\Modules\Objects\CEDXGameObject.h">
      <Filter>Header Files</Filter>
    </ClInclude>
    <ClInclude Include="Graphics\DirectX12\Modules\Objects\Instances\CEDXCharacter.h">
      <Filter>Header Files</Filter>
    </ClInclude>
    <ClInclude Include="Graphics\DirectX12\Modules\Objects\Instances\CEDXCube.h">
      <Filter>Header Files</Filter>
    </ClInclude>
    <ClInclude Include="Graphics\DirectX12\Modules\Objects\Instances\CEDXFloor.h">
      <Filter>Header Files</Filter>
    </ClInclude>
    <ClInclude Include="Graphics\DirectX12\Modules\Objects\Instances\CEDXPlayer.h">
      <Filter>Header Files</Filter>
    </ClInclude>
    <ClInclude Include="Graphics\DirectX12\Modules\Objects\Instances\CEDXSkull.h">
      <Filter>Header Files</Filter>
    </ClInclude>
    <ClInclude Include="Graphics\DirectX12\Modules\Objects\Instances\CEDXSphere.h">
      <Filter>Header Files</Filter>
    </ClInclude>
    <ClInclude Include="Graphics\DirectX12\Modules\Objects\Instances\CEDXGrid.h">
      <Filter>Header Files</Filter>
    </ClInclude>
    <ClInclude Include="Graphics\DirectX12\Modules\Objects\Instances\CEDXGlobe.h">
      <Filter>Header Files</Filter>
    </ClInclude>
    <ClInclude Include="Graphics\DirectX12\Modules\Objects\Instances\CEDXCustomObject.h">
      <Filter>Header Files</Filter>
    </ClInclude>
    <ClInclude Include="Graphics\DirectX12\Modules\Objects\Instances\CEDXFragment.h">
      <Filter>Header Files</Filter>
    </ClInclude>
    <ClInclude Include="Graphics\DirectX12\Modules\Objects\Instances\CEDXFilterRender.h">
      <Filter>Header Files</Filter>
    </ClInclude>
    <ClInclude Include="Graphics\DirectX12\Modules\Objects\Instances\CEDXCylinder.h">
      <Filter>Header Files</Filter>
    </ClInclude>
    <ClInclude Include="Graphics\DirectX12\Modules\Objects\Instances\CEDXLogic.h">
      <Filter>Header Files</Filter>
    </ClInclude>
    <ClInclude Include="Graphics\DirectX12\Modules\Objects\Instances\CEDXInflection.h">
      <Filter>Header Files</Filter>
    </ClInclude>
    <ClInclude Include="Graphics\DirectX12\Modules\Objects\Instances\CEDXObserver.h">
      <Filter>Header Files</Filter>
    </ClInclude>
    <ClInclude Include="Graphics\DirectX12\Modules\Objects\Instances\CEDXSegment.h">
      <Filter>Header Files</Filter>
    </ClInclude>
    <ClInclude Include="Graphics\DirectX12\Modules\Objects\Instances\CEDXSky.h">
      <Filter>Header Files</Filter>
    </ClInclude>
    <ClInclude Include="Graphics\DirectX12\Modules\Objects\Instances\Lights\CEDXLight.h">
      <Filter>Header Files</Filter>
    </ClInclude>
    <ClInclude Include="Graphics\DirectX12\Modules\Managers\CEDXObjectManager.h">
      <Filter>Header Files</Filter>
    </ClInclude>
    <ClInclude Include="Graphics\DirectX12\Modules\Managers\CEDXInputManager.h">
      <Filter>Header Files</Filter>
    </ClInclude>
    <ClInclude Include="Graphics\DirectX12\Modules\Managers\CEDXMaterialManager.h">
      <Filter>Header Files</Filter>
    </ClInclude>
    <ClInclude Include="Graphics\DirectX12\Modules\Managers\CEDXMeshManager.h">
      <Filter>Header Files</Filter>
    </ClInclude>
    <ClInclude Include="Graphics\DirectX12\Modules\Managers\CEDXMeshRenderInstanceManager.h">
      <Filter>Header Files</Filter>
    </ClInclude>
    <ClInclude Include="Graphics\DirectX12\Modules\Managers\CEDXPlaygroundManager.h">
      <Filter>Header Files</Filter>
    </ClInclude>
    <ClInclude Include="Graphics\DirectX12\Modules\Managers\CEDXTextureManager.h">
      <Filter>Header Files</Filter>
    </ClInclude>
    <ClInclude Include="Graphics\DirectX12\Modules\Objects\Elements\CEDXMaterial.h">
      <Filter>Header Files</Filter>
    </ClInclude>
    <ClInclude Include="Graphics\DirectX12\Modules\Objects\Elements\CEDXScene.h">
      <Filter>Header Files</Filter>
    </ClInclude>
    <ClInclude Include="Graphics\DirectX12\Modules\Renders\CEDXCubeMap.h">
      <Filter>Header Files</Filter>
    </ClInclude>
    <ClInclude Include="Graphics\DirectX12\Modules\Renders\CEDXDepthBlend.h">
      <Filter>Header Files</Filter>
    </ClInclude>
    <ClInclude Include="Graphics\DirectX12\Modules\Renders\CEDXDepthStencil.h">
      <Filter>Header Files</Filter>
    </ClInclude>
    <ClInclude Include="Graphics\DirectX12\Modules\Renders\CEDXShadowMap.h">
      <Filter>Header Files</Filter>
    </ClInclude>
    <ClInclude Include="Graphics\DirectX12\Modules\Renders\CEDXRenderer.h">
      <Filter>Header Files</Filter>
    </ClInclude>
    <ClInclude Include="Graphics\DirectX12\Modules\Renders\CEDXRenderTarget.h">
      <Filter>Header Files</Filter>
    </ClInclude>
    <ClInclude Include="Graphics\DirectX12\Modules\Renders\CEDXWireframe.h">
      <Filter>Header Files</Filter>
    </ClInclude>
    <ClInclude Include="Graphics\DirectX12\Modules\Renders\CEDXShadowResource.h">
      <Filter>Header Files</Filter>
    </ClInclude>
    <ClInclude Include="Graphics\DirectX12\Modules\Renders\CEDXSsao.h">
      <Filter>Header Files</Filter>
    </ClInclude>
    <ClInclude Include="Graphics\DirectX12\Modules\Filters\CEDXDenoiser.h">
      <Filter>Header Files</Filter>
    </ClInclude>
    <ClInclude Include="Graphics\DirectX12\Modules\Objects\Elements\CEDXVideoTexture.h">
      <Filter>Header Files</Filter>
    </ClInclude>
    <ClInclude Include="Graphics\DirectX12\Modules\Renders\CEDXRayTracing.h">
      <Filter>Header Files</Filter>
    </ClInclude>
    <ClInclude Include="Graphics\DirectX12\Modules\Objects\Instances\Lights\CEDXSpotLight.h">
      <Filter>Header Files</Filter>
    </ClInclude>
    <ClInclude Include="Graphics\DirectX12\Modules\Objects\Instances\Lights\CEDXPointLight.h">
      <Filter>Header Files</Filter>
    </ClInclude>
    <ClInclude Include="Graphics\DirectX12\Modules\Objects\Instances\Lights\CEDXDirectionalLight.h">
      <Filter>Header Files</Filter>
    </ClInclude>
    <ClInclude Include="Graphics\DirectX12\Modules\Objects\Instances\Lights\CEDXSunLight.h">
      <Filter>Header Files</Filter>
    </ClInclude>
    <ClInclude Include="Graphics\DirectX12\Modules\Objects\Elements\CEDXTexture.h">
      <Filter>Header Files</Filter>
    </ClInclude>
  </ItemGroup>
  <ItemGroup>
    <ClCompile Include="CEFramework.cpp">
      <Filter>Source Files</Filter>
    </ClCompile>
    <ClCompile Include="Game\CEConsole.cpp">
      <Filter>Source Files</Filter>
    </ClCompile>
    <ClCompile Include="Game\CEGame.cpp">
      <Filter>Source Files</Filter>
    </ClCompile>
    <ClCompile Include="Game\CEWindow.cpp">
      <Filter>Source Files</Filter>
    </ClCompile>
    <ClCompile Include="Game\CETimer.cpp">
      <Filter>Source Files</Filter>
    </ClCompile>
    <ClCompile Include="Graphics\DirectX12\CEDX12Manager.cpp">
      <Filter>Source Files</Filter>
    </ClCompile>
    <ClCompile Include="Graphics\Vulkan\CEVManager.cpp">
      <Filter>Source Files</Filter>
    </ClCompile>
    <ClCompile Include="Graphics\OpenGL\CEOGLManager.cpp">
      <Filter>Source Files</Filter>
    </ClCompile>
    <ClCompile Include="Graphics\DirectX12\CEDX12Playground.cpp">
      <Filter>Source Files</Filter>
    </ClCompile>
    <ClCompile Include="Graphics\Vulkan\CEVPlayground.cpp">
      <Filter>Source Files</Filter>
    </ClCompile>
    <ClCompile Include="Graphics\OpenGL\CEOGLPlayground.cpp">
      <Filter>Source Files</Filter>
    </ClCompile>
    <ClCompile Include="Graphics\DirectX12\Resources\CEWaves.cpp">
      <Filter>Source Files</Filter>
    </ClCompile>
    <ClCompile Include="Graphics\DirectX12\Resources\CEFrameResource.cpp">
      <Filter>Source Files</Filter>
    </ClCompile>
    <ClCompile Include="Graphics\DirectX12\Libraries\GeometryGenerator.cpp">
      <Filter>Source Files</Filter>
    </ClCompile>
    <ClCompile Include="Graphics\DirectX12\Libraries\DDSTextureLoader.cpp">
      <Filter>Source Files</Filter>
    </ClCompile>
    <ClCompile Include="Graphics\DirectX12\Resources\CEBlurFilter.cpp">
      <Filter>Source Files</Filter>
    </ClCompile>
    <ClCompile Include="Graphics\DirectX12\Resources\CESobelFilter.cpp">
      <Filter>Source Files</Filter>
    </ClCompile>
    <ClCompile Include="Graphics\DirectX12\Resources\CEGpuWaves.cpp">
      <Filter>Source Files</Filter>
    </ClCompile>
    <ClCompile Include="Graphics\DirectX12\Resources\CERenderTarget.cpp">
      <Filter>Source Files</Filter>
    </ClCompile>
    <ClCompile Include="Graphics\DirectX12\Resources\CECamera.cpp">
      <Filter>Source Files</Filter>
    </ClCompile>
    <ClCompile Include="Graphics\DirectX12\Resources\CECubeRenderTarget.cpp">
      <Filter>Source Files</Filter>
    </ClCompile>
    <ClCompile Include="Graphics\DirectX12\Resources\CEShadowMap.cpp">
      <Filter>Source Files</Filter>
    </ClCompile>
    <ClCompile Include="Graphics\DirectX12\Resources\CESSAO.cpp">
      <Filter>Source Files</Filter>
    </ClCompile>
    <ClCompile Include="Graphics\DirectX12\Resources\ModelsInstances\CESkinnedModel.cpp">
      <Filter>Source Files</Filter>
    </ClCompile>
    <ClCompile Include="Graphics\DirectX12\Resources\CEModel.cpp">
      <Filter>Source Files</Filter>
    </ClCompile>
    <ClCompile Include="Graphics\DirectX12\Resources\CEModelLoader.cpp">
      <Filter>Source Files</Filter>
    </ClCompile>
    <ClCompile Include="Physics\PhysX\CEPhysX.cpp">
      <Filter>Source Files</Filter>
    </ClCompile>
    <ClCompile Include="Graphics\DirectX12\Modules\Common\Camera\CEDXCamera.cpp">
      <Filter>Source Files</Filter>
    </ClCompile>
    <ClCompile Include="Graphics\DirectX12\Modules\Common\CEDXFrameResource.cpp">
      <Filter>Source Files</Filter>
    </ClCompile>
    <ClCompile Include="Graphics\DirectX12\Modules\Common\CEDXLog.cpp">
      <Filter>Source Files</Filter>
    </ClCompile>
    <ClCompile Include="Graphics\DirectX12\Modules\Common\CEDXGeometryGenerator.cpp">
      <Filter>Source Files</Filter>
    </ClCompile>
    <ClCompile Include="Graphics\DirectX12\Modules\Common\Camera\CEDXEditorCamera.cpp">
      <Filter>Source Files</Filter>
    </ClCompile>
    <ClCompile Include="Graphics\DirectX12\Modules\Common\Camera\CEDXFppCamera.cpp">
      <Filter>Source Files</Filter>
    </ClCompile>
    <ClCompile Include="Graphics\DirectX12\Modules\Common\Camera\CEDXTppCamera.cpp">
      <Filter>Source Files</Filter>
    </ClCompile>
    <ClCompile Include="Graphics\DirectX12\Modules\Common\Camera\CEDXPerspectiveCamera.cpp">
      <Filter>Source Files</Filter>
    </ClCompile>
    <ClCompile Include="Elements\Common\Camera\CEMainCamera.cpp">
      <Filter>Source Files</Filter>
    </ClCompile>
    <ClCompile Include="Elements\Common\Camera\CEEditorCamera.cpp">
      <Filter>Source Files</Filter>
    </ClCompile>
    <ClCompile Include="Elements\Common\Camera\CEFppCamera.cpp">
      <Filter>Source Files</Filter>
    </ClCompile>
    <ClCompile Include="Elements\Common\Camera\CETppCamera.cpp">
      <Filter>Source Files</Filter>
    </ClCompile>
    <ClCompile Include="Elements\Common\Camera\CEPerspectiveCamera.cpp">
      <Filter>Source Files</Filter>
    </ClCompile>
    <ClCompile Include="Elements\Common\CEGeometryGenerator.cpp">
      <Filter>Source Files</Filter>
    </ClCompile>
    <ClCompile Include="Elements\Common\CEMainFrameResource.cpp">
      <Filter>Source Files</Filter>
    </ClCompile>
    <ClCompile Include="Elements\Common\CELog.cpp">
      <Filter>Source Files</Filter>
    </ClCompile>
    <ClCompile Include="Elements\Common\CEGameTimer.cpp">
      <Filter>Source Files</Filter>
    </ClCompile>
    <ClCompile Include="Elements\Common\Algorithm\CEMath.cpp">
      <Filter>Source Files</Filter>
    </ClCompile>
    <ClCompile Include="Elements\Common\Tools\CEString.cpp">
      <Filter>Source Files</Filter>
    </ClCompile>
    <ClCompile Include="Elements\Common\Exceptions\CEException.cpp">
      <Filter>Source Files</Filter>
    </ClCompile>
    <ClCompile Include="Graphics\DirectX12\Modules\Common\CEDXUtils.cpp">
      <Filter>Source Files</Filter>
    </ClCompile>
    <ClCompile Include="Graphics\DirectX12\Modules\Common\CEDXTextureLoader.cpp">
      <Filter>Source Files</Filter>
    </ClCompile>
    <ClCompile Include="Graphics\DirectX12\Modules\Components\Camera\CEDXCameraComponent.cpp">
      <Filter>Source Files</Filter>
    </ClCompile>
    <ClCompile Include="Graphics\DirectX12\Modules\Components\Camera\CEDXEditorCameraComponent.cpp">
      <Filter>Source Files</Filter>
    </ClCompile>
    <ClCompile Include="Graphics\DirectX12\Modules\Components\Camera\CEDXFppCameraComponent.cpp">
      <Filter>Source Files</Filter>
    </ClCompile>
    <ClCompile Include="Graphics\DirectX12\Modules\Components\Camera\CEDXTppCameraComponent.cpp">
      <Filter>Source Files</Filter>
    </ClCompile>
    <ClCompile Include="Graphics\DirectX12\Modules\Components\Camera\CEDXPerspectiveCameraComponent.cpp">
      <Filter>Source Files</Filter>
    </ClCompile>
    <ClCompile Include="Graphics\DirectX12\Modules\Components\Physics\CERigidDynamicComponent.cpp">
      <Filter>Source Files</Filter>
    </ClCompile>
    <ClCompile Include="Graphics\DirectX12\Modules\Components\Physics\CERigidStaticComponent.cpp">
      <Filter>Source Files</Filter>
    </ClCompile>
    <ClCompile Include="Graphics\DirectX12\Modules\Components\Objects\CECharacterControllerComponent.cpp">
      <Filter>Source Files</Filter>
    </ClCompile>
    <ClCompile Include="Graphics\DirectX12\Modules\Components\Objects\CEMeshRenderComponent.cpp">
      <Filter>Source Files</Filter>
    </ClCompile>
    <ClCompile Include="Graphics\DirectX12\Modules\Filters\CEDXBlurFilter.cpp">
      <Filter>Source Files</Filter>
    </ClCompile>
    <ClCompile Include="Graphics\DirectX12\Modules\Filters\CEDXInverseFilter.cpp">
      <Filter>Source Files</Filter>
    </ClCompile>
    <ClCompile Include="Graphics\DirectX12\Modules\Filters\CEDXMultiplyFilter.cpp">
      <Filter>Source Files</Filter>
    </ClCompile>
    <ClCompile Include="Graphics\DirectX12\Modules\Filters\CEDXSobelFilter.cpp">
      <Filter>Source Files</Filter>
    </ClCompile>
    <ClCompile Include="Graphics\DirectX12\Modules\Objects\CEDXGameObject.cpp">
      <Filter>Source Files</Filter>
    </ClCompile>
    <ClCompile Include="Graphics\DirectX12\Modules\Objects\Instances\CEDXCharacter.cpp">
      <Filter>Source Files</Filter>
    </ClCompile>
    <ClCompile Include="Graphics\DirectX12\Modules\Objects\Instances\CEDXCube.cpp">
      <Filter>Source Files</Filter>
    </ClCompile>
    <ClCompile Include="Graphics\DirectX12\Modules\Objects\Instances\CEDXFloor.cpp">
      <Filter>Source Files</Filter>
    </ClCompile>
    <ClCompile Include="Graphics\DirectX12\Modules\Objects\Instances\CEDXPlayer.cpp">
      <Filter>Source Files</Filter>
    </ClCompile>
    <ClCompile Include="Graphics\DirectX12\Modules\Objects\Instances\CEDXSkull.cpp">
      <Filter>Source Files</Filter>
    </ClCompile>
    <ClCompile Include="Graphics\DirectX12\Modules\Objects\Instances\CEDXSphere.cpp">
      <Filter>Source Files</Filter>
    </ClCompile>
    <ClCompile Include="Graphics\DirectX12\Modules\Objects\Instances\CEDXGrid.cpp">
      <Filter>Source Files</Filter>
    </ClCompile>
    <ClCompile Include="Graphics\DirectX12\Modules\Objects\Instances\CEDXGlobe.cpp">
      <Filter>Source Files</Filter>
    </ClCompile>
    <ClCompile Include="Graphics\DirectX12\Modules\Objects\Instances\CEDXCustomObject.cpp">
      <Filter>Source Files</Filter>
    </ClCompile>
    <ClCompile Include="Graphics\DirectX12\Modules\Objects\Instances\CEDXFragment.cpp">
      <Filter>Source Files</Filter>
    </ClCompile>
    <ClCompile Include="Graphics\DirectX12\Modules\Objects\Instances\CEDXFilterRender.cpp">
      <Filter>Source Files</Filter>
    </ClCompile>
    <ClCompile Include="Graphics\DirectX12\Modules\Objects\Instances\CEDXCylinder.cpp">
      <Filter>Source Files</Filter>
    </ClCompile>
    <ClCompile Include="Graphics\DirectX12\Modules\Objects\Instances\CEDXLogic.cpp">
      <Filter>Source Files</Filter>
    </ClCompile>
    <ClCompile Include="Graphics\DirectX12\Modules\Objects\Instances\CEDXInflection.cpp">
      <Filter>Source Files</Filter>
    </ClCompile>
    <ClCompile Include="Graphics\DirectX12\Modules\Objects\Instances\CEDXObserver.cpp">
      <Filter>Source Files</Filter>
    </ClCompile>
    <ClCompile Include="Graphics\DirectX12\Modules\Objects\Instances\CEDXSegment.cpp">
      <Filter>Source Files</Filter>
    </ClCompile>
    <ClCompile Include="Graphics\DirectX12\Modules\Objects\Instances\CEDXSky.cpp">
      <Filter>Source Files</Filter>
    </ClCompile>
    <ClCompile Include="Graphics\DirectX12\Modules\Objects\Instances\Lights\CEDXLight.cpp">
      <Filter>Source Files</Filter>
    </ClCompile>
    <ClCompile Include="Graphics\DirectX12\Modules\Managers\CEDXObjectManager.cpp">
      <Filter>Source Files</Filter>
    </ClCompile>
    <ClCompile Include="Graphics\DirectX12\Modules\Managers\CEDXInputManager.cpp">
      <Filter>Source Files</Filter>
    </ClCompile>
    <ClCompile Include="Graphics\DirectX12\Modules\Managers\CEDXMaterialManager.cpp">
      <Filter>Source Files</Filter>
    </ClCompile>
    <ClCompile Include="Graphics\DirectX12\Modules\Managers\CEDXMeshManager.cpp">
      <Filter>Source Files</Filter>
    </ClCompile>
    <ClCompile Include="Graphics\DirectX12\Modules\Managers\CEDXMeshRenderInstanceManager.cpp">
      <Filter>Source Files</Filter>
    </ClCompile>
    <ClCompile Include="Graphics\DirectX12\Modules\Managers\CEDXPlaygroundManager.cpp">
      <Filter>Source Files</Filter>
    </ClCompile>
    <ClCompile Include="Graphics\DirectX12\Modules\Managers\CEDXTextureManager.cpp">
      <Filter>Source Files</Filter>
    </ClCompile>
    <ClCompile Include="Graphics\DirectX12\Modules\Objects\Elements\CEDXMaterial.cpp">
      <Filter>Source Files</Filter>
    </ClCompile>
    <ClCompile Include="Graphics\DirectX12\Modules\Objects\Elements\CEDXScene.cpp">
      <Filter>Source Files</Filter>
    </ClCompile>
    <ClCompile Include="Graphics\DirectX12\Modules\Renders\CEDXCubeMap.cpp">
      <Filter>Source Files</Filter>
    </ClCompile>
    <ClCompile Include="Graphics\DirectX12\Modules\Renders\CEDXDepthBlend.cpp">
      <Filter>Source Files</Filter>
    </ClCompile>
    <ClCompile Include="Graphics\DirectX12\Modules\Renders\CEDXDepthStencil.cpp">
      <Filter>Source Files</Filter>
    </ClCompile>
    <ClCompile Include="Graphics\DirectX12\Modules\Renders\CEDXShadowMap.cpp">
      <Filter>Source Files</Filter>
    </ClCompile>
    <ClCompile Include="Graphics\DirectX12\Modules\Renders\CEDXRenderer.cpp">
      <Filter>Source Files</Filter>
    </ClCompile>
    <ClCompile Include="Graphics\DirectX12\Modules\Renders\CEDXRenderTarget.cpp">
      <Filter>Source Files</Filter>
    </ClCompile>
    <ClCompile Include="Graphics\DirectX12\Modules\Renders\CEDXWireframe.cpp">
      <Filter>Source Files</Filter>
    </ClCompile>
    <ClCompile Include="Graphics\DirectX12\Modules\Renders\CEDXShadowResource.cpp">
      <Filter>Source Files</Filter>
    </ClCompile>
    <ClCompile Include="Graphics\DirectX12\Modules\Renders\CEDXSsao.cpp">
      <Filter>Source Files</Filter>
    </ClCompile>
    <ClCompile Include="Graphics\DirectX12\Modules\Filters\CEDXDenoiser.cpp">
      <Filter>Source Files</Filter>
    </ClCompile>
    <ClCompile Include="Graphics\DirectX12\Modules\Objects\Elements\CEDXVideoTexture.cpp">
      <Filter>Source Files</Filter>
    </ClCompile>
    <ClCompile Include="Graphics\DirectX12\Modules\Renders\CEDXRayTracing.cpp">
      <Filter>Source Files</Filter>
    </ClCompile>
    <ClCompile Include="Graphics\DirectX12\Modules\Objects\Instances\Lights\CEDXSpotLight.cpp">
      <Filter>Source Files</Filter>
    </ClCompile>
    <ClCompile Include="Graphics\DirectX12\Modules\Objects\Instances\Lights\CEDXPointLight.cpp">
      <Filter>Source Files</Filter>
    </ClCompile>
    <ClCompile Include="Graphics\DirectX12\Modules\Objects\Instances\Lights\CEDXDirectionalLight.cpp">
      <Filter>Source Files</Filter>
    </ClCompile>
    <ClCompile Include="Graphics\DirectX12\Modules\Objects\Instances\Lights\CEDXSunLight.cpp">
      <Filter>Source Files</Filter>
    </ClCompile>
    <ClCompile Include="Graphics\DirectX12\Modules\Objects\Elements\CEDXTexture.cpp">
      <Filter>Source Files</Filter>
    </ClCompile>
  </ItemGroup>
  <ItemGroup>
    <FxCompile Include="Graphics\DirectX12\Resources\Shaders\CEBoxVertexShader.hlsl" />
    <FxCompile Include="Graphics\DirectX12\Resources\Shaders\CEBoxPixelShader.hlsl" />
    <FxCompile Include="Graphics\DirectX12\Resources\Shaders\CEBasicPixelShader.hlsl" />
    <FxCompile Include="Graphics\DirectX12\Resources\Shaders\CEBasicVertexShader.hlsl" />
    <FxCompile Include="Graphics\DirectX12\Resources\Shaders\CELitVertexShader.hlsl" />
    <FxCompile Include="Graphics\DirectX12\Resources\Shaders\CELitPixelShader.hlsl" />
    <FxCompile Include="Graphics\DirectX12\Resources\Shaders\LightUtil.hlsl" />
    <FxCompile Include="Graphics\DirectX12\Resources\Shaders\CELitTexVertexShader.hlsl" />
    <FxCompile Include="Graphics\DirectX12\Resources\Shaders\CELitTexPixelShader.hlsl" />
    <FxCompile Include="Graphics\DirectX12\Resources\Shaders\CELitTexWavesPixelShader.hlsl" />
    <FxCompile Include="Graphics\DirectX12\Resources\Shaders\CELitTexWavesVertexShader.hlsl" />
    <FxCompile Include="Graphics\DirectX12\Resources\Shaders\CEFogVertexShader.hlsl" />
    <FxCompile Include="Graphics\DirectX12\Resources\Shaders\CEFogPixelShader.hlsl" />
    <FxCompile Include="Graphics\DirectX12\Resources\Shaders\CEStencilVertexShader.hlsl" />
    <FxCompile Include="Graphics\DirectX12\Resources\Shaders\CEStencilPixelShader.hlsl" />
    <FxCompile Include="Graphics\DirectX12\Resources\Shaders\CESpritesGeometryShader.hlsl" />
    <FxCompile Include="Graphics\DirectX12\Resources\Shaders\CESpritesPixelShader.hlsl" />
    <FxCompile Include="Graphics\DirectX12\Resources\Shaders\CESpritesVertexShader.hlsl" />
    <FxCompile Include="Graphics\DirectX12\Resources\Shaders\CEBlurComputeShader.hlsl" />
    <FxCompile Include="Graphics\DirectX12\Resources\Shaders\CEWavesSimulationComputeShader.hlsl" />
    <FxCompile Include="Graphics\DirectX12\Resources\Shaders\CESobelFogVertexShader.hlsl" />
    <FxCompile Include="Graphics\DirectX12\Resources\Shaders\CESobelFogPixelShader.hlsl" />
    <FxCompile Include="Graphics\DirectX12\Resources\Shaders\CESobelComputeShader.hlsl" />
    <FxCompile Include="Graphics\DirectX12\Resources\Shaders\CECompositeVertexShader.hlsl" />
    <FxCompile Include="Graphics\DirectX12\Resources\Shaders\CECompositePixelShader.hlsl" />
    <FxCompile Include="Graphics\DirectX12\Resources\Shaders\CETessellationVertexShader.hlsl" />
    <FxCompile Include="Graphics\DirectX12\Resources\Shaders\CETessellationPixelShader.hlsl" />
    <FxCompile Include="Graphics\DirectX12\Resources\Shaders\CETessellationHullShader.hlsl" />
    <FxCompile Include="Graphics\DirectX12\Resources\Shaders\CETessellationDomainShader.hlsl" />
    <FxCompile Include="Graphics\DirectX12\Resources\Shaders\CEIndexingVertexShader.hlsl" />
    <FxCompile Include="Graphics\DirectX12\Resources\Shaders\CEIndexingPixelShader.hlsl" />
    <FxCompile Include="Graphics\DirectX12\Resources\Shaders\CEInstancingVertexShader.hlsl" />
    <FxCompile Include="Graphics\DirectX12\Resources\Shaders\CEInstancingPixelShader.hlsl" />
    <FxCompile Include="Graphics\DirectX12\Resources\Shaders\CEPickingVertexShader.hlsl" />
    <FxCompile Include="Graphics\DirectX12\Resources\Shaders\CEBasePixelShader.hlsl" />
    <FxCompile Include="Graphics\DirectX12\Resources\Shaders\CEBaseVertexShader.hlsl" />
    <FxCompile Include="Graphics\DirectX12\Resources\Shaders\CECubeMapVertexShader.hlsl" />
    <FxCompile Include="Graphics\DirectX12\Resources\Shaders\CECubeMapPixelShader.hlsl" />
    <FxCompile Include="Graphics\DirectX12\Resources\Shaders\CENormalVertexShader.hlsl" />
    <FxCompile Include="Graphics\DirectX12\Resources\Shaders\CENormalPixelShader.hlsl" />
    <FxCompile Include="Graphics\DirectX12\Resources\Shaders\CEShadowVertexShader.hlsl" />
    <FxCompile Include="Graphics\DirectX12\Resources\Shaders\CEShadowPixelShader.hlsl" />
    <FxCompile Include="Graphics\DirectX12\Resources\Shaders\CEBaseShadowVertexShader.hlsl" />
    <FxCompile Include="Graphics\DirectX12\Resources\Shaders\CEBaseShadowPixelShader.hlsl" />
    <FxCompile Include="Graphics\DirectX12\Resources\Shaders\CEShadowDebugVertexShader.hlsl" />
    <FxCompile Include="Graphics\DirectX12\Resources\Shaders\CEShadowDebugPixelShader.hlsl" />
    <FxCompile Include="Graphics\DirectX12\Resources\Shaders\CEDrawNormalsVertexShader.hlsl" />
    <FxCompile Include="Graphics\DirectX12\Resources\Shaders\CEDrawNormalsPixelShader.hlsl" />
    <FxCompile Include="Graphics\DirectX12\Resources\Shaders\CESSAOVertexShader.hlsl" />
    <FxCompile Include="Graphics\DirectX12\Resources\Shaders\CESSAOPixelShader.hlsl" />
    <FxCompile Include="Graphics\DirectX12\Resources\Shaders\CESSAOBlurVertexShader.hlsl" />
    <FxCompile Include="Graphics\DirectX12\Resources\Shaders\CESSAOBlurPixelShader.hlsl" />
  </ItemGroup>
  <ItemGroup>
    <None Include="Graphics\DirectX12\Resources\Shaders\CETypes.hlsl" />
  </ItemGroup>
</Project>