<?xml version="1.0" encoding="utf-8"?>
<Project ToolsVersion="4.0" xmlns="http://schemas.microsoft.com/developer/msbuild/2003">
  <ItemGroup>
    <ClInclude Include="ConceptEngine.h" />
    <ClInclude Include="Graphics\Main\Managers\CEGraphicsManager.h" />
    <ClInclude Include="Graphics\Main\CEGraphics.h" />
    <ClInclude Include="Graphics\DirectX12\CEDirectX12.h" />
    <ClInclude Include="Core\Application\Editor\CEEditor.h" />
    <ClInclude Include="Core\Application\Game\CEGame.h" />
    <ClInclude Include="Core\Application\CECore.h" />
    <ClInclude Include="Core\Compilers\CECompiler.h" />
    <ClInclude Include="Core\Compilers\CSharp\CECSCompiler.h" />
    <ClInclude Include="Core\Compilers\Python\CEPyCompiler.h" />
    <ClInclude Include="Core\Compilers\JS\CEJSCompiler.h" />
    <ClInclude Include="Core\Compilers\Schematics\CESchematicsCompiler.h" />
    <ClInclude Include="Core\Application\GameDebug\CEGameDebug.h" />
    <ClInclude Include="Core\Application\CEGameCore.h" />
    <ClInclude Include="Utilities\CEScreenUtilities.h" />
    <ClInclude Include="Core\Platform\Generic\CEPlatform.h" />
    <ClInclude Include="Core\Platform\Windows\CEWindows.h" />
    <ClInclude Include="Core\Platform\Mac\CEMac.h" />
    <ClInclude Include="Core\Platform\Linux\CELinux.h" />
    <ClInclude Include="Core\Platform\iOS\CEiOS.h" />
    <ClInclude Include="Core\Platform\Android\CEAndroid.h" />
    <ClInclude Include="Physics\CEPhysics.h" />
    <ClInclude Include="Physics\PhysX\CEPhysX.h" />
    <ClInclude Include="Math\CEMath.h" />
    <ClInclude Include="Time\CETimer.h" />
    <ClInclude Include="Core\Platform\Generic\Window\CEWindow.h" />
    <ClInclude Include="Core\Platform\Generic\Window\CEScreen.h" />
    <ClInclude Include="Core\Platform\Generic\Window\CEConsole.h" />
    <ClInclude Include="Graphics\Metal\CEMetal.h" />
    <ClInclude Include="Graphics\OpenGL\CEOpenGL.h" />
    <ClInclude Include="Graphics\Vulkan\CEVulkan.h" />
    <ClInclude Include="Core\Compilers\Cpp\CECppCompiler.h" />
    <ClInclude Include="AI\CEAI.h" />
    <ClInclude Include="Audio\CEAudio.h" />
    <ClInclude Include="Save\CESave.h" />
    <ClInclude Include="Save\Game\CEGameSave.h" />
    <ClInclude Include="Save\Project\CEProjectSaveWriter.h" />
    <ClInclude Include="Save\Project\CEProjectSaveReader.h" />
    <ClInclude Include="Save\Game\CEGameSaveWriter.h" />
    <ClInclude Include="Graphics\Main\Managers\CEPlaygroundManager.h" />
    <ClInclude Include="Graphics\Main\Common\CEPlayground.h" />
    <ClInclude Include="Graphics\DirectX12\Modules\Managers\CEDXManager.h" />
    <ClInclude Include="Core\Common\CEManager.h" />
    <ClInclude Include="Graphics\DirectX12\Modules\Common\CEDXPlayground.h" />
    <ClInclude Include="Graphics\Main\Objects\CEObject.h" />
    <ClInclude Include="Graphics\Main\Managers\CEObjectManager.h" />
    <ClInclude Include="Graphics\Main\Common\CEMaterial.h" />
    <ClInclude Include="Graphics\Main\Common\CEMesh.h" />
    <ClInclude Include="Graphics\Main\Common\CETexture.h" />
    <ClInclude Include="Graphics\Main\Common\CEShader.h" />
    <ClInclude Include="Graphics\Main\Common\CEViewport.h" />
    <ClInclude Include="Graphics\Main\Components\CERigidDynamic.h" />
    <ClInclude Include="Graphics\Main\Components\CERigidStatic.h" />
    <ClInclude Include="Core\Delegates\CEDelegate.h" />
    <ClInclude Include="Core\Delegates\CEDelegateBase.h" />
    <ClInclude Include="Core\Platform\Generic\Cursor\CECursor.h" />
    <ClInclude Include="Core\Platform\Android\Window\CEAndroidWindow.h" />
    <ClInclude Include="Core\Platform\iOS\Window\CEiOSWindow.h" />
    <ClInclude Include="Core\Platform\Linux\Window\CELinuxWindow.h" />
    <ClInclude Include="Core\Platform\Mac\Window\CEMacWindow.h" />
    <ClInclude Include="Core\Platform\Windows\Window\CEWindowsWindow.h" />
    <ClInclude Include="Core\Platform\Windows\Cursor\CEWindowsCursor.h" />
    <ClInclude Include="Core\Platform\Mac\Cursor\CEMacCursor.h" />
    <ClInclude Include="Core\Platform\Linux\Cursor\CELinuxCursor.h" />
    <ClInclude Include="Core\Platform\Windows\Window\CEWindowsConsole.h" />
  </ItemGroup>
  <ItemGroup>
    <ClCompile Include="ConceptEngine.cpp" />
    <ClCompile Include="Graphics\Main\Managers\CEGraphicsManager.cpp" />
    <ClCompile Include="Graphics\DirectX12\CEDirectX12.cpp" />
    <ClCompile Include="Core\Application\Editor\CEEditor.cpp" />
    <ClCompile Include="Core\Application\Game\CEGame.cpp" />
    <ClCompile Include="Core\Compilers\CSharp\CECSCompiler.cpp" />
    <ClCompile Include="Core\Compilers\Python\CEPyCompiler.cpp" />
    <ClCompile Include="Core\Compilers\JS\CEJSCompiler.cpp" />
    <ClCompile Include="Core\Compilers\Schematics\CESchematicsCompiler.cpp" />
    <ClCompile Include="Core\Application\GameDebug\CEGameDebug.cpp" />
    <ClCompile Include="Core\Platform\Windows\CEWindows.cpp" />
    <ClCompile Include="Core\Platform\Mac\CEMac.cpp" />
    <ClCompile Include="Core\Platform\Linux\CELinux.cpp" />
    <ClCompile Include="Core\Platform\Android\CEAndroid.cpp" />
    <ClCompile Include="Core\Platform\iOS\CEiOS.cpp" />
    <ClCompile Include="Physics\PhysX\CEPhysX.cpp" />
    <ClCompile Include="Math\CEMath.cpp" />
    <ClCompile Include="Time\CETimer.cpp" />
    <ClCompile Include="Core\Platform\Generic\Window\CEWindow.cpp" />
    <ClCompile Include="Core\Platform\Generic\Window\CEScreen.cpp" />
    <ClCompile Include="Core\Platform\Generic\Window\CEConsole.cpp" />
    <ClCompile Include="Core\Application\CECore.cpp" />
    <ClCompile Include="Core\Application\CEGameCore.cpp" />
    <ClCompile Include="Graphics\Metal\CEMetal.cpp" />
    <ClCompile Include="Graphics\OpenGL\CEOpenGL.cpp" />
    <ClCompile Include="Graphics\Vulkan\CEVulkan.cpp" />
    <ClCompile Include="Core\Compilers\Cpp\CECppCompiler.cpp" />
    <ClCompile Include="Save\Project\CEProjectSave.h" />
    <ClCompile Include="Save\Game\CEGameSaveReader.h" />
    <ClCompile Include="Graphics\Main\Managers\CEPlaygroundManager.cpp" />
    <ClCompile Include="Graphics\Main\Common\CEPlayground.cpp" />
    <ClCompile Include="Graphics\DirectX12\Modules\Managers\CEDXManager.cpp" />
    <ClCompile Include="Graphics\DirectX12\Modules\Common\CEDXPlayground.cpp" />
    <ClCompile Include="Graphics\Main\Objects\CEObject.cpp" />
    <ClCompile Include="Graphics\Main\Managers\CEObjectManager.cpp" />
    <ClCompile Include="Graphics\Main\Common\CEMaterial.cpp" />
    <ClCompile Include="Graphics\Main\Common\CEMesh.cpp" />
    <ClCompile Include="Graphics\Main\Common\CETexture.cpp" />
    <ClCompile Include="Graphics\Main\Common\CEShader.cpp" />
    <ClCompile Include="Graphics\Main\Common\CEViewport.cpp" />
    <ClCompile Include="Graphics\Main\Components\CERigidDynamic.cpp" />
    <ClCompile Include="Graphics\Main\Components\CERigidStatic.cpp" />
    <ClCompile Include="Core\Delegates\CEDelegate.cpp" />
    <ClCompile Include="Core\Delegates\CEDelegateBase.cpp" />
    <ClCompile Include="Core\Platform\Generic\Cursor\CECursor.cpp" />
    <ClCompile Include="Core\Platform\Android\Window\CEAndroidWindow.cpp" />
    <ClCompile Include="Core\Platform\iOS\Window\CEiOSWindow.cpp" />
    <ClCompile Include="Core\Platform\Linux\Window\CELinuxWindow.cpp" />
    <ClCompile Include="Core\Platform\Mac\Window\CEMacWindow.cpp" />
    <ClCompile Include="Core\Platform\Windows\Window\CEWindowsWindow.cpp" />
    <ClCompile Include="Core\Platform\Windows\Cursor\CEWindowsCursor.cpp" />
    <ClCompile Include="Core\Platform\Mac\Cursor\CEMacCursor.cpp" />
    <ClCompile Include="Core\Platform\Linux\Cursor\CELinuxCursor.cpp" />
    <ClCompile Include="Graphics\Main\CEGraphics.cpp" />
    <ClCompile Include="Core\Platform\Windows\Window\CEWindowsConsole.cpp" />
  </ItemGroup>
</Project>