<?xml version="1.0" encoding="utf-8"?>
<Project ToolsVersion="4.0" xmlns="http://schemas.microsoft.com/developer/msbuild/2003">
  <ItemGroup>
    <ClInclude Include="ConceptEngine.h" />
    <ClInclude Include="Graphics\Main\Managers\CEGraphicsManager.h" />
    <ClInclude Include="Graphics\Main\CEGraphics.h" />
    <ClInclude Include="Graphics\DirectX12\CEDirectX12.h" />
    <ClInclude Include="Core\Editor\CEEditor.h" />
    <ClInclude Include="Core\Game\CEGame.h" />
    <ClInclude Include="Core\CECore.h" />
    <ClInclude Include="Compilers\CECompiler.h" />
    <ClInclude Include="Compilers\CSharp\CECSCompiler.h" />
    <ClInclude Include="Compilers\Python\CEPyCompiler.h" />
    <ClInclude Include="Compilers\JS\CEJSCompiler.h" />
    <ClInclude Include="Compilers\Schematics\CESchematicsCompiler.h" />
  </ItemGroup>
  <ItemGroup>
    <ClCompile Include="ConceptEngine.cpp" />
    <ClCompile Include="Graphics\Main\Managers\CEGraphicsManager.cpp" />
    <ClCompile Include="Graphics\DirectX12\CEDirectX12.cpp" />
    <ClCompile Include="Core\Editor\CEEditor.cpp" />
    <ClCompile Include="Core\Game\CEGame.cpp" />
    <ClCompile Include="Compilers\CSharp\CECSCompiler.cpp" />
    <ClCompile Include="Compilers\Python\CEPyCompiler.cpp" />
    <ClCompile Include="Compilers\JS\CEJSCompiler.cpp" />
    <ClCompile Include="Compilers\Schematics\CESchematicsCompiler.cpp" />
  </ItemGroup>
</Project>