<?xml version="1.0" encoding="utf-8"?>
<Project ToolsVersion="4.0" xmlns="http://schemas.microsoft.com/developer/msbuild/2003">
  <ItemGroup>
    <Filter Include="Source Files">
      <UniqueIdentifier>{4FC737F1-C7A5-4376-A066-2A32D752A2FF}</UniqueIdentifier>
      <Extensions>cpp;c;cc;cxx;c++;cppm;ixx;def;odl;idl;hpj;bat;asm;asmx</Extensions>
    </Filter>
    <Filter Include="Header Files">
      <UniqueIdentifier>{93995380-89BD-4b04-88EB-625FBE52EBFB}</UniqueIdentifier>
      <Extensions>h;hh;hpp;hxx;h++;hm;inl;inc;ipp;xsd</Extensions>
    </Filter>
    <Filter Include="Resource Files">
      <UniqueIdentifier>{67DA6AB6-F800-4c08-8B7A-83BB121AAD01}</UniqueIdentifier>
      <Extensions>rc;ico;cur;bmp;dlg;rc2;rct;bin;rgs;gif;jpg;jpeg;jpe;resx;tiff;tif;png;wav;mfcribbon-ms</Extensions>
    </Filter>
    <Filter Include="Graphics">
      <UniqueIdentifier>{b00948fb-6095-4500-ad6f-88f4ad776eaa}</UniqueIdentifier>
    </Filter>
  </ItemGroup>
  <ItemGroup>
    <ClInclude Include="ConceptEngine.h">
      <Filter>Header Files</Filter>
    </ClInclude>
    <ClInclude Include="CEWindow.h">
      <Filter>Header Files</Filter>
    </ClInclude>
    <ClInclude Include="CEMouse.h">
      <Filter>Header Files</Filter>
    </ClInclude>
    <ClInclude Include="CEKeyboard.h">
      <Filter>Header Files</Filter>
    </ClInclude>
    <ClInclude Include="CEGraphics.h">
      <Filter>Header Files</Filter>
    </ClInclude>
    <ClInclude Include="CETimer.h">
      <Filter>Header Files</Filter>
    </ClInclude>
    <ClInclude Include="CEDirect3DGraphics.h">
      <Filter>Graphics</Filter>
    </ClInclude>
    <ClInclude Include="CEOpenGLGraphics.h">
      <Filter>Graphics</Filter>
    </ClInclude>
    <ClInclude Include="CEVulkanGraphics.h">
      <Filter>Graphics</Filter>
    </ClInclude>
    <ClInclude Include="CEController.h">
      <Filter>Header Files</Filter>
    </ClInclude>
    <ClInclude Include="CEException.h">
      <Filter>Header Files</Filter>
    </ClInclude>
    <ClInclude Include="CEWindowMessage.h">
      <Filter>Header Files</Filter>
    </ClInclude>
    <ClInclude Include="CETools.h">
      <Filter>Header Files</Filter>
    </ClInclude>
    <ClInclude Include="CELib.h">
      <Filter>Header Files</Filter>
    </ClInclude>
    <ClInclude Include="resource.h">
      <Filter>Header Files</Filter>
    </ClInclude>
    <ClInclude Include="CEInfoManager.h">
      <Filter>Header Files</Filter>
    </ClInclude>
    <ClInclude Include="CEMetalGraphics.h">
      <Filter>Graphics</Filter>
    </ClInclude>
  </ItemGroup>
  <ItemGroup>
    <ClCompile Include="ConceptEngine.cpp">
      <Filter>Source Files</Filter>
    </ClCompile>
    <ClCompile Include="CEWindow.cpp">
      <Filter>Source Files</Filter>
    </ClCompile>
    <ClCompile Include="CEMouse.cpp">
      <Filter>Source Files</Filter>
    </ClCompile>
    <ClCompile Include="CEKeyboard.cpp">
      <Filter>Source Files</Filter>
    </ClCompile>
    <ClCompile Include="CEGraphics.cpp">
      <Filter>Source Files</Filter>
    </ClCompile>
    <ClCompile Include="CEController.cpp">
      <Filter>Source Files</Filter>
    </ClCompile>
    <ClCompile Include="CETimer.cpp">
      <Filter>Source Files</Filter>
    </ClCompile>
    <ClCompile Include="CEOpenGLGraphics.cpp">
      <Filter>Graphics</Filter>
    </ClCompile>
    <ClCompile Include="CEDirect3DGraphics.cpp">
      <Filter>Graphics</Filter>
    </ClCompile>
    <ClCompile Include="CEVulkanGraphics.cpp">
      <Filter>Graphics</Filter>
    </ClCompile>
    <ClCompile Include="CEException.cpp">
      <Filter>Source Files</Filter>
    </ClCompile>
    <ClCompile Include="CEWindowMessage.cpp">
      <Filter>Source Files</Filter>
    </ClCompile>
    <ClCompile Include="CETools.cpp">
      <Filter>Source Files</Filter>
    </ClCompile>
    <ClCompile Include="CEInfoManager.cpp">
      <Filter>Source Files</Filter>
    </ClCompile>
    <ClCompile Include="CEMetalGraphics.cpp">
      <Filter>Graphics</Filter>
    </ClCompile>
  </ItemGroup>
  <ItemGroup>
    <ResourceCompile Include="ConceptEngineFramework.rc">
      <Filter>Resource Files</Filter>
    </ResourceCompile>
  </ItemGroup>
  <ItemGroup>
    <Image Include="..\..\..\..\..\..\..\..\..\Data\pses\exports\conceptenginelogo.png">
      <Filter>Resource Files</Filter>
    </Image>
    <Image Include="icon1.ico">
      <Filter>Resource Files</Filter>
    </Image>
  </ItemGroup>
</Project>