<?xml version="1.0" encoding="utf-8"?>
<Project ToolsVersion="4.0" xmlns="http://schemas.microsoft.com/developer/msbuild/2003">
  <ItemGroup>
    <Filter Include="Source Files">
      <UniqueIdentifier>{4FC737F1-C7A5-4376-A066-2A32D752A2FF}</UniqueIdentifier>
      <Extensions>cpp;c;cc;cxx;c++;cppm;ixx;def;odl;idl;hpj;bat;asm;asmx</Extensions>
    </Filter>
    <Filter Include="Header Files">
      <UniqueIdentifier>{93995380-89BD-4b04-88EB-625FBE52EBFB}</UniqueIdentifier>
      <Extensions>h;hh;hpp;hxx;h++;hm;inl;inc;ipp;xsd</Extensions>
    </Filter>
    <Filter Include="Resource Files">
      <UniqueIdentifier>{67DA6AB6-F800-4c08-8B7A-83BB121AAD01}</UniqueIdentifier>
      <Extensions>rc;ico;cur;bmp;dlg;rc2;rct;bin;rgs;gif;jpg;jpeg;jpe;resx;tiff;tif;png;wav;mfcribbon-ms</Extensions>
    </Filter>
  </ItemGroup>
  <ItemGroup>
    <ClInclude Include="CEDefinitions.h">
      <Filter>Header Files</Filter>
    </ClInclude>
    <ClInclude Include="Windows\Windows.h">
      <Filter>Header Files</Filter>
    </ClInclude>
    <ClInclude Include="Core\Application\Generic\CECursor.h">
      <Filter>Header Files</Filter>
    </ClInclude>
    <ClInclude Include="Core\Application\Generic\CEGenericMisc.h">
      <Filter>Header Files</Filter>
    </ClInclude>
    <ClInclude Include="Core\Application\Generic\CEConsole.h">
      <Filter>Header Files</Filter>
    </ClInclude>
    <ClInclude Include="Core\Application\Generic\CEGenericPlatform.h">
      <Filter>Header Files</Filter>
    </ClInclude>
    <ClInclude Include="Core\Application\Generic\CEWindow.h">
      <Filter>Header Files</Filter>
    </ClInclude>
    <ClInclude Include="Core\Application\Platform\Platform.h">
      <Filter>Header Files</Filter>
    </ClInclude>
    <ClInclude Include="Core\Application\Platform\CEPlatformCallbacks.h">
      <Filter>Header Files</Filter>
    </ClInclude>
    <ClInclude Include="Core\Application\Platform\CEPlatformMisc.h">
      <Filter>Header Files</Filter>
    </ClInclude>
    <ClInclude Include="Core\Application\Windows\CEWindowsCursor.h">
      <Filter>Header Files</Filter>
    </ClInclude>
    <ClInclude Include="Core\Application\Windows\CEWindowsMisc.h">
      <Filter>Header Files</Filter>
    </ClInclude>
    <ClInclude Include="Core\Application\Windows\CEWindowsConsole.h">
      <Filter>Header Files</Filter>
    </ClInclude>
    <ClInclude Include="Core\Application\Windows\CEWindowsPlatform.h">
      <Filter>Header Files</Filter>
    </ClInclude>
    <ClInclude Include="Core\Application\Windows\CEWindowsWindow.h">
      <Filter>Header Files</Filter>
    </ClInclude>
    <ClInclude Include="Core\Application\Application.h">
      <Filter>Header Files</Filter>
    </ClInclude>
    <ClInclude Include="Core\Application\Events.h">
      <Filter>Header Files</Filter>
    </ClInclude>
    <ClInclude Include="Core\Application\Log.h">
      <Filter>Header Files</Filter>
    </ClInclude>
    <ClInclude Include="Core\Containers\Allocator.h">
      <Filter>Header Files</Filter>
    </ClInclude>
    <ClInclude Include="Core\Containers\Array.h">
      <Filter>Header Files</Filter>
    </ClInclude>
    <ClInclude Include="Core\Containers\ArrayView.h">
      <Filter>Header Files</Filter>
    </ClInclude>
    <ClInclude Include="Core\Containers\Function.h">
      <Filter>Header Files</Filter>
    </ClInclude>
    <ClInclude Include="Core\Containers\Iterator.h">
      <Filter>Header Files</Filter>
    </ClInclude>
    <ClInclude Include="Core\Containers\SharedPtr.h">
      <Filter>Header Files</Filter>
    </ClInclude>
    <ClInclude Include="Core\Containers\StaticArray.h">
      <Filter>Header Files</Filter>
    </ClInclude>
    <ClInclude Include="Core\Containers\UniquePtr.h">
      <Filter>Header Files</Filter>
    </ClInclude>
    <ClInclude Include="Core\Containers\Utilities.h">
      <Filter>Header Files</Filter>
    </ClInclude>
    <ClInclude Include="Core\CoreObject\ClassType.h">
      <Filter>Header Files</Filter>
    </ClInclude>
    <ClInclude Include="Core\CoreObject\CoreObject.h">
      <Filter>Header Files</Filter>
    </ClInclude>
    <ClInclude Include="Core\Delegates\Delegate.h">
      <Filter>Header Files</Filter>
    </ClInclude>
    <ClInclude Include="Core\Delegates\DelegateBase.h">
      <Filter>Header Files</Filter>
    </ClInclude>
    <ClInclude Include="Core\Delegates\Event.h">
      <Filter>Header Files</Filter>
    </ClInclude>
    <ClInclude Include="Core\Delegates\MulticastBase.h">
      <Filter>Header Files</Filter>
    </ClInclude>
    <ClInclude Include="Core\Delegates\MulticastDelegate.h">
      <Filter>Header Files</Filter>
    </ClInclude>
    <ClInclude Include="Core\Engine\Engine.h">
      <Filter>Header Files</Filter>
    </ClInclude>
    <ClInclude Include="Core\Engine\EngineGlobals.h">
      <Filter>Header Files</Filter>
    </ClInclude>
    <ClInclude Include="Core\Engine\EngineLoop.h">
      <Filter>Header Files</Filter>
    </ClInclude>
    <ClInclude Include="Core\Input\InputCodes.h">
      <Filter>Header Files</Filter>
    </ClInclude>
    <ClInclude Include="Core\Input\CEInputManager.h">
      <Filter>Header Files</Filter>
    </ClInclude>
    <ClInclude Include="Core\Threading\Generic\GenericAtomic.h">
      <Filter>Header Files</Filter>
    </ClInclude>
    <ClInclude Include="Core\Threading\Generic\GenericProcess.h">
      <Filter>Header Files</Filter>
    </ClInclude>
    <ClInclude Include="Core\Threading\Generic\GenericThread.h">
      <Filter>Header Files</Filter>
    </ClInclude>
    <ClInclude Include="Core\Threading\Platform\ConditionVariable.h">
      <Filter>Header Files</Filter>
    </ClInclude>
    <ClInclude Include="Core\Threading\Platform\Mutex.h">
      <Filter>Header Files</Filter>
    </ClInclude>
    <ClInclude Include="Core\Threading\Platform\PlatformAtomic.h">
      <Filter>Header Files</Filter>
    </ClInclude>
    <ClInclude Include="Core\Threading\Platform\PlatformProcess.h">
      <Filter>Header Files</Filter>
    </ClInclude>
    <ClInclude Include="Core\Threading\Windows\WindowsAtomic.h">
      <Filter>Header Files</Filter>
    </ClInclude>
    <ClInclude Include="Core\Threading\Windows\WindowsConditionVariable.h">
      <Filter>Header Files</Filter>
    </ClInclude>
    <ClInclude Include="Core\Threading\Windows\WindowsMutex.h">
      <Filter>Header Files</Filter>
    </ClInclude>
    <ClInclude Include="Core\Threading\Windows\WindowsProcess.h">
      <Filter>Header Files</Filter>
    </ClInclude>
    <ClInclude Include="Core\Threading\Windows\WindowsThread.h">
      <Filter>Header Files</Filter>
    </ClInclude>
    <ClInclude Include="Core\Threading\ScopedLock.h">
      <Filter>Header Files</Filter>
    </ClInclude>
    <ClInclude Include="Core\Threading\CETaskManager.h">
      <Filter>Header Files</Filter>
    </ClInclude>
    <ClInclude Include="Core\Threading\ThreadSafeInt.h">
      <Filter>Header Files</Filter>
    </ClInclude>
    <ClInclude Include="Core\CERef.h">
      <Filter>Header Files</Filter>
    </ClInclude>
    <ClInclude Include="Core\RefCountedObject.h">
      <Filter>Header Files</Filter>
    </ClInclude>
    <ClInclude Include="Core\Types.h">
      <Filter>Header Files</Filter>
    </ClInclude>
    <ClInclude Include="D3D12\D3D12Buffer.h">
      <Filter>Header Files</Filter>
    </ClInclude>
    <ClInclude Include="D3D12\D3D12CommandAllocator.h">
      <Filter>Header Files</Filter>
    </ClInclude>
    <ClInclude Include="D3D12\D3D12CommandContext.h">
      <Filter>Header Files</Filter>
    </ClInclude>
    <ClInclude Include="D3D12\D3D12CommandList.h">
      <Filter>Header Files</Filter>
    </ClInclude>
    <ClInclude Include="D3D12\D3D12CommandQueue.h">
      <Filter>Header Files</Filter>
    </ClInclude>
    <ClInclude Include="D3D12\D3D12Constants.h">
      <Filter>Header Files</Filter>
    </ClInclude>
    <ClInclude Include="D3D12\D3D12DescriptorCache.h">
      <Filter>Header Files</Filter>
    </ClInclude>
    <ClInclude Include="D3D12\D3D12DescriptorHeap.h">
      <Filter>Header Files</Filter>
    </ClInclude>
    <ClInclude Include="D3D12\D3D12Device.h">
      <Filter>Header Files</Filter>
    </ClInclude>
    <ClInclude Include="D3D12\D3D12DeviceChild.h">
      <Filter>Header Files</Filter>
    </ClInclude>
    <ClInclude Include="D3D12\D3D12Fence.h">
      <Filter>Header Files</Filter>
    </ClInclude>
    <ClInclude Include="D3D12\D3D12GPUProfiler.h">
      <Filter>Header Files</Filter>
    </ClInclude>
    <ClInclude Include="D3D12\D3D12Helpers.h">
      <Filter>Header Files</Filter>
    </ClInclude>
    <ClInclude Include="D3D12\D3D12PipelineState.h">
      <Filter>Header Files</Filter>
    </ClInclude>
    <ClInclude Include="D3D12\D3D12RayTracing.h">
      <Filter>Header Files</Filter>
    </ClInclude>
    <ClInclude Include="D3D12\CEDX12GraphicsManager.h">
      <Filter>Header Files</Filter>
    </ClInclude>
    <ClInclude Include="D3D12\D3D12Resource.h">
      <Filter>Header Files</Filter>
    </ClInclude>
    <ClInclude Include="D3D12\D3D12RootSignature.h">
      <Filter>Header Files</Filter>
    </ClInclude>
    <ClInclude Include="D3D12\D3D12SamplerState.h">
      <Filter>Header Files</Filter>
    </ClInclude>
    <ClInclude Include="D3D12\D3D12Shader.h">
      <Filter>Header Files</Filter>
    </ClInclude>
    <ClInclude Include="D3D12\CEDX12ShaderCompiler.h">
      <Filter>Header Files</Filter>
    </ClInclude>
    <ClInclude Include="D3D12\D3D12Texture.h">
      <Filter>Header Files</Filter>
    </ClInclude>
    <ClInclude Include="D3D12\D3D12Viewport.h">
      <Filter>Header Files</Filter>
    </ClInclude>
    <ClInclude Include="D3D12\D3D12Views.h">
      <Filter>Header Files</Filter>
    </ClInclude>
    <ClInclude Include="Debug\Console\Console.h">
      <Filter>Header Files</Filter>
    </ClInclude>
    <ClInclude Include="Debug\Console\CEConsoleCommand.h">
      <Filter>Header Files</Filter>
    </ClInclude>
    <ClInclude Include="Debug\Console\CEConsoleObject.h">
      <Filter>Header Files</Filter>
    </ClInclude>
    <ClInclude Include="Debug\Console\CEConsoleVariable.h">
      <Filter>Header Files</Filter>
    </ClInclude>
    <ClInclude Include="Debug\CEDebug.h">
      <Filter>Header Files</Filter>
    </ClInclude>
    <ClInclude Include="Debug\CEProfiler.h">
      <Filter>Header Files</Filter>
    </ClInclude>
    <ClInclude Include="Editor\Editor.h">
      <Filter>Header Files</Filter>
    </ClInclude>
    <ClInclude Include="Math\Color.h">
      <Filter>Header Files</Filter>
    </ClInclude>
    <ClInclude Include="Math\Float.h">
      <Filter>Header Files</Filter>
    </ClInclude>
    <ClInclude Include="Math\Math.h">
      <Filter>Header Files</Filter>
    </ClInclude>
    <ClInclude Include="Memory\LinearAllocator.h">
      <Filter>Header Files</Filter>
    </ClInclude>
    <ClInclude Include="Memory\CEMemory.h">
      <Filter>Header Files</Filter>
    </ClInclude>
    <ClInclude Include="Memory\New.h">
      <Filter>Header Files</Filter>
    </ClInclude>
    <ClInclude Include="Rendering\Resources\Material.h">
      <Filter>Header Files</Filter>
    </ClInclude>
    <ClInclude Include="Rendering\Resources\Mesh.h">
      <Filter>Header Files</Filter>
    </ClInclude>
    <ClInclude Include="Rendering\Resources\MeshFactory.h">
      <Filter>Header Files</Filter>
    </ClInclude>
    <ClInclude Include="Rendering\Resources\TextureFactory.h">
      <Filter>Header Files</Filter>
    </ClInclude>
    <ClInclude Include="Rendering\DebugUI.h">
      <Filter>Header Files</Filter>
    </ClInclude>
    <ClInclude Include="Rendering\DeferredRenderer.h">
      <Filter>Header Files</Filter>
    </ClInclude>
    <ClInclude Include="Rendering\ForwardRenderer.h">
      <Filter>Header Files</Filter>
    </ClInclude>
    <ClInclude Include="Rendering\FrameResources.h">
      <Filter>Header Files</Filter>
    </ClInclude>
    <ClInclude Include="Rendering\LightProbeRenderer.h">
      <Filter>Header Files</Filter>
    </ClInclude>
    <ClInclude Include="Rendering\LightSetup.h">
      <Filter>Header Files</Filter>
    </ClInclude>
    <ClInclude Include="Rendering\MeshDrawCommand.h">
      <Filter>Header Files</Filter>
    </ClInclude>
    <ClInclude Include="Rendering\RayTracer.h">
      <Filter>Header Files</Filter>
    </ClInclude>
    <ClInclude Include="Rendering\CERenderer.h">
      <Filter>Header Files</Filter>
    </ClInclude>
    <ClInclude Include="Rendering\ScreenSpaceOcclusionRenderer.h">
      <Filter>Header Files</Filter>
    </ClInclude>
    <ClInclude Include="Rendering\ShadowMapRenderer.h">
      <Filter>Header Files</Filter>
    </ClInclude>
    <ClInclude Include="Rendering\SkyboxRenderPass.h">
      <Filter>Header Files</Filter>
    </ClInclude>
    <ClInclude Include="RenderLayer\Buffer.h">
      <Filter>Header Files</Filter>
    </ClInclude>
    <ClInclude Include="RenderLayer\CommandList.h">
      <Filter>Header Files</Filter>
    </ClInclude>
    <ClInclude Include="RenderLayer\CEGraphicsManager.h">
      <Filter>Header Files</Filter>
    </ClInclude>
    <ClInclude Include="RenderLayer\GPUProfiler.h">
      <Filter>Header Files</Filter>
    </ClInclude>
    <ClInclude Include="RenderLayer\ICommandContext.h">
      <Filter>Header Files</Filter>
    </ClInclude>
    <ClInclude Include="RenderLayer\PipelineState.h">
      <Filter>Header Files</Filter>
    </ClInclude>
    <ClInclude Include="RenderLayer\RayTracing.h">
      <Filter>Header Files</Filter>
    </ClInclude>
    <ClInclude Include="RenderLayer\RenderCommand.h">
      <Filter>Header Files</Filter>
    </ClInclude>
    <ClInclude Include="RenderLayer\RenderingCore.h">
      <Filter>Header Files</Filter>
    </ClInclude>
    <ClInclude Include="RenderLayer\RenderLayer.h">
      <Filter>Header Files</Filter>
    </ClInclude>
    <ClInclude Include="RenderLayer\ResourceBase.h">
      <Filter>Header Files</Filter>
    </ClInclude>
    <ClInclude Include="RenderLayer\Resources.h">
      <Filter>Header Files</Filter>
    </ClInclude>
    <ClInclude Include="RenderLayer\ResourceViews.h">
      <Filter>Header Files</Filter>
    </ClInclude>
    <ClInclude Include="RenderLayer\SamplerState.h">
      <Filter>Header Files</Filter>
    </ClInclude>
    <ClInclude Include="RenderLayer\Shader.h">
      <Filter>Header Files</Filter>
    </ClInclude>
    <ClInclude Include="RenderLayer\CEShaderCompiler.h">
      <Filter>Header Files</Filter>
    </ClInclude>
    <ClInclude Include="RenderLayer\Texture.h">
      <Filter>Header Files</Filter>
    </ClInclude>
    <ClInclude Include="RenderLayer\Viewport.h">
      <Filter>Header Files</Filter>
    </ClInclude>
    <ClInclude Include="Scene\Components\CEMeshComponent.h">
      <Filter>Header Files</Filter>
    </ClInclude>
    <ClInclude Include="Scene\Lights\DirectionalLight.h">
      <Filter>Header Files</Filter>
    </ClInclude>
    <ClInclude Include="Scene\Lights\Light.h">
      <Filter>Header Files</Filter>
    </ClInclude>
    <ClInclude Include="Scene\Lights\PointLight.h">
      <Filter>Header Files</Filter>
    </ClInclude>
    <ClInclude Include="Scene\Lights\SpotLight.h">
      <Filter>Header Files</Filter>
    </ClInclude>
    <ClInclude Include="Scene\AABB.h">
      <Filter>Header Files</Filter>
    </ClInclude>
    <ClInclude Include="Scene\Actor.h">
      <Filter>Header Files</Filter>
    </ClInclude>
    <ClInclude Include="Scene\Camera.h">
      <Filter>Header Files</Filter>
    </ClInclude>
    <ClInclude Include="Scene\Frustum.h">
      <Filter>Header Files</Filter>
    </ClInclude>
    <ClInclude Include="Scene\CEScene.h">
      <Filter>Header Files</Filter>
    </ClInclude>
    <ClInclude Include="Time\Generic\GenericTime.h">
      <Filter>Header Files</Filter>
    </ClInclude>
    <ClInclude Include="Time\Platform\PlatformTime.h">
      <Filter>Header Files</Filter>
    </ClInclude>
    <ClInclude Include="Time\Windows\WindowsTime.h">
      <Filter>Header Files</Filter>
    </ClInclude>
    <ClInclude Include="Time\CETimer.h">
      <Filter>Header Files</Filter>
    </ClInclude>
    <ClInclude Include="Time\CETimestamp.h">
      <Filter>Header Files</Filter>
    </ClInclude>
    <ClInclude Include="Utilities\HashUtilities.h">
      <Filter>Header Files</Filter>
    </ClInclude>
    <ClInclude Include="Utilities\StringUtilities.h">
      <Filter>Header Files</Filter>
    </ClInclude>
    <ClInclude Include="Main\EngineMain.h">
      <Filter>Header Files</Filter>
    </ClInclude>
    <ClInclude Include="PreCompiled.h">
      <Filter>Header Files</Filter>
    </ClInclude>
    <ClInclude Include="Utilities\DirectoryUtilities.h">
      <Filter>Header Files</Filter>
    </ClInclude>
    <ClInclude Include="ConceptEngine.h">
      <Filter>Header Files</Filter>
    </ClInclude>
    <ClInclude Include="Config\CEGlobalConfigs.h">
      <Filter>Header Files</Filter>
    </ClInclude>
    <ClInclude Include="Boot\CECore.h">
      <Filter>Header Files</Filter>
    </ClInclude>
    <ClInclude Include="Boot\CECoreRuntime.h">
      <Filter>Header Files</Filter>
    </ClInclude>
    <ClInclude Include="Boot\CERuntime.h">
      <Filter>Header Files</Filter>
    </ClInclude>
    <ClInclude Include="Boot\CEEditor.h">
      <Filter>Header Files</Filter>
    </ClInclude>
    <ClInclude Include="Boot\CEDebugRuntime.h">
      <Filter>Header Files</Filter>
    </ClInclude>
    <ClInclude Include="Project\CEPlayground.h">
      <Filter>Header Files</Filter>
    </ClInclude>
    <ClInclude Include="Exception\CEException.h">
      <Filter>Header Files</Filter>
    </ClInclude>
    <ClInclude Include="Boot\Callbacks\CEEngineController.h">
      <Filter>Header Files</Filter>
    </ClInclude>
    <ClInclude Include="Graphics\CEGraphics.h">
      <Filter>Header Files</Filter>
    </ClInclude>
    <ClInclude Include="Platform\CEPlatform.h">
      <Filter>Header Files</Filter>
    </ClInclude>
    <ClInclude Include="Graphics\D3D12\CEDirectX12.h">
      <Filter>Header Files</Filter>
    </ClInclude>
    <ClInclude Include="Graphics\D3D11\CEDirectX11.h">
      <Filter>Header Files</Filter>
    </ClInclude>
    <ClInclude Include="Graphics\Metal\CEMetal.h">
      <Filter>Header Files</Filter>
    </ClInclude>
    <ClInclude Include="Graphics\OpenGL\CEOpenGL.h">
      <Filter>Header Files</Filter>
    </ClInclude>
    <ClInclude Include="Graphics\Vulkan\CEVulkan.h">
      <Filter>Header Files</Filter>
    </ClInclude>
    <ClInclude Include="Platform\Windows\CEWindows.h">
      <Filter>Header Files</Filter>
    </ClInclude>
    <ClInclude Include="Platform\Mac\CEMac.h">
      <Filter>Header Files</Filter>
    </ClInclude>
    <ClInclude Include="Platform\Linux\CELinux.h">
      <Filter>Header Files</Filter>
    </ClInclude>
    <ClInclude Include="Platform\iOS\CEiOS.h">
      <Filter>Header Files</Filter>
    </ClInclude>
    <ClInclude Include="Platform\Android\CEAndroid.h">
      <Filter>Header Files</Filter>
    </ClInclude>
    <ClInclude Include="Graphics\WebGL\CEWebGL.h">
      <Filter>Header Files</Filter>
    </ClInclude>
    <ClInclude Include="Managers\CEManager.h">
      <Filter>Header Files</Filter>
    </ClInclude>
    <ClInclude Include="Compiler\CECompiler.h">
      <Filter>Header Files</Filter>
    </ClInclude>
    <ClInclude Include="Compiler\CEPyCompiler.h">
      <Filter>Header Files</Filter>
    </ClInclude>
    <ClInclude Include="Compiler\CECSharpCompiler.h">
      <Filter>Header Files</Filter>
    </ClInclude>
    <ClInclude Include="Compiler\CEJSCompiler.h">
      <Filter>Header Files</Filter>
    </ClInclude>
    <ClInclude Include="Compiler\CEGraphsCompiler.h">
      <Filter>Header Files</Filter>
    </ClInclude>
    <ClInclude Include="Compiler\CECppCompiler.h">
      <Filter>Header Files</Filter>
    </ClInclude>
    <ClInclude Include="Graphics\Generic\Managers\CETextureManager.h">
      <Filter>Header Files</Filter>
    </ClInclude>
    <ClInclude Include="Graphics\Generic\Managers\CEMeshManager.h">
      <Filter>Header Files</Filter>
    </ClInclude>
    <ClInclude Include="Platform\Generic\Console\CETypedConsole.h">
      <Filter>Header Files</Filter>
    </ClInclude>
    <ClInclude Include="Platform\Windows\Console\CEWindowsCommandConsole.h">
      <Filter>Header Files</Filter>
    </ClInclude>
    <ClInclude Include="Graphics\D3D12\Rendering\CEDX12Renderer.h">
      <Filter>Header Files</Filter>
    </ClInclude>
    <ClInclude Include="Core\Application\Windows\CEWindowsInputManager.h">
      <Filter>Header Files</Filter>
    </ClInclude>
    <ClInclude Include="Graphics\D3D12\Managers\CEDX12TextureManager.h">
      <Filter>Header Files</Filter>
    </ClInclude>
    <ClInclude Include="Graphics\D3D12\Managers\CEDX12MeshManager.h">
      <Filter>Header Files</Filter>
    </ClInclude>
    <ClInclude Include="D3D12\CEDX12DebugUI.h">
      <Filter>Header Files</Filter>
    </ClInclude>
    <ClInclude Include="Graphics\Generic\Managers\CEManagers.h">
      <Filter>Header Files</Filter>
    </ClInclude>
    <ClInclude Include="Graphics\D3D12\Managers\CETextureData.h">
      <Filter>Header Files</Filter>
    </ClInclude>
    <ClInclude Include="Physics\CEPhysics.h">
      <Filter>Header Files</Filter>
    </ClInclude>
    <ClInclude Include="Physics\PhysX\CEPhysX.h">
      <Filter>Header Files</Filter>
    </ClInclude>
    <ClInclude Include="Graphics\D3D12\Rendering\FX\CEDX12BloomFX.h">
      <Filter>Header Files</Filter>
    </ClInclude>
    <ClInclude Include="Graphics\D3D12\Rendering\FX\CEDX12BlurFX.h">
      <Filter>Header Files</Filter>
    </ClInclude>
    <ClInclude Include="Graphics\D3D12\Rendering\FX\CEDX12FogFX.h">
      <Filter>Header Files</Filter>
    </ClInclude>
    <ClInclude Include="Graphics\Generic\Rendering\Objects\CEProcGrass.h">
      <Filter>Header Files</Filter>
    </ClInclude>
    <ClInclude Include="Graphics\Generic\Rendering\Objects\CEProcWater.h">
      <Filter>Header Files</Filter>
    </ClInclude>
    <ClInclude Include="Graphics\Generic\Rendering\FX\CEBloomFX.h">
      <Filter>Header Files</Filter>
    </ClInclude>
    <ClInclude Include="Graphics\Generic\Rendering\FX\CEBlurFX.h">
      <Filter>Header Files</Filter>
    </ClInclude>
    <ClInclude Include="Graphics\Generic\Rendering\FX\CEFogFX.h">
      <Filter>Header Files</Filter>
    </ClInclude>
    <ClInclude Include="Graphics\Generic\Rendering\FX\CEFireFX.h">
      <Filter>Header Files</Filter>
    </ClInclude>
    <ClInclude Include="Graphics\D3D12\Rendering\FX\CEDX12FireFX.h">
      <Filter>Header Files</Filter>
    </ClInclude>
    <ClInclude Include="Physics\PhysX\CEPhysXScene.h">
      <Filter>Header Files</Filter>
    </ClInclude>
    <ClInclude Include="Physics\PhysX\CEPhysXActor.h">
      <Filter>Header Files</Filter>
    </ClInclude>
    <ClInclude Include="Graphics\Generic\Rendering\Objects\CEProcCloud.h">
      <Filter>Header Files</Filter>
    </ClInclude>
    <ClInclude Include="Graphics\Generic\Rendering\Objects\CEProcRain.h">
      <Filter>Header Files</Filter>
    </ClInclude>
    <ClInclude Include="Graphics\Generic\Rendering\Objects\CEProcTerrain.h">
      <Filter>Header Files</Filter>
    </ClInclude>
    <ClInclude Include="Graphics\Generic\Rendering\Objects\CEProcSnow.h">
      <Filter>Header Files</Filter>
    </ClInclude>
    <ClInclude Include="Graphics\D3D12\Rendering\Objects\CEDX12ProcWater.h">
      <Filter>Header Files</Filter>
    </ClInclude>
    <ClInclude Include="Graphics\D3D12\Rendering\Objects\CEDX12ProcCloud.h">
      <Filter>Header Files</Filter>
    </ClInclude>
    <ClInclude Include="Graphics\D3D12\Rendering\Objects\CEDX12ProcGrass.h">
      <Filter>Header Files</Filter>
    </ClInclude>
    <ClInclude Include="Graphics\D3D12\Rendering\Objects\CEDX12ProcRain.h">
      <Filter>Header Files</Filter>
    </ClInclude>
    <ClInclude Include="Graphics\D3D12\Rendering\Objects\CEDX12ProcSnow.h">
      <Filter>Header Files</Filter>
    </ClInclude>
    <ClInclude Include="Graphics\D3D12\Rendering\Objects\CEDX12ProcTerrain.h">
      <Filter>Header Files</Filter>
    </ClInclude>
    <ClInclude Include="Physics\PhysX\CEPhysXManager.h">
      <Filter>Header Files</Filter>
    </ClInclude>
    <ClInclude Include="Physics\PhysX\CEPhysXShapes.h">
      <Filter>Header Files</Filter>
    </ClInclude>
    <ClInclude Include="Physics\PhysX\CEContactCallback.h">
      <Filter>Header Files</Filter>
    </ClInclude>
    <ClInclude Include="Physics\PhysX\CECookingFactory.h">
      <Filter>Header Files</Filter>
    </ClInclude>
    <ClInclude Include="Physics\PhysX\CEPhysXDebugger.h">
      <Filter>Header Files</Filter>
    </ClInclude>
    <ClInclude Include="Scene\Components\CERigidBodyComponent.h">
      <Filter>Header Files</Filter>
    </ClInclude>
    <ClInclude Include="Physics\CEPhysicsScene.h">
      <Filter>Header Files</Filter>
    </ClInclude>
    <ClInclude Include="Physics\CEPhysicsActor.h">
      <Filter>Header Files</Filter>
    </ClInclude>
    <ClInclude Include="Scene\Components\CETransformComponent.h">
      <Filter>Header Files</Filter>
    </ClInclude>
    <ClInclude Include="Scene\Components\CEColliderBoxComponent.h">
      <Filter>Header Files</Filter>
    </ClInclude>
    <ClInclude Include="Scene\Components\CEColliderSphereComponent.h">
      <Filter>Header Files</Filter>
    </ClInclude>
    <ClInclude Include="Scene\Components\CEColliderCapsuleComponent.h">
      <Filter>Header Files</Filter>
    </ClInclude>
    <ClInclude Include="Scene\Components\CEColliderMeshComponent.h">
      <Filter>Header Files</Filter>
    </ClInclude>
    <ClInclude Include="Scene\Components\CELinkComponent.h">
      <Filter>Header Files</Filter>
    </ClInclude>
    <ClInclude Include="Scene\Components\CEIDComponent.h">
      <Filter>Header Files</Filter>
    </ClInclude>
  </ItemGroup>
  <ItemGroup>
    <None Include="Windows\Windows.inl">
      <Filter>Header Files</Filter>
    </None>
    <None Include="packages.config" />
  </ItemGroup>
  <ItemGroup>
    <ClCompile Include="Core\Application\Generic\CECursor.cpp">
      <Filter>Source Files</Filter>
    </ClCompile>
    <ClCompile Include="Core\Application\Generic\CEConsole.cpp">
      <Filter>Source Files</Filter>
    </ClCompile>
    <ClCompile Include="Core\Application\Generic\CEGenericPlatform.cpp">
      <Filter>Source Files</Filter>
    </ClCompile>
    <ClCompile Include="Core\Application\Windows\CEWindowsCursor.cpp">
      <Filter>Source Files</Filter>
    </ClCompile>
    <ClCompile Include="Core\Application\Windows\CEWindowsConsole.cpp">
      <Filter>Source Files</Filter>
    </ClCompile>
    <ClCompile Include="Core\Application\Windows\CEWindowsPlatform.cpp">
      <Filter>Source Files</Filter>
    </ClCompile>
    <ClCompile Include="Core\Application\Windows\CEWindowsWindow.cpp">
      <Filter>Source Files</Filter>
    </ClCompile>
    <ClCompile Include="Core\Application\Application.cpp">
      <Filter>Source Files</Filter>
    </ClCompile>
    <ClCompile Include="Core\CoreObject\ClassType.cpp">
      <Filter>Source Files</Filter>
    </ClCompile>
    <ClCompile Include="Core\Engine\Engine.cpp">
      <Filter>Source Files</Filter>
    </ClCompile>
    <ClCompile Include="Core\Engine\EngineGlobals.cpp">
      <Filter>Source Files</Filter>
    </ClCompile>
    <ClCompile Include="Core\Engine\EngineLoop.cpp">
      <Filter>Source Files</Filter>
    </ClCompile>
    <ClCompile Include="Core\Input\CEInputManager.cpp">
      <Filter>Source Files</Filter>
    </ClCompile>
    <ClCompile Include="Core\Threading\Windows\WindowsThread.cpp">
      <Filter>Source Files</Filter>
    </ClCompile>
    <ClCompile Include="Core\Threading\CETaskManager.cpp">
      <Filter>Source Files</Filter>
    </ClCompile>
    <ClCompile Include="Core\RefCountedObject.cpp">
      <Filter>Source Files</Filter>
    </ClCompile>
    <ClCompile Include="D3D12\D3D12CommandContext.cpp">
      <Filter>Source Files</Filter>
    </ClCompile>
    <ClCompile Include="D3D12\D3D12DescriptorCache.cpp">
      <Filter>Source Files</Filter>
    </ClCompile>
    <ClCompile Include="D3D12\D3D12DescriptorHeap.cpp">
      <Filter>Source Files</Filter>
    </ClCompile>
    <ClCompile Include="D3D12\D3D12Device.cpp">
      <Filter>Source Files</Filter>
    </ClCompile>
    <ClCompile Include="D3D12\D3D12GPUProfiler.cpp">
      <Filter>Source Files</Filter>
    </ClCompile>
    <ClCompile Include="D3D12\D3D12PipelineState.cpp">
      <Filter>Source Files</Filter>
    </ClCompile>
    <ClCompile Include="D3D12\D3D12RayTracing.cpp">
      <Filter>Source Files</Filter>
    </ClCompile>
    <ClCompile Include="D3D12\CEDX12GraphicsManager.cpp">
      <Filter>Source Files</Filter>
    </ClCompile>
    <ClCompile Include="D3D12\D3D12Resource.cpp">
      <Filter>Source Files</Filter>
    </ClCompile>
    <ClCompile Include="D3D12\D3D12RootSignature.cpp">
      <Filter>Source Files</Filter>
    </ClCompile>
    <ClCompile Include="D3D12\D3D12Shader.cpp">
      <Filter>Source Files</Filter>
    </ClCompile>
    <ClCompile Include="D3D12\CEDX12ShaderCompiler.cpp">
      <Filter>Source Files</Filter>
    </ClCompile>
    <ClCompile Include="D3D12\D3D12Viewport.cpp">
      <Filter>Source Files</Filter>
    </ClCompile>
    <ClCompile Include="D3D12\D3D12Views.cpp">
      <Filter>Source Files</Filter>
    </ClCompile>
    <ClCompile Include="Debug\Console\Console.cpp">
      <Filter>Source Files</Filter>
    </ClCompile>
    <ClCompile Include="Debug\CEProfiler.cpp">
      <Filter>Source Files</Filter>
    </ClCompile>
    <ClCompile Include="Editor\Editor.cpp">
      <Filter>Source Files</Filter>
    </ClCompile>
    <ClCompile Include="Memory\LinearAllocator.cpp">
      <Filter>Source Files</Filter>
    </ClCompile>
    <ClCompile Include="Memory\CEMemory.cpp">
      <Filter>Source Files</Filter>
    </ClCompile>
    <ClCompile Include="Memory\New.cpp">
      <Filter>Source Files</Filter>
    </ClCompile>
    <ClCompile Include="Rendering\Resources\Material.cpp">
      <Filter>Source Files</Filter>
    </ClCompile>
    <ClCompile Include="Rendering\Resources\Mesh.cpp">
      <Filter>Source Files</Filter>
    </ClCompile>
    <ClCompile Include="Rendering\Resources\MeshFactory.cpp">
      <Filter>Source Files</Filter>
    </ClCompile>
    <ClCompile Include="Rendering\Resources\TextureFactory.cpp">
      <Filter>Source Files</Filter>
    </ClCompile>
    <ClCompile Include="Rendering\DebugUI.cpp">
      <Filter>Source Files</Filter>
    </ClCompile>
    <ClCompile Include="Rendering\DeferredRenderer.cpp">
      <Filter>Source Files</Filter>
    </ClCompile>
    <ClCompile Include="Rendering\ForwardRenderer.cpp">
      <Filter>Source Files</Filter>
    </ClCompile>
    <ClCompile Include="Rendering\FrameResources.cpp">
      <Filter>Source Files</Filter>
    </ClCompile>
    <ClCompile Include="Rendering\LightProbeRenderer.cpp">
      <Filter>Source Files</Filter>
    </ClCompile>
    <ClCompile Include="Rendering\LightSetup.cpp">
      <Filter>Source Files</Filter>
    </ClCompile>
    <ClCompile Include="Rendering\RayTracer.cpp">
      <Filter>Source Files</Filter>
    </ClCompile>
    <ClCompile Include="Rendering\CERenderer.cpp">
      <Filter>Source Files</Filter>
    </ClCompile>
    <ClCompile Include="Rendering\ScreenSpaceOcclusionRenderer.cpp">
      <Filter>Source Files</Filter>
    </ClCompile>
    <ClCompile Include="Rendering\ShadowMapRenderer.cpp">
      <Filter>Source Files</Filter>
    </ClCompile>
    <ClCompile Include="Rendering\SkyboxRenderPass.cpp">
      <Filter>Source Files</Filter>
    </ClCompile>
    <ClCompile Include="RenderLayer\CommandList.cpp">
      <Filter>Source Files</Filter>
    </ClCompile>
    <ClCompile Include="RenderLayer\RenderLayer.cpp">
      <Filter>Source Files</Filter>
    </ClCompile>
    <ClCompile Include="Scene\Lights\DirectionalLight.cpp">
      <Filter>Source Files</Filter>
    </ClCompile>
    <ClCompile Include="Scene\Lights\Light.cpp">
      <Filter>Source Files</Filter>
    </ClCompile>
    <ClCompile Include="Scene\Lights\PointLight.cpp">
      <Filter>Source Files</Filter>
    </ClCompile>
    <ClCompile Include="Scene\Lights\SpotLight.cpp">
      <Filter>Source Files</Filter>
    </ClCompile>
    <ClCompile Include="Scene\Actor.cpp">
      <Filter>Source Files</Filter>
    </ClCompile>
    <ClCompile Include="Scene\Camera.cpp">
      <Filter>Source Files</Filter>
    </ClCompile>
    <ClCompile Include="Scene\Frustum.cpp">
      <Filter>Source Files</Filter>
    </ClCompile>
    <ClCompile Include="Scene\CEScene.cpp">
      <Filter>Source Files</Filter>
    </ClCompile>
    <ClCompile Include="Time\CETimer.cpp">
      <Filter>Source Files</Filter>
    </ClCompile>
    <ClCompile Include="Main\Windows\WindowsMain.cpp">
      <Filter>Source Files</Filter>
    </ClCompile>
    <ClCompile Include="Main\EngineMain.cpp">
      <Filter>Source Files</Filter>
    </ClCompile>
    <ClCompile Include="PreCompiled.cpp">
      <Filter>Source Files</Filter>
    </ClCompile>
    <ClCompile Include="ConceptEngine.cpp">
      <Filter>Source Files</Filter>
    </ClCompile>
    <ClCompile Include="Config\CEGlobalConfigs.cpp">
      <Filter>Source Files</Filter>
    </ClCompile>
    <ClCompile Include="Boot\CECore.cpp">
      <Filter>Source Files</Filter>
    </ClCompile>
    <ClCompile Include="Boot\CECoreRuntime.cpp">
      <Filter>Source Files</Filter>
    </ClCompile>
    <ClCompile Include="Boot\CERuntime.cpp">
      <Filter>Source Files</Filter>
    </ClCompile>
    <ClCompile Include="Boot\CEEditor.cpp">
      <Filter>Source Files</Filter>
    </ClCompile>
    <ClCompile Include="Boot\CEDebugRuntime.cpp">
      <Filter>Source Files</Filter>
    </ClCompile>
    <ClCompile Include="Project\CEPlayground.cpp">
      <Filter>Source Files</Filter>
    </ClCompile>
    <ClCompile Include="Boot\Callbacks\CEEngineController.cpp">
      <Filter>Source Files</Filter>
    </ClCompile>
    <ClCompile Include="Graphics\CEGraphics.cpp">
      <Filter>Source Files</Filter>
    </ClCompile>
    <ClCompile Include="Graphics\D3D12\CEDirectX12.cpp">
      <Filter>Source Files</Filter>
    </ClCompile>
    <ClCompile Include="Graphics\D3D11\CEDirectX11.cpp">
      <Filter>Source Files</Filter>
    </ClCompile>
    <ClCompile Include="Graphics\Metal\CEMetal.cpp">
      <Filter>Source Files</Filter>
    </ClCompile>
    <ClCompile Include="Graphics\OpenGL\CEOpenGL.cpp">
      <Filter>Source Files</Filter>
    </ClCompile>
    <ClCompile Include="Graphics\Vulkan\CEVulkan.cpp">
      <Filter>Source Files</Filter>
    </ClCompile>
    <ClCompile Include="Platform\CEPlatform.cpp">
      <Filter>Source Files</Filter>
    </ClCompile>
    <ClCompile Include="Platform\Windows\CEWindows.cpp">
      <Filter>Source Files</Filter>
    </ClCompile>
    <ClCompile Include="Platform\Mac\CEMac.cpp">
      <Filter>Source Files</Filter>
    </ClCompile>
    <ClCompile Include="Platform\Linux\CELinux.cpp">
      <Filter>Source Files</Filter>
    </ClCompile>
    <ClCompile Include="Platform\iOS\CEiOS.cpp">
      <Filter>Source Files</Filter>
    </ClCompile>
    <ClCompile Include="Platform\Android\CEAndroid.cpp">
      <Filter>Source Files</Filter>
    </ClCompile>
    <ClCompile Include="Graphics\WebGL\CEWebGL.cpp">
      <Filter>Source Files</Filter>
    </ClCompile>
    <ClCompile Include="Graphics\D3D12\Rendering\CEDX12Renderer.cpp">
      <Filter>Source Files</Filter>
    </ClCompile>
    <ClCompile Include="Core\Application\Windows\CEWindowsInputManager.cpp">
      <Filter>Source Files</Filter>
    </ClCompile>
    <ClCompile Include="Graphics\D3D12\Managers\CEDX12TextureManager.cpp">
      <Filter>Source Files</Filter>
    </ClCompile>
    <ClCompile Include="Graphics\D3D12\Managers\CEDX12MeshManager.cpp">
      <Filter>Source Files</Filter>
    </ClCompile>
    <ClCompile Include="D3D12\CEDX12DebugUI.cpp">
      <Filter>Source Files</Filter>
    </ClCompile>
    <ClCompile Include="Graphics\Generic\Managers\CETextureManager.cpp">
      <Filter>Source Files</Filter>
    </ClCompile>
    <ClCompile Include="Physics\PhysX\CEPhysX.cpp">
      <Filter>Source Files</Filter>
    </ClCompile>
    <ClCompile Include="Graphics\D3D12\Rendering\FX\CEDX12BloomFX.cpp">
      <Filter>Source Files</Filter>
    </ClCompile>
    <ClCompile Include="Graphics\D3D12\Rendering\FX\CEDX12BlurFX.cpp">
      <Filter>Source Files</Filter>
    </ClCompile>
    <ClCompile Include="Graphics\D3D12\Rendering\FX\CEDX12FogFX.cpp">
      <Filter>Source Files</Filter>
    </ClCompile>
    <ClCompile Include="Graphics\Generic\Rendering\Objects\CEProcGrass.cpp">
      <Filter>Source Files</Filter>
    </ClCompile>
    <ClCompile Include="Graphics\Generic\Rendering\Objects\CEProcWater.cpp">
      <Filter>Source Files</Filter>
    </ClCompile>
    <ClCompile Include="Graphics\Generic\Rendering\FX\CEBloomFX.cpp">
      <Filter>Source Files</Filter>
    </ClCompile>
    <ClCompile Include="Graphics\Generic\Rendering\FX\CEBlurFX.cpp">
      <Filter>Source Files</Filter>
    </ClCompile>
    <ClCompile Include="Graphics\Generic\Rendering\FX\CEFogFX.cpp">
      <Filter>Source Files</Filter>
    </ClCompile>
    <ClCompile Include="Graphics\Generic\Rendering\FX\CEFireFX.cpp">
      <Filter>Source Files</Filter>
    </ClCompile>
    <ClCompile Include="Graphics\D3D12\Rendering\FX\CEDX12FireFX.cpp">
      <Filter>Source Files</Filter>
    </ClCompile>
    <ClCompile Include="Physics\PhysX\CEPhysXScene.cpp">
      <Filter>Source Files</Filter>
    </ClCompile>
    <ClCompile Include="Physics\PhysX\CEPhysXActor.cpp">
      <Filter>Source Files</Filter>
    </ClCompile>
    <ClCompile Include="Graphics\Generic\Rendering\Objects\CEProcCloud.cpp">
      <Filter>Source Files</Filter>
    </ClCompile>
    <ClCompile Include="Graphics\Generic\Rendering\Objects\CEProcRain.cpp">
      <Filter>Source Files</Filter>
    </ClCompile>
    <ClCompile Include="Graphics\Generic\Rendering\Objects\CEProcTerrain.cpp">
      <Filter>Source Files</Filter>
    </ClCompile>
    <ClCompile Include="Graphics\Generic\Rendering\Objects\CEProcSnow.cpp">
      <Filter>Source Files</Filter>
    </ClCompile>
    <ClCompile Include="Graphics\D3D12\Rendering\Objects\CEDX12ProcCloud.cpp">
      <Filter>Source Files</Filter>
    </ClCompile>
    <ClCompile Include="Graphics\D3D12\Rendering\Objects\CEDX12ProcGrass.cpp">
      <Filter>Source Files</Filter>
    </ClCompile>
    <ClCompile Include="Graphics\D3D12\Rendering\Objects\CEDX12ProcRain.cpp">
      <Filter>Source Files</Filter>
    </ClCompile>
    <ClCompile Include="Graphics\D3D12\Rendering\Objects\CEDX12ProcSnow.cpp">
      <Filter>Source Files</Filter>
    </ClCompile>
    <ClCompile Include="Graphics\D3D12\Rendering\Objects\CEDX12ProcTerrain.cpp">
      <Filter>Source Files</Filter>
    </ClCompile>
    <ClCompile Include="Graphics\D3D12\Rendering\Objects\CEDX12ProcWater.cpp">
      <Filter>Source Files</Filter>
    </ClCompile>
    <ClCompile Include="Physics\PhysX\CEPhysXManager.cpp">
      <Filter>Source Files</Filter>
    </ClCompile>
    <ClCompile Include="Physics\PhysX\CEPhysXShapes.cpp">
      <Filter>Source Files</Filter>
    </ClCompile>
    <ClCompile Include="Physics\PhysX\CEContactCallback.cpp">
      <Filter>Source Files</Filter>
    </ClCompile>
    <ClCompile Include="Physics\PhysX\CECookingFactory.cpp">
      <Filter>Source Files</Filter>
    </ClCompile>
    <ClCompile Include="Physics\PhysX\CEPhysXDebugger.cpp">
      <Filter>Source Files</Filter>
    </ClCompile>
    <ClCompile Include="Physics\CEPhysicsScene.cpp">
      <Filter>Source Files</Filter>
    </ClCompile>
  </ItemGroup>
</Project>