Microsoft Visual Studio Solution File, Format Version 12.00
# Visual Studio Version 16
VisualStudioVersion = 16.0.29728.190
MinimumVisualStudioVersion = 10.0.40219.1
Project("{8BC9CEB8-8B4A-11D0-8D11-00A0C91BC942}") = "ConceptEngineEditor", "ConceptEngineEditor\ConceptEngineEditor.vcxproj", "{46C0CBAB-5660-40AF-A046-1E6CB890D986}"
EndProject
Project("{8BC9CEB8-8B4A-11D0-8D11-00A0C91BC942}") = "ConceptEngineFramework", "ConceptEngineFramework\ConceptEngineFramework.vcxproj", "{D91C74FD-B6A3-4604-819A-6BBD97737979}"
EndProject
Project("{8BC9CEB8-8B4A-11D0-8D11-00A0C91BC942}") = "ConceptEngineTutorialRunner", "ConceptEngineTutorialRunner\ConceptEngineTutorialRunner.vcxproj", "{7C57FAAF-AC46-4C3C-B31A-99AD292D1800}"
	ProjectSection(ProjectDependencies) = postProject
		{9FB972F4-FE67-45A9-9C96-CAF2D0671558} = {9FB972F4-FE67-45A9-9C96-CAF2D0671558}
	EndProjectSection
EndProject
Project("{2150E333-8FDC-42A3-9474-1A3956D46DE8}") = "Framework", "Framework", "{9DF9FD3A-095B-48B0-B518-70D751B11C51}"
EndProject
Project("{2150E333-8FDC-42A3-9474-1A3956D46DE8}") = "Tutorials", "Tutorials", "{8AFBF528-9543-46EF-B166-35729D58E048}"
EndProject
Project("{2150E333-8FDC-42A3-9474-1A3956D46DE8}") = "Libs", "Libs", "{5A37B1E5-1FA9-48E9-9E80-6F66190C4F7E}"
EndProject
Project("{8BC9CEB8-8B4A-11D0-8D11-00A0C91BC942}") = "RTHelloWorld", "RTHelloWorld\RTHelloWorld.vcxproj", "{9FB972F4-FE67-45A9-9C96-CAF2D0671558}"
EndProject
Project("{8BC9CEB8-8B4A-11D0-8D11-00A0C91BC942}") = "RTLibrarySubObjects", "RTLibrarySubObjects\RTLibrarySubObjects.vcxproj", "{27E43630-D269-4590-8710-71FBF07CA298}"
	ProjectSection(ProjectDependencies) = postProject
		{491D324F-AC61-4FE4-A4A2-D7A8097D94D6} = {491D324F-AC61-4FE4-A4A2-D7A8097D94D6}
	EndProjectSection
EndProject
Project("{2150E333-8FDC-42A3-9474-1A3956D46DE8}") = "Framework", "Framework", "{B8393663-1F70-4295-95DA-F71B7F02A447}"
EndProject
Project("{8BC9CEB8-8B4A-11D0-8D11-00A0C91BC942}") = "RTFramework", "RTFramework\RTFramework.vcxproj", "{491D324F-AC61-4FE4-A4A2-D7A8097D94D6}"
EndProject
Global
	GlobalSection(SolutionConfigurationPlatforms) = preSolution
		Debug|x64 = Debug|x64
		Debug|x86 = Debug|x86
		DebugD3D12|x64 = DebugD3D12|x64
		DebugD3D12|x86 = DebugD3D12|x86
		DebugVK|x64 = DebugVK|x64
		DebugVK|x86 = DebugVK|x86
		MinSizeRel|x64 = MinSizeRel|x64
		MinSizeRel|x86 = MinSizeRel|x86
		Release|x64 = Release|x64
		Release|x86 = Release|x86
		ReleaseD3D12|x64 = ReleaseD3D12|x64
		ReleaseD3D12|x86 = ReleaseD3D12|x86
		ReleaseVK|x64 = ReleaseVK|x64
		ReleaseVK|x86 = ReleaseVK|x86
		RelWithDebInfo|x64 = RelWithDebInfo|x64
		RelWithDebInfo|x86 = RelWithDebInfo|x86
	EndGlobalSection
	GlobalSection(ProjectConfigurationPlatforms) = postSolution
		{46C0CBAB-5660-40AF-A046-1E6CB890D986}.Debug|x64.ActiveCfg = Debug|x64
		{46C0CBAB-5660-40AF-A046-1E6CB890D986}.Debug|x64.Build.0 = Debug|x64
		{46C0CBAB-5660-40AF-A046-1E6CB890D986}.Debug|x86.ActiveCfg = Debug|Win32
		{46C0CBAB-5660-40AF-A046-1E6CB890D986}.Debug|x86.Build.0 = Debug|Win32
		{46C0CBAB-5660-40AF-A046-1E6CB890D986}.DebugD3D12|x64.ActiveCfg = Debug|x64
		{46C0CBAB-5660-40AF-A046-1E6CB890D986}.DebugD3D12|x64.Build.0 = Debug|x64
		{46C0CBAB-5660-40AF-A046-1E6CB890D986}.DebugD3D12|x86.ActiveCfg = Debug|Win32
		{46C0CBAB-5660-40AF-A046-1E6CB890D986}.DebugD3D12|x86.Build.0 = Debug|Win32
		{46C0CBAB-5660-40AF-A046-1E6CB890D986}.DebugVK|x64.ActiveCfg = Debug|x64
		{46C0CBAB-5660-40AF-A046-1E6CB890D986}.DebugVK|x64.Build.0 = Debug|x64
		{46C0CBAB-5660-40AF-A046-1E6CB890D986}.DebugVK|x86.ActiveCfg = Debug|Win32
		{46C0CBAB-5660-40AF-A046-1E6CB890D986}.DebugVK|x86.Build.0 = Debug|Win32
		{46C0CBAB-5660-40AF-A046-1E6CB890D986}.MinSizeRel|x64.ActiveCfg = Release|x64
		{46C0CBAB-5660-40AF-A046-1E6CB890D986}.MinSizeRel|x64.Build.0 = Release|x64
		{46C0CBAB-5660-40AF-A046-1E6CB890D986}.MinSizeRel|x86.ActiveCfg = Release|Win32
		{46C0CBAB-5660-40AF-A046-1E6CB890D986}.MinSizeRel|x86.Build.0 = Release|Win32
		{46C0CBAB-5660-40AF-A046-1E6CB890D986}.Release|x64.ActiveCfg = Release|x64
		{46C0CBAB-5660-40AF-A046-1E6CB890D986}.Release|x64.Build.0 = Release|x64
		{46C0CBAB-5660-40AF-A046-1E6CB890D986}.Release|x86.ActiveCfg = Release|Win32
		{46C0CBAB-5660-40AF-A046-1E6CB890D986}.Release|x86.Build.0 = Release|Win32
		{46C0CBAB-5660-40AF-A046-1E6CB890D986}.ReleaseD3D12|x64.ActiveCfg = Release|x64
		{46C0CBAB-5660-40AF-A046-1E6CB890D986}.ReleaseD3D12|x64.Build.0 = Release|x64
		{46C0CBAB-5660-40AF-A046-1E6CB890D986}.ReleaseD3D12|x86.ActiveCfg = Release|Win32
		{46C0CBAB-5660-40AF-A046-1E6CB890D986}.ReleaseD3D12|x86.Build.0 = Release|Win32
		{46C0CBAB-5660-40AF-A046-1E6CB890D986}.ReleaseVK|x64.ActiveCfg = Release|x64
		{46C0CBAB-5660-40AF-A046-1E6CB890D986}.ReleaseVK|x64.Build.0 = Release|x64
		{46C0CBAB-5660-40AF-A046-1E6CB890D986}.ReleaseVK|x86.ActiveCfg = Release|Win32
		{46C0CBAB-5660-40AF-A046-1E6CB890D986}.ReleaseVK|x86.Build.0 = Release|Win32
		{46C0CBAB-5660-40AF-A046-1E6CB890D986}.RelWithDebInfo|x64.ActiveCfg = Release|x64
		{46C0CBAB-5660-40AF-A046-1E6CB890D986}.RelWithDebInfo|x64.Build.0 = Release|x64
		{46C0CBAB-5660-40AF-A046-1E6CB890D986}.RelWithDebInfo|x86.ActiveCfg = Release|Win32
		{46C0CBAB-5660-40AF-A046-1E6CB890D986}.RelWithDebInfo|x86.Build.0 = Release|Win32
		{D91C74FD-B6A3-4604-819A-6BBD97737979}.Debug|x64.ActiveCfg = Debug|x64
		{D91C74FD-B6A3-4604-819A-6BBD97737979}.Debug|x64.Build.0 = Debug|x64
		{D91C74FD-B6A3-4604-819A-6BBD97737979}.Debug|x86.ActiveCfg = Debug|Win32
		{D91C74FD-B6A3-4604-819A-6BBD97737979}.Debug|x86.Build.0 = Debug|Win32
		{D91C74FD-B6A3-4604-819A-6BBD97737979}.DebugD3D12|x64.ActiveCfg = Debug|x64
		{D91C74FD-B6A3-4604-819A-6BBD97737979}.DebugD3D12|x64.Build.0 = Debug|x64
		{D91C74FD-B6A3-4604-819A-6BBD97737979}.DebugD3D12|x86.ActiveCfg = Debug|Win32
		{D91C74FD-B6A3-4604-819A-6BBD97737979}.DebugD3D12|x86.Build.0 = Debug|Win32
		{D91C74FD-B6A3-4604-819A-6BBD97737979}.DebugVK|x64.ActiveCfg = Debug|x64
		{D91C74FD-B6A3-4604-819A-6BBD97737979}.DebugVK|x64.Build.0 = Debug|x64
		{D91C74FD-B6A3-4604-819A-6BBD97737979}.DebugVK|x86.ActiveCfg = Debug|Win32
		{D91C74FD-B6A3-4604-819A-6BBD97737979}.DebugVK|x86.Build.0 = Debug|Win32
		{D91C74FD-B6A3-4604-819A-6BBD97737979}.MinSizeRel|x64.ActiveCfg = Release|x64
		{D91C74FD-B6A3-4604-819A-6BBD97737979}.MinSizeRel|x64.Build.0 = Release|x64
		{D91C74FD-B6A3-4604-819A-6BBD97737979}.MinSizeRel|x86.ActiveCfg = Release|Win32
		{D91C74FD-B6A3-4604-819A-6BBD97737979}.MinSizeRel|x86.Build.0 = Release|Win32
		{D91C74FD-B6A3-4604-819A-6BBD97737979}.Release|x64.ActiveCfg = Release|x64
		{D91C74FD-B6A3-4604-819A-6BBD97737979}.Release|x64.Build.0 = Release|x64
		{D91C74FD-B6A3-4604-819A-6BBD97737979}.Release|x86.ActiveCfg = Release|Win32
		{D91C74FD-B6A3-4604-819A-6BBD97737979}.Release|x86.Build.0 = Release|Win32
		{D91C74FD-B6A3-4604-819A-6BBD97737979}.ReleaseD3D12|x64.ActiveCfg = Release|x64
		{D91C74FD-B6A3-4604-819A-6BBD97737979}.ReleaseD3D12|x64.Build.0 = Release|x64
		{D91C74FD-B6A3-4604-819A-6BBD97737979}.ReleaseD3D12|x86.ActiveCfg = Release|Win32
		{D91C74FD-B6A3-4604-819A-6BBD97737979}.ReleaseD3D12|x86.Build.0 = Release|Win32
		{D91C74FD-B6A3-4604-819A-6BBD97737979}.ReleaseVK|x64.ActiveCfg = Release|x64
		{D91C74FD-B6A3-4604-819A-6BBD97737979}.ReleaseVK|x64.Build.0 = Release|x64
		{D91C74FD-B6A3-4604-819A-6BBD97737979}.ReleaseVK|x86.ActiveCfg = Release|Win32
		{D91C74FD-B6A3-4604-819A-6BBD97737979}.ReleaseVK|x86.Build.0 = Release|Win32
		{D91C74FD-B6A3-4604-819A-6BBD97737979}.RelWithDebInfo|x64.ActiveCfg = Release|x64
		{D91C74FD-B6A3-4604-819A-6BBD97737979}.RelWithDebInfo|x64.Build.0 = Release|x64
		{D91C74FD-B6A3-4604-819A-6BBD97737979}.RelWithDebInfo|x86.ActiveCfg = Release|Win32
		{D91C74FD-B6A3-4604-819A-6BBD97737979}.RelWithDebInfo|x86.Build.0 = Release|Win32
		{7C57FAAF-AC46-4C3C-B31A-99AD292D1800}.Debug|x64.ActiveCfg = Debug|x64
		{7C57FAAF-AC46-4C3C-B31A-99AD292D1800}.Debug|x64.Build.0 = Debug|x64
		{7C57FAAF-AC46-4C3C-B31A-99AD292D1800}.Debug|x86.ActiveCfg = Debug|Win32
		{7C57FAAF-AC46-4C3C-B31A-99AD292D1800}.Debug|x86.Build.0 = Debug|Win32
		{7C57FAAF-AC46-4C3C-B31A-99AD292D1800}.DebugD3D12|x64.ActiveCfg = Debug|x64
		{7C57FAAF-AC46-4C3C-B31A-99AD292D1800}.DebugD3D12|x64.Build.0 = Debug|x64
		{7C57FAAF-AC46-4C3C-B31A-99AD292D1800}.DebugD3D12|x86.ActiveCfg = Debug|Win32
		{7C57FAAF-AC46-4C3C-B31A-99AD292D1800}.DebugD3D12|x86.Build.0 = Debug|Win32
		{7C57FAAF-AC46-4C3C-B31A-99AD292D1800}.DebugVK|x64.ActiveCfg = Debug|x64
		{7C57FAAF-AC46-4C3C-B31A-99AD292D1800}.DebugVK|x64.Build.0 = Debug|x64
		{7C57FAAF-AC46-4C3C-B31A-99AD292D1800}.DebugVK|x86.ActiveCfg = Debug|Win32
		{7C57FAAF-AC46-4C3C-B31A-99AD292D1800}.DebugVK|x86.Build.0 = Debug|Win32
		{7C57FAAF-AC46-4C3C-B31A-99AD292D1800}.MinSizeRel|x64.ActiveCfg = Debug|x64
		{7C57FAAF-AC46-4C3C-B31A-99AD292D1800}.MinSizeRel|x64.Build.0 = Debug|x64
		{7C57FAAF-AC46-4C3C-B31A-99AD292D1800}.MinSizeRel|x86.ActiveCfg = Debug|Win32
		{7C57FAAF-AC46-4C3C-B31A-99AD292D1800}.MinSizeRel|x86.Build.0 = Debug|Win32
		{7C57FAAF-AC46-4C3C-B31A-99AD292D1800}.Release|x64.ActiveCfg = Release|x64
		{7C57FAAF-AC46-4C3C-B31A-99AD292D1800}.Release|x64.Build.0 = Release|x64
		{7C57FAAF-AC46-4C3C-B31A-99AD292D1800}.Release|x86.ActiveCfg = Release|Win32
		{7C57FAAF-AC46-4C3C-B31A-99AD292D1800}.Release|x86.Build.0 = Release|Win32
		{7C57FAAF-AC46-4C3C-B31A-99AD292D1800}.ReleaseD3D12|x64.ActiveCfg = Release|x64
		{7C57FAAF-AC46-4C3C-B31A-99AD292D1800}.ReleaseD3D12|x64.Build.0 = Release|x64
		{7C57FAAF-AC46-4C3C-B31A-99AD292D1800}.ReleaseD3D12|x86.ActiveCfg = Release|Win32
		{7C57FAAF-AC46-4C3C-B31A-99AD292D1800}.ReleaseD3D12|x86.Build.0 = Release|Win32
		{7C57FAAF-AC46-4C3C-B31A-99AD292D1800}.ReleaseVK|x64.ActiveCfg = Release|x64
		{7C57FAAF-AC46-4C3C-B31A-99AD292D1800}.ReleaseVK|x64.Build.0 = Release|x64
		{7C57FAAF-AC46-4C3C-B31A-99AD292D1800}.ReleaseVK|x86.ActiveCfg = Release|Win32
		{7C57FAAF-AC46-4C3C-B31A-99AD292D1800}.ReleaseVK|x86.Build.0 = Release|Win32
		{7C57FAAF-AC46-4C3C-B31A-99AD292D1800}.RelWithDebInfo|x64.ActiveCfg = Release|x64
		{7C57FAAF-AC46-4C3C-B31A-99AD292D1800}.RelWithDebInfo|x64.Build.0 = Release|x64
		{7C57FAAF-AC46-4C3C-B31A-99AD292D1800}.RelWithDebInfo|x86.ActiveCfg = Release|Win32
		{7C57FAAF-AC46-4C3C-B31A-99AD292D1800}.RelWithDebInfo|x86.Build.0 = Release|Win32
		{9FB972F4-FE67-45A9-9C96-CAF2D0671558}.Debug|x64.ActiveCfg = Debug|x64
		{9FB972F4-FE67-45A9-9C96-CAF2D0671558}.Debug|x64.Build.0 = Debug|x64
		{9FB972F4-FE67-45A9-9C96-CAF2D0671558}.Debug|x86.ActiveCfg = Debug|Win32
		{9FB972F4-FE67-45A9-9C96-CAF2D0671558}.Debug|x86.Build.0 = Debug|Win32
		{9FB972F4-FE67-45A9-9C96-CAF2D0671558}.DebugD3D12|x64.ActiveCfg = Debug|x64
		{9FB972F4-FE67-45A9-9C96-CAF2D0671558}.DebugD3D12|x64.Build.0 = Debug|x64
		{9FB972F4-FE67-45A9-9C96-CAF2D0671558}.DebugD3D12|x86.ActiveCfg = Debug|Win32
		{9FB972F4-FE67-45A9-9C96-CAF2D0671558}.DebugD3D12|x86.Build.0 = Debug|Win32
		{9FB972F4-FE67-45A9-9C96-CAF2D0671558}.DebugVK|x64.ActiveCfg = Debug|x64
		{9FB972F4-FE67-45A9-9C96-CAF2D0671558}.DebugVK|x64.Build.0 = Debug|x64
		{9FB972F4-FE67-45A9-9C96-CAF2D0671558}.DebugVK|x86.ActiveCfg = Debug|Win32
		{9FB972F4-FE67-45A9-9C96-CAF2D0671558}.DebugVK|x86.Build.0 = Debug|Win32
		{9FB972F4-FE67-45A9-9C96-CAF2D0671558}.MinSizeRel|x64.ActiveCfg = Debug|x64
		{9FB972F4-FE67-45A9-9C96-CAF2D0671558}.MinSizeRel|x64.Build.0 = Debug|x64
		{9FB972F4-FE67-45A9-9C96-CAF2D0671558}.MinSizeRel|x86.ActiveCfg = Debug|Win32
		{9FB972F4-FE67-45A9-9C96-CAF2D0671558}.MinSizeRel|x86.Build.0 = Debug|Win32
		{9FB972F4-FE67-45A9-9C96-CAF2D0671558}.Release|x64.ActiveCfg = Release|x64
		{9FB972F4-FE67-45A9-9C96-CAF2D0671558}.Release|x64.Build.0 = Release|x64
		{9FB972F4-FE67-45A9-9C96-CAF2D0671558}.Release|x86.ActiveCfg = Release|Win32
		{9FB972F4-FE67-45A9-9C96-CAF2D0671558}.Release|x86.Build.0 = Release|Win32
		{9FB972F4-FE67-45A9-9C96-CAF2D0671558}.ReleaseD3D12|x64.ActiveCfg = Release|x64
		{9FB972F4-FE67-45A9-9C96-CAF2D0671558}.ReleaseD3D12|x64.Build.0 = Release|x64
		{9FB972F4-FE67-45A9-9C96-CAF2D0671558}.ReleaseD3D12|x86.ActiveCfg = Release|Win32
		{9FB972F4-FE67-45A9-9C96-CAF2D0671558}.ReleaseD3D12|x86.Build.0 = Release|Win32
		{9FB972F4-FE67-45A9-9C96-CAF2D0671558}.ReleaseVK|x64.ActiveCfg = Release|x64
		{9FB972F4-FE67-45A9-9C96-CAF2D0671558}.ReleaseVK|x64.Build.0 = Release|x64
		{9FB972F4-FE67-45A9-9C96-CAF2D0671558}.ReleaseVK|x86.ActiveCfg = Release|Win32
		{9FB972F4-FE67-45A9-9C96-CAF2D0671558}.ReleaseVK|x86.Build.0 = Release|Win32
		{9FB972F4-FE67-45A9-9C96-CAF2D0671558}.RelWithDebInfo|x64.ActiveCfg = Release|x64
		{9FB972F4-FE67-45A9-9C96-CAF2D0671558}.RelWithDebInfo|x64.Build.0 = Release|x64
		{9FB972F4-FE67-45A9-9C96-CAF2D0671558}.RelWithDebInfo|x86.ActiveCfg = Release|Win32
		{9FB972F4-FE67-45A9-9C96-CAF2D0671558}.RelWithDebInfo|x86.Build.0 = Release|Win32
		{27E43630-D269-4590-8710-71FBF07CA298}.Debug|x64.ActiveCfg = Debug|x64
		{27E43630-D269-4590-8710-71FBF07CA298}.Debug|x64.Build.0 = Debug|x64
		{27E43630-D269-4590-8710-71FBF07CA298}.Debug|x86.ActiveCfg = Debug|Win32
		{27E43630-D269-4590-8710-71FBF07CA298}.Debug|x86.Build.0 = Debug|Win32
		{27E43630-D269-4590-8710-71FBF07CA298}.DebugD3D12|x64.ActiveCfg = Debug|x64
		{27E43630-D269-4590-8710-71FBF07CA298}.DebugD3D12|x64.Build.0 = Debug|x64
		{27E43630-D269-4590-8710-71FBF07CA298}.DebugD3D12|x86.ActiveCfg = Debug|Win32
		{27E43630-D269-4590-8710-71FBF07CA298}.DebugD3D12|x86.Build.0 = Debug|Win32
		{27E43630-D269-4590-8710-71FBF07CA298}.DebugVK|x64.ActiveCfg = Debug|x64
		{27E43630-D269-4590-8710-71FBF07CA298}.DebugVK|x64.Build.0 = Debug|x64
		{27E43630-D269-4590-8710-71FBF07CA298}.DebugVK|x86.ActiveCfg = Debug|Win32
		{27E43630-D269-4590-8710-71FBF07CA298}.DebugVK|x86.Build.0 = Debug|Win32
		{27E43630-D269-4590-8710-71FBF07CA298}.MinSizeRel|x64.ActiveCfg = Debug|x64
		{27E43630-D269-4590-8710-71FBF07CA298}.MinSizeRel|x64.Build.0 = Debug|x64
		{27E43630-D269-4590-8710-71FBF07CA298}.MinSizeRel|x86.ActiveCfg = Debug|Win32
		{27E43630-D269-4590-8710-71FBF07CA298}.MinSizeRel|x86.Build.0 = Debug|Win32
		{27E43630-D269-4590-8710-71FBF07CA298}.Release|x64.ActiveCfg = Release|x64
		{27E43630-D269-4590-8710-71FBF07CA298}.Release|x64.Build.0 = Release|x64
		{27E43630-D269-4590-8710-71FBF07CA298}.Release|x86.ActiveCfg = Release|Win32
		{27E43630-D269-4590-8710-71FBF07CA298}.Release|x86.Build.0 = Release|Win32
		{27E43630-D269-4590-8710-71FBF07CA298}.ReleaseD3D12|x64.ActiveCfg = Release|x64
		{27E43630-D269-4590-8710-71FBF07CA298}.ReleaseD3D12|x64.Build.0 = Release|x64
		{27E43630-D269-4590-8710-71FBF07CA298}.ReleaseD3D12|x86.ActiveCfg = Release|Win32
		{27E43630-D269-4590-8710-71FBF07CA298}.ReleaseD3D12|x86.Build.0 = Release|Win32
		{27E43630-D269-4590-8710-71FBF07CA298}.ReleaseVK|x64.ActiveCfg = Release|x64
		{27E43630-D269-4590-8710-71FBF07CA298}.ReleaseVK|x64.Build.0 = Release|x64
		{27E43630-D269-4590-8710-71FBF07CA298}.ReleaseVK|x86.ActiveCfg = Release|Win32
		{27E43630-D269-4590-8710-71FBF07CA298}.ReleaseVK|x86.Build.0 = Release|Win32
		{27E43630-D269-4590-8710-71FBF07CA298}.RelWithDebInfo|x64.ActiveCfg = Release|x64
		{27E43630-D269-4590-8710-71FBF07CA298}.RelWithDebInfo|x64.Build.0 = Release|x64
		{27E43630-D269-4590-8710-71FBF07CA298}.RelWithDebInfo|x86.ActiveCfg = Release|Win32
		{27E43630-D269-4590-8710-71FBF07CA298}.RelWithDebInfo|x86.Build.0 = Release|Win32
		{491D324F-AC61-4FE4-A4A2-D7A8097D94D6}.Debug|x64.ActiveCfg = Debug|x64
		{491D324F-AC61-4FE4-A4A2-D7A8097D94D6}.Debug|x64.Build.0 = Debug|x64
		{491D324F-AC61-4FE4-A4A2-D7A8097D94D6}.Debug|x86.ActiveCfg = Debug|Win32
		{491D324F-AC61-4FE4-A4A2-D7A8097D94D6}.Debug|x86.Build.0 = Debug|Win32
		{491D324F-AC61-4FE4-A4A2-D7A8097D94D6}.DebugD3D12|x64.ActiveCfg = Debug|x64
		{491D324F-AC61-4FE4-A4A2-D7A8097D94D6}.DebugD3D12|x64.Build.0 = Debug|x64
		{491D324F-AC61-4FE4-A4A2-D7A8097D94D6}.DebugD3D12|x86.ActiveCfg = Debug|Win32
		{491D324F-AC61-4FE4-A4A2-D7A8097D94D6}.DebugD3D12|x86.Build.0 = Debug|Win32
		{491D324F-AC61-4FE4-A4A2-D7A8097D94D6}.DebugVK|x64.ActiveCfg = Debug|x64
		{491D324F-AC61-4FE4-A4A2-D7A8097D94D6}.DebugVK|x64.Build.0 = Debug|x64
		{491D324F-AC61-4FE4-A4A2-D7A8097D94D6}.DebugVK|x86.ActiveCfg = Debug|Win32
		{491D324F-AC61-4FE4-A4A2-D7A8097D94D6}.DebugVK|x86.Build.0 = Debug|Win32
		{491D324F-AC61-4FE4-A4A2-D7A8097D94D6}.MinSizeRel|x64.ActiveCfg = Debug|x64
		{491D324F-AC61-4FE4-A4A2-D7A8097D94D6}.MinSizeRel|x64.Build.0 = Debug|x64
		{491D324F-AC61-4FE4-A4A2-D7A8097D94D6}.MinSizeRel|x86.ActiveCfg = Debug|Win32
		{491D324F-AC61-4FE4-A4A2-D7A8097D94D6}.MinSizeRel|x86.Build.0 = Debug|Win32
		{491D324F-AC61-4FE4-A4A2-D7A8097D94D6}.Release|x64.ActiveCfg = Release|x64
		{491D324F-AC61-4FE4-A4A2-D7A8097D94D6}.Release|x64.Build.0 = Release|x64
		{491D324F-AC61-4FE4-A4A2-D7A8097D94D6}.Release|x86.ActiveCfg = Release|Win32
		{491D324F-AC61-4FE4-A4A2-D7A8097D94D6}.Release|x86.Build.0 = Release|Win32
		{491D324F-AC61-4FE4-A4A2-D7A8097D94D6}.ReleaseD3D12|x64.ActiveCfg = Release|x64
		{491D324F-AC61-4FE4-A4A2-D7A8097D94D6}.ReleaseD3D12|x64.Build.0 = Release|x64
		{491D324F-AC61-4FE4-A4A2-D7A8097D94D6}.ReleaseD3D12|x86.ActiveCfg = Release|Win32
		{491D324F-AC61-4FE4-A4A2-D7A8097D94D6}.ReleaseD3D12|x86.Build.0 = Release|Win32
		{491D324F-AC61-4FE4-A4A2-D7A8097D94D6}.ReleaseVK|x64.ActiveCfg = Release|x64
		{491D324F-AC61-4FE4-A4A2-D7A8097D94D6}.ReleaseVK|x64.Build.0 = Release|x64
		{491D324F-AC61-4FE4-A4A2-D7A8097D94D6}.ReleaseVK|x86.ActiveCfg = Release|Win32
		{491D324F-AC61-4FE4-A4A2-D7A8097D94D6}.ReleaseVK|x86.Build.0 = Release|Win32
		{491D324F-AC61-4FE4-A4A2-D7A8097D94D6}.RelWithDebInfo|x64.ActiveCfg = Release|x64
		{491D324F-AC61-4FE4-A4A2-D7A8097D94D6}.RelWithDebInfo|x64.Build.0 = Release|x64
		{491D324F-AC61-4FE4-A4A2-D7A8097D94D6}.RelWithDebInfo|x86.ActiveCfg = Release|Win32
		{491D324F-AC61-4FE4-A4A2-D7A8097D94D6}.RelWithDebInfo|x86.Build.0 = Release|Win32
	EndGlobalSection
	GlobalSection(SolutionProperties) = preSolution
		HideSolutionNode = FALSE
	EndGlobalSection
	GlobalSection(NestedProjects) = preSolution
		{D91C74FD-B6A3-4604-819A-6BBD97737979} = {9DF9FD3A-095B-48B0-B518-70D751B11C51}
		{7C57FAAF-AC46-4C3C-B31A-99AD292D1800} = {8AFBF528-9543-46EF-B166-35729D58E048}
		{5A37B1E5-1FA9-48E9-9E80-6F66190C4F7E} = {8AFBF528-9543-46EF-B166-35729D58E048}
		{9FB972F4-FE67-45A9-9C96-CAF2D0671558} = {5A37B1E5-1FA9-48E9-9E80-6F66190C4F7E}
		{27E43630-D269-4590-8710-71FBF07CA298} = {5A37B1E5-1FA9-48E9-9E80-6F66190C4F7E}
		{B8393663-1F70-4295-95DA-F71B7F02A447} = {8AFBF528-9543-46EF-B166-35729D58E048}
		{491D324F-AC61-4FE4-A4A2-D7A8097D94D6} = {B8393663-1F70-4295-95DA-F71B7F02A447}
	EndGlobalSection
	GlobalSection(ExtensibilityGlobals) = postSolution
		SolutionGuid = {357B2AE0-FE30-4AC6-8D41-B580232BC0DE}
	EndGlobalSection
EndGlobal
