Microsoft Visual Studio Solution File, Format Version 12.00
# Visual Studio Version 16
VisualStudioVersion = 16.0.29728.190
MinimumVisualStudioVersion = 10.0.40219.1
Project("{8BC9CEB8-8B4A-11D0-8D11-00A0C91BC942}") = "ConceptEngineEditor", "ConceptEngineEditor\ConceptEngineEditor.vcxproj", "{46C0CBAB-5660-40AF-A046-1E6CB890D986}"
	ProjectSection(ProjectDependencies) = postProject
		{2F6891E7-77CC-431B-8ACD-8E7BD675504B} = {2F6891E7-77CC-431B-8ACD-8E7BD675504B}
	EndProjectSection
EndProject
Project("{8BC9CEB8-8B4A-11D0-8D11-00A0C91BC942}") = "ConceptEngineFramework", "ConceptEngineFramework\ConceptEngineFramework.vcxproj", "{D91C74FD-B6A3-4604-819A-6BBD97737979}"
EndProject
Project("{8BC9CEB8-8B4A-11D0-8D11-00A0C91BC942}") = "ConceptEngineRTFramework", "ConceptEngineRTFramework\ConceptEngineRTFramework.vcxproj", "{2F6891E7-77CC-431B-8ACD-8E7BD675504B}"
EndProject
Project("{8BC9CEB8-8B4A-11D0-8D11-00A0C91BC942}") = "ConceptEngineTutorialRunner", "ConceptEngineTutorialRunner\ConceptEngineTutorialRunner.vcxproj", "{7C57FAAF-AC46-4C3C-B31A-99AD292D1800}"
	ProjectSection(ProjectDependencies) = postProject
		{CBBB213F-2BAD-49CE-B13A-BB680C696C42} = {CBBB213F-2BAD-49CE-B13A-BB680C696C42}
		{9D042049-4E26-4075-A4CE-A79DCF1451E3} = {9D042049-4E26-4075-A4CE-A79DCF1451E3}
	EndProjectSection
EndProject
Project("{2150E333-8FDC-42A3-9474-1A3956D46DE8}") = "Framework", "Framework", "{9DF9FD3A-095B-48B0-B518-70D751B11C51}"
EndProject
Project("{2150E333-8FDC-42A3-9474-1A3956D46DE8}") = "Tutorials", "Tutorials", "{8AFBF528-9543-46EF-B166-35729D58E048}"
EndProject
Project("{8BC9CEB8-8B4A-11D0-8D11-00A0C91BC942}") = "02. DirectXBoxTutorial", "DirectXBoxTutorial\DirectXBoxTutorial.vcxproj", "{CBBB213F-2BAD-49CE-B13A-BB680C696C42}"
EndProject
Project("{8BC9CEB8-8B4A-11D0-8D11-00A0C91BC942}") = "DirectXRayTracingTutorial", "DirectXRayTracingTutorial\DirectXRayTracingTutorial.vcxproj", "{9D042049-4E26-4075-A4CE-A79DCF1451E3}"
EndProject
Project("{2150E333-8FDC-42A3-9474-1A3956D46DE8}") = "Libs", "Libs", "{5A37B1E5-1FA9-48E9-9E80-6F66190C4F7E}"
EndProject
Project("{2150E333-8FDC-42A3-9474-1A3956D46DE8}") = "Framework", "Framework", "{33DECB65-77E2-4D9D-A778-A64BEE7E86C0}"
EndProject
Project("{8BC9CEB8-8B4A-11D0-8D11-00A0C91BC942}") = "DirectXFrameworkTutorial", "DirectXFrameworkTutorial\DirectXFrameworkTutorial.vcxproj", "{E071B64A-BF49-41D8-9202-C3134230C3E6}"
EndProject
Project("{8BC9CEB8-8B4A-11D0-8D11-00A0C91BC942}") = "03. DirectXLandAndWavesTutorial", "DirectXLandAndWavesTutorial\DirectXLandAndWavesTutorial.vcxproj", "{F399EDB0-76DE-48C4-B3EA-680E459AE815}"
EndProject
Project("{8BC9CEB8-8B4A-11D0-8D11-00A0C91BC942}") = "04. DirectXShapesTutorial", "04. Shapes\04. Shapes.vcxproj", "{62990BD1-AB6E-4296-8BF4-FB29F97A7464}"
EndProject
Global
	GlobalSection(SolutionConfigurationPlatforms) = preSolution
		Debug|x64 = Debug|x64
		Debug|x86 = Debug|x86
		DebugD3D12|x64 = DebugD3D12|x64
		DebugD3D12|x86 = DebugD3D12|x86
		DebugVK|x64 = DebugVK|x64
		DebugVK|x86 = DebugVK|x86
		MinSizeRel|x64 = MinSizeRel|x64
		MinSizeRel|x86 = MinSizeRel|x86
		Release|x64 = Release|x64
		Release|x86 = Release|x86
		ReleaseD3D12|x64 = ReleaseD3D12|x64
		ReleaseD3D12|x86 = ReleaseD3D12|x86
		ReleaseVK|x64 = ReleaseVK|x64
		ReleaseVK|x86 = ReleaseVK|x86
		RelWithDebInfo|x64 = RelWithDebInfo|x64
		RelWithDebInfo|x86 = RelWithDebInfo|x86
	EndGlobalSection
	GlobalSection(ProjectConfigurationPlatforms) = postSolution
		{46C0CBAB-5660-40AF-A046-1E6CB890D986}.Debug|x64.ActiveCfg = Debug|x64
		{46C0CBAB-5660-40AF-A046-1E6CB890D986}.Debug|x64.Build.0 = Debug|x64
		{46C0CBAB-5660-40AF-A046-1E6CB890D986}.Debug|x86.ActiveCfg = Debug|Win32
		{46C0CBAB-5660-40AF-A046-1E6CB890D986}.Debug|x86.Build.0 = Debug|Win32
		{46C0CBAB-5660-40AF-A046-1E6CB890D986}.DebugD3D12|x64.ActiveCfg = Debug|x64
		{46C0CBAB-5660-40AF-A046-1E6CB890D986}.DebugD3D12|x64.Build.0 = Debug|x64
		{46C0CBAB-5660-40AF-A046-1E6CB890D986}.DebugD3D12|x86.ActiveCfg = Debug|Win32
		{46C0CBAB-5660-40AF-A046-1E6CB890D986}.DebugD3D12|x86.Build.0 = Debug|Win32
		{46C0CBAB-5660-40AF-A046-1E6CB890D986}.DebugVK|x64.ActiveCfg = Debug|x64
		{46C0CBAB-5660-40AF-A046-1E6CB890D986}.DebugVK|x64.Build.0 = Debug|x64
		{46C0CBAB-5660-40AF-A046-1E6CB890D986}.DebugVK|x86.ActiveCfg = Debug|Win32
		{46C0CBAB-5660-40AF-A046-1E6CB890D986}.DebugVK|x86.Build.0 = Debug|Win32
		{46C0CBAB-5660-40AF-A046-1E6CB890D986}.MinSizeRel|x64.ActiveCfg = Release|x64
		{46C0CBAB-5660-40AF-A046-1E6CB890D986}.MinSizeRel|x64.Build.0 = Release|x64
		{46C0CBAB-5660-40AF-A046-1E6CB890D986}.MinSizeRel|x86.ActiveCfg = Release|Win32
		{46C0CBAB-5660-40AF-A046-1E6CB890D986}.MinSizeRel|x86.Build.0 = Release|Win32
		{46C0CBAB-5660-40AF-A046-1E6CB890D986}.Release|x64.ActiveCfg = Release|x64
		{46C0CBAB-5660-40AF-A046-1E6CB890D986}.Release|x64.Build.0 = Release|x64
		{46C0CBAB-5660-40AF-A046-1E6CB890D986}.Release|x86.ActiveCfg = Release|Win32
		{46C0CBAB-5660-40AF-A046-1E6CB890D986}.Release|x86.Build.0 = Release|Win32
		{46C0CBAB-5660-40AF-A046-1E6CB890D986}.ReleaseD3D12|x64.ActiveCfg = Release|x64
		{46C0CBAB-5660-40AF-A046-1E6CB890D986}.ReleaseD3D12|x64.Build.0 = Release|x64
		{46C0CBAB-5660-40AF-A046-1E6CB890D986}.ReleaseD3D12|x86.ActiveCfg = Release|Win32
		{46C0CBAB-5660-40AF-A046-1E6CB890D986}.ReleaseD3D12|x86.Build.0 = Release|Win32
		{46C0CBAB-5660-40AF-A046-1E6CB890D986}.ReleaseVK|x64.ActiveCfg = Release|x64
		{46C0CBAB-5660-40AF-A046-1E6CB890D986}.ReleaseVK|x64.Build.0 = Release|x64
		{46C0CBAB-5660-40AF-A046-1E6CB890D986}.ReleaseVK|x86.ActiveCfg = Release|Win32
		{46C0CBAB-5660-40AF-A046-1E6CB890D986}.ReleaseVK|x86.Build.0 = Release|Win32
		{46C0CBAB-5660-40AF-A046-1E6CB890D986}.RelWithDebInfo|x64.ActiveCfg = Release|x64
		{46C0CBAB-5660-40AF-A046-1E6CB890D986}.RelWithDebInfo|x64.Build.0 = Release|x64
		{46C0CBAB-5660-40AF-A046-1E6CB890D986}.RelWithDebInfo|x86.ActiveCfg = Release|Win32
		{46C0CBAB-5660-40AF-A046-1E6CB890D986}.RelWithDebInfo|x86.Build.0 = Release|Win32
		{D91C74FD-B6A3-4604-819A-6BBD97737979}.Debug|x64.ActiveCfg = Debug|x64
		{D91C74FD-B6A3-4604-819A-6BBD97737979}.Debug|x64.Build.0 = Debug|x64
		{D91C74FD-B6A3-4604-819A-6BBD97737979}.Debug|x86.ActiveCfg = Debug|Win32
		{D91C74FD-B6A3-4604-819A-6BBD97737979}.Debug|x86.Build.0 = Debug|Win32
		{D91C74FD-B6A3-4604-819A-6BBD97737979}.DebugD3D12|x64.ActiveCfg = Debug|x64
		{D91C74FD-B6A3-4604-819A-6BBD97737979}.DebugD3D12|x64.Build.0 = Debug|x64
		{D91C74FD-B6A3-4604-819A-6BBD97737979}.DebugD3D12|x86.ActiveCfg = Debug|Win32
		{D91C74FD-B6A3-4604-819A-6BBD97737979}.DebugD3D12|x86.Build.0 = Debug|Win32
		{D91C74FD-B6A3-4604-819A-6BBD97737979}.DebugVK|x64.ActiveCfg = Debug|x64
		{D91C74FD-B6A3-4604-819A-6BBD97737979}.DebugVK|x64.Build.0 = Debug|x64
		{D91C74FD-B6A3-4604-819A-6BBD97737979}.DebugVK|x86.ActiveCfg = Debug|Win32
		{D91C74FD-B6A3-4604-819A-6BBD97737979}.DebugVK|x86.Build.0 = Debug|Win32
		{D91C74FD-B6A3-4604-819A-6BBD97737979}.MinSizeRel|x64.ActiveCfg = Release|x64
		{D91C74FD-B6A3-4604-819A-6BBD97737979}.MinSizeRel|x64.Build.0 = Release|x64
		{D91C74FD-B6A3-4604-819A-6BBD97737979}.MinSizeRel|x86.ActiveCfg = Release|Win32
		{D91C74FD-B6A3-4604-819A-6BBD97737979}.MinSizeRel|x86.Build.0 = Release|Win32
		{D91C74FD-B6A3-4604-819A-6BBD97737979}.Release|x64.ActiveCfg = Release|x64
		{D91C74FD-B6A3-4604-819A-6BBD97737979}.Release|x64.Build.0 = Release|x64
		{D91C74FD-B6A3-4604-819A-6BBD97737979}.Release|x86.ActiveCfg = Release|Win32
		{D91C74FD-B6A3-4604-819A-6BBD97737979}.Release|x86.Build.0 = Release|Win32
		{D91C74FD-B6A3-4604-819A-6BBD97737979}.ReleaseD3D12|x64.ActiveCfg = Release|x64
		{D91C74FD-B6A3-4604-819A-6BBD97737979}.ReleaseD3D12|x64.Build.0 = Release|x64
		{D91C74FD-B6A3-4604-819A-6BBD97737979}.ReleaseD3D12|x86.ActiveCfg = Release|Win32
		{D91C74FD-B6A3-4604-819A-6BBD97737979}.ReleaseD3D12|x86.Build.0 = Release|Win32
		{D91C74FD-B6A3-4604-819A-6BBD97737979}.ReleaseVK|x64.ActiveCfg = Release|x64
		{D91C74FD-B6A3-4604-819A-6BBD97737979}.ReleaseVK|x64.Build.0 = Release|x64
		{D91C74FD-B6A3-4604-819A-6BBD97737979}.ReleaseVK|x86.ActiveCfg = Release|Win32
		{D91C74FD-B6A3-4604-819A-6BBD97737979}.ReleaseVK|x86.Build.0 = Release|Win32
		{D91C74FD-B6A3-4604-819A-6BBD97737979}.RelWithDebInfo|x64.ActiveCfg = Release|x64
		{D91C74FD-B6A3-4604-819A-6BBD97737979}.RelWithDebInfo|x64.Build.0 = Release|x64
		{D91C74FD-B6A3-4604-819A-6BBD97737979}.RelWithDebInfo|x86.ActiveCfg = Release|Win32
		{D91C74FD-B6A3-4604-819A-6BBD97737979}.RelWithDebInfo|x86.Build.0 = Release|Win32
		{2F6891E7-77CC-431B-8ACD-8E7BD675504B}.Debug|x64.ActiveCfg = Debug|x64
		{2F6891E7-77CC-431B-8ACD-8E7BD675504B}.Debug|x64.Build.0 = Debug|x64
		{2F6891E7-77CC-431B-8ACD-8E7BD675504B}.Debug|x86.ActiveCfg = Debug|Win32
		{2F6891E7-77CC-431B-8ACD-8E7BD675504B}.Debug|x86.Build.0 = Debug|Win32
		{2F6891E7-77CC-431B-8ACD-8E7BD675504B}.DebugD3D12|x64.ActiveCfg = Debug|x64
		{2F6891E7-77CC-431B-8ACD-8E7BD675504B}.DebugD3D12|x64.Build.0 = Debug|x64
		{2F6891E7-77CC-431B-8ACD-8E7BD675504B}.DebugD3D12|x86.ActiveCfg = Debug|Win32
		{2F6891E7-77CC-431B-8ACD-8E7BD675504B}.DebugD3D12|x86.Build.0 = Debug|Win32
		{2F6891E7-77CC-431B-8ACD-8E7BD675504B}.DebugVK|x64.ActiveCfg = Debug|x64
		{2F6891E7-77CC-431B-8ACD-8E7BD675504B}.DebugVK|x64.Build.0 = Debug|x64
		{2F6891E7-77CC-431B-8ACD-8E7BD675504B}.DebugVK|x86.ActiveCfg = Debug|Win32
		{2F6891E7-77CC-431B-8ACD-8E7BD675504B}.DebugVK|x86.Build.0 = Debug|Win32
		{2F6891E7-77CC-431B-8ACD-8E7BD675504B}.MinSizeRel|x64.ActiveCfg = Debug|x64
		{2F6891E7-77CC-431B-8ACD-8E7BD675504B}.MinSizeRel|x64.Build.0 = Debug|x64
		{2F6891E7-77CC-431B-8ACD-8E7BD675504B}.MinSizeRel|x86.ActiveCfg = Debug|Win32
		{2F6891E7-77CC-431B-8ACD-8E7BD675504B}.MinSizeRel|x86.Build.0 = Debug|Win32
		{2F6891E7-77CC-431B-8ACD-8E7BD675504B}.Release|x64.ActiveCfg = Release|x64
		{2F6891E7-77CC-431B-8ACD-8E7BD675504B}.Release|x64.Build.0 = Release|x64
		{2F6891E7-77CC-431B-8ACD-8E7BD675504B}.Release|x86.ActiveCfg = Release|Win32
		{2F6891E7-77CC-431B-8ACD-8E7BD675504B}.Release|x86.Build.0 = Release|Win32
		{2F6891E7-77CC-431B-8ACD-8E7BD675504B}.ReleaseD3D12|x64.ActiveCfg = Release|x64
		{2F6891E7-77CC-431B-8ACD-8E7BD675504B}.ReleaseD3D12|x64.Build.0 = Release|x64
		{2F6891E7-77CC-431B-8ACD-8E7BD675504B}.ReleaseD3D12|x86.ActiveCfg = Release|Win32
		{2F6891E7-77CC-431B-8ACD-8E7BD675504B}.ReleaseD3D12|x86.Build.0 = Release|Win32
		{2F6891E7-77CC-431B-8ACD-8E7BD675504B}.ReleaseVK|x64.ActiveCfg = Release|x64
		{2F6891E7-77CC-431B-8ACD-8E7BD675504B}.ReleaseVK|x64.Build.0 = Release|x64
		{2F6891E7-77CC-431B-8ACD-8E7BD675504B}.ReleaseVK|x86.ActiveCfg = Release|Win32
		{2F6891E7-77CC-431B-8ACD-8E7BD675504B}.ReleaseVK|x86.Build.0 = Release|Win32
		{2F6891E7-77CC-431B-8ACD-8E7BD675504B}.RelWithDebInfo|x64.ActiveCfg = Release|x64
		{2F6891E7-77CC-431B-8ACD-8E7BD675504B}.RelWithDebInfo|x64.Build.0 = Release|x64
		{2F6891E7-77CC-431B-8ACD-8E7BD675504B}.RelWithDebInfo|x86.ActiveCfg = Release|Win32
		{2F6891E7-77CC-431B-8ACD-8E7BD675504B}.RelWithDebInfo|x86.Build.0 = Release|Win32
		{7C57FAAF-AC46-4C3C-B31A-99AD292D1800}.Debug|x64.ActiveCfg = Debug|x64
		{7C57FAAF-AC46-4C3C-B31A-99AD292D1800}.Debug|x64.Build.0 = Debug|x64
		{7C57FAAF-AC46-4C3C-B31A-99AD292D1800}.Debug|x86.ActiveCfg = Debug|Win32
		{7C57FAAF-AC46-4C3C-B31A-99AD292D1800}.Debug|x86.Build.0 = Debug|Win32
		{7C57FAAF-AC46-4C3C-B31A-99AD292D1800}.DebugD3D12|x64.ActiveCfg = Debug|x64
		{7C57FAAF-AC46-4C3C-B31A-99AD292D1800}.DebugD3D12|x64.Build.0 = Debug|x64
		{7C57FAAF-AC46-4C3C-B31A-99AD292D1800}.DebugD3D12|x86.ActiveCfg = Debug|Win32
		{7C57FAAF-AC46-4C3C-B31A-99AD292D1800}.DebugD3D12|x86.Build.0 = Debug|Win32
		{7C57FAAF-AC46-4C3C-B31A-99AD292D1800}.DebugVK|x64.ActiveCfg = Debug|x64
		{7C57FAAF-AC46-4C3C-B31A-99AD292D1800}.DebugVK|x64.Build.0 = Debug|x64
		{7C57FAAF-AC46-4C3C-B31A-99AD292D1800}.DebugVK|x86.ActiveCfg = Debug|Win32
		{7C57FAAF-AC46-4C3C-B31A-99AD292D1800}.DebugVK|x86.Build.0 = Debug|Win32
		{7C57FAAF-AC46-4C3C-B31A-99AD292D1800}.MinSizeRel|x64.ActiveCfg = Debug|x64
		{7C57FAAF-AC46-4C3C-B31A-99AD292D1800}.MinSizeRel|x64.Build.0 = Debug|x64
		{7C57FAAF-AC46-4C3C-B31A-99AD292D1800}.MinSizeRel|x86.ActiveCfg = Debug|Win32
		{7C57FAAF-AC46-4C3C-B31A-99AD292D1800}.MinSizeRel|x86.Build.0 = Debug|Win32
		{7C57FAAF-AC46-4C3C-B31A-99AD292D1800}.Release|x64.ActiveCfg = Release|x64
		{7C57FAAF-AC46-4C3C-B31A-99AD292D1800}.Release|x64.Build.0 = Release|x64
		{7C57FAAF-AC46-4C3C-B31A-99AD292D1800}.Release|x86.ActiveCfg = Release|Win32
		{7C57FAAF-AC46-4C3C-B31A-99AD292D1800}.Release|x86.Build.0 = Release|Win32
		{7C57FAAF-AC46-4C3C-B31A-99AD292D1800}.ReleaseD3D12|x64.ActiveCfg = Release|x64
		{7C57FAAF-AC46-4C3C-B31A-99AD292D1800}.ReleaseD3D12|x64.Build.0 = Release|x64
		{7C57FAAF-AC46-4C3C-B31A-99AD292D1800}.ReleaseD3D12|x86.ActiveCfg = Release|Win32
		{7C57FAAF-AC46-4C3C-B31A-99AD292D1800}.ReleaseD3D12|x86.Build.0 = Release|Win32
		{7C57FAAF-AC46-4C3C-B31A-99AD292D1800}.ReleaseVK|x64.ActiveCfg = Release|x64
		{7C57FAAF-AC46-4C3C-B31A-99AD292D1800}.ReleaseVK|x64.Build.0 = Release|x64
		{7C57FAAF-AC46-4C3C-B31A-99AD292D1800}.ReleaseVK|x86.ActiveCfg = Release|Win32
		{7C57FAAF-AC46-4C3C-B31A-99AD292D1800}.ReleaseVK|x86.Build.0 = Release|Win32
		{7C57FAAF-AC46-4C3C-B31A-99AD292D1800}.RelWithDebInfo|x64.ActiveCfg = Release|x64
		{7C57FAAF-AC46-4C3C-B31A-99AD292D1800}.RelWithDebInfo|x64.Build.0 = Release|x64
		{7C57FAAF-AC46-4C3C-B31A-99AD292D1800}.RelWithDebInfo|x86.ActiveCfg = Release|Win32
		{7C57FAAF-AC46-4C3C-B31A-99AD292D1800}.RelWithDebInfo|x86.Build.0 = Release|Win32
		{CBBB213F-2BAD-49CE-B13A-BB680C696C42}.Debug|x64.ActiveCfg = Debug|x64
		{CBBB213F-2BAD-49CE-B13A-BB680C696C42}.Debug|x64.Build.0 = Debug|x64
		{CBBB213F-2BAD-49CE-B13A-BB680C696C42}.Debug|x86.ActiveCfg = Debug|Win32
		{CBBB213F-2BAD-49CE-B13A-BB680C696C42}.Debug|x86.Build.0 = Debug|Win32
		{CBBB213F-2BAD-49CE-B13A-BB680C696C42}.DebugD3D12|x64.ActiveCfg = Debug|x64
		{CBBB213F-2BAD-49CE-B13A-BB680C696C42}.DebugD3D12|x64.Build.0 = Debug|x64
		{CBBB213F-2BAD-49CE-B13A-BB680C696C42}.DebugD3D12|x86.ActiveCfg = Debug|Win32
		{CBBB213F-2BAD-49CE-B13A-BB680C696C42}.DebugD3D12|x86.Build.0 = Debug|Win32
		{CBBB213F-2BAD-49CE-B13A-BB680C696C42}.DebugVK|x64.ActiveCfg = Debug|x64
		{CBBB213F-2BAD-49CE-B13A-BB680C696C42}.DebugVK|x64.Build.0 = Debug|x64
		{CBBB213F-2BAD-49CE-B13A-BB680C696C42}.DebugVK|x86.ActiveCfg = Debug|Win32
		{CBBB213F-2BAD-49CE-B13A-BB680C696C42}.DebugVK|x86.Build.0 = Debug|Win32
		{CBBB213F-2BAD-49CE-B13A-BB680C696C42}.MinSizeRel|x64.ActiveCfg = Debug|x64
		{CBBB213F-2BAD-49CE-B13A-BB680C696C42}.MinSizeRel|x64.Build.0 = Debug|x64
		{CBBB213F-2BAD-49CE-B13A-BB680C696C42}.MinSizeRel|x86.ActiveCfg = Debug|Win32
		{CBBB213F-2BAD-49CE-B13A-BB680C696C42}.MinSizeRel|x86.Build.0 = Debug|Win32
		{CBBB213F-2BAD-49CE-B13A-BB680C696C42}.Release|x64.ActiveCfg = Release|x64
		{CBBB213F-2BAD-49CE-B13A-BB680C696C42}.Release|x64.Build.0 = Release|x64
		{CBBB213F-2BAD-49CE-B13A-BB680C696C42}.Release|x86.ActiveCfg = Release|Win32
		{CBBB213F-2BAD-49CE-B13A-BB680C696C42}.Release|x86.Build.0 = Release|Win32
		{CBBB213F-2BAD-49CE-B13A-BB680C696C42}.ReleaseD3D12|x64.ActiveCfg = Release|x64
		{CBBB213F-2BAD-49CE-B13A-BB680C696C42}.ReleaseD3D12|x64.Build.0 = Release|x64
		{CBBB213F-2BAD-49CE-B13A-BB680C696C42}.ReleaseD3D12|x86.ActiveCfg = Release|Win32
		{CBBB213F-2BAD-49CE-B13A-BB680C696C42}.ReleaseD3D12|x86.Build.0 = Release|Win32
		{CBBB213F-2BAD-49CE-B13A-BB680C696C42}.ReleaseVK|x64.ActiveCfg = Release|x64
		{CBBB213F-2BAD-49CE-B13A-BB680C696C42}.ReleaseVK|x64.Build.0 = Release|x64
		{CBBB213F-2BAD-49CE-B13A-BB680C696C42}.ReleaseVK|x86.ActiveCfg = Release|Win32
		{CBBB213F-2BAD-49CE-B13A-BB680C696C42}.ReleaseVK|x86.Build.0 = Release|Win32
		{CBBB213F-2BAD-49CE-B13A-BB680C696C42}.RelWithDebInfo|x64.ActiveCfg = Release|x64
		{CBBB213F-2BAD-49CE-B13A-BB680C696C42}.RelWithDebInfo|x64.Build.0 = Release|x64
		{CBBB213F-2BAD-49CE-B13A-BB680C696C42}.RelWithDebInfo|x86.ActiveCfg = Release|Win32
		{CBBB213F-2BAD-49CE-B13A-BB680C696C42}.RelWithDebInfo|x86.Build.0 = Release|Win32
		{9D042049-4E26-4075-A4CE-A79DCF1451E3}.Debug|x64.ActiveCfg = Debug|x64
		{9D042049-4E26-4075-A4CE-A79DCF1451E3}.Debug|x64.Build.0 = Debug|x64
		{9D042049-4E26-4075-A4CE-A79DCF1451E3}.Debug|x86.ActiveCfg = Debug|Win32
		{9D042049-4E26-4075-A4CE-A79DCF1451E3}.Debug|x86.Build.0 = Debug|Win32
		{9D042049-4E26-4075-A4CE-A79DCF1451E3}.DebugD3D12|x64.ActiveCfg = Debug|x64
		{9D042049-4E26-4075-A4CE-A79DCF1451E3}.DebugD3D12|x64.Build.0 = Debug|x64
		{9D042049-4E26-4075-A4CE-A79DCF1451E3}.DebugD3D12|x86.ActiveCfg = Debug|Win32
		{9D042049-4E26-4075-A4CE-A79DCF1451E3}.DebugD3D12|x86.Build.0 = Debug|Win32
		{9D042049-4E26-4075-A4CE-A79DCF1451E3}.DebugVK|x64.ActiveCfg = Debug|x64
		{9D042049-4E26-4075-A4CE-A79DCF1451E3}.DebugVK|x64.Build.0 = Debug|x64
		{9D042049-4E26-4075-A4CE-A79DCF1451E3}.DebugVK|x86.ActiveCfg = Debug|Win32
		{9D042049-4E26-4075-A4CE-A79DCF1451E3}.DebugVK|x86.Build.0 = Debug|Win32
		{9D042049-4E26-4075-A4CE-A79DCF1451E3}.MinSizeRel|x64.ActiveCfg = Debug|x64
		{9D042049-4E26-4075-A4CE-A79DCF1451E3}.MinSizeRel|x64.Build.0 = Debug|x64
		{9D042049-4E26-4075-A4CE-A79DCF1451E3}.MinSizeRel|x86.ActiveCfg = Debug|Win32
		{9D042049-4E26-4075-A4CE-A79DCF1451E3}.MinSizeRel|x86.Build.0 = Debug|Win32
		{9D042049-4E26-4075-A4CE-A79DCF1451E3}.Release|x64.ActiveCfg = Release|x64
		{9D042049-4E26-4075-A4CE-A79DCF1451E3}.Release|x64.Build.0 = Release|x64
		{9D042049-4E26-4075-A4CE-A79DCF1451E3}.Release|x86.ActiveCfg = Release|Win32
		{9D042049-4E26-4075-A4CE-A79DCF1451E3}.Release|x86.Build.0 = Release|Win32
		{9D042049-4E26-4075-A4CE-A79DCF1451E3}.ReleaseD3D12|x64.ActiveCfg = Release|x64
		{9D042049-4E26-4075-A4CE-A79DCF1451E3}.ReleaseD3D12|x64.Build.0 = Release|x64
		{9D042049-4E26-4075-A4CE-A79DCF1451E3}.ReleaseD3D12|x86.ActiveCfg = Release|Win32
		{9D042049-4E26-4075-A4CE-A79DCF1451E3}.ReleaseD3D12|x86.Build.0 = Release|Win32
		{9D042049-4E26-4075-A4CE-A79DCF1451E3}.ReleaseVK|x64.ActiveCfg = Release|x64
		{9D042049-4E26-4075-A4CE-A79DCF1451E3}.ReleaseVK|x64.Build.0 = Release|x64
		{9D042049-4E26-4075-A4CE-A79DCF1451E3}.ReleaseVK|x86.ActiveCfg = Release|Win32
		{9D042049-4E26-4075-A4CE-A79DCF1451E3}.ReleaseVK|x86.Build.0 = Release|Win32
		{9D042049-4E26-4075-A4CE-A79DCF1451E3}.RelWithDebInfo|x64.ActiveCfg = Release|x64
		{9D042049-4E26-4075-A4CE-A79DCF1451E3}.RelWithDebInfo|x64.Build.0 = Release|x64
		{9D042049-4E26-4075-A4CE-A79DCF1451E3}.RelWithDebInfo|x86.ActiveCfg = Release|Win32
		{9D042049-4E26-4075-A4CE-A79DCF1451E3}.RelWithDebInfo|x86.Build.0 = Release|Win32
		{E071B64A-BF49-41D8-9202-C3134230C3E6}.Debug|x64.ActiveCfg = Debug|x64
		{E071B64A-BF49-41D8-9202-C3134230C3E6}.Debug|x64.Build.0 = Debug|x64
		{E071B64A-BF49-41D8-9202-C3134230C3E6}.Debug|x86.ActiveCfg = Debug|Win32
		{E071B64A-BF49-41D8-9202-C3134230C3E6}.Debug|x86.Build.0 = Debug|Win32
		{E071B64A-BF49-41D8-9202-C3134230C3E6}.DebugD3D12|x64.ActiveCfg = Debug|x64
		{E071B64A-BF49-41D8-9202-C3134230C3E6}.DebugD3D12|x64.Build.0 = Debug|x64
		{E071B64A-BF49-41D8-9202-C3134230C3E6}.DebugD3D12|x86.ActiveCfg = Debug|Win32
		{E071B64A-BF49-41D8-9202-C3134230C3E6}.DebugD3D12|x86.Build.0 = Debug|Win32
		{E071B64A-BF49-41D8-9202-C3134230C3E6}.DebugVK|x64.ActiveCfg = Debug|x64
		{E071B64A-BF49-41D8-9202-C3134230C3E6}.DebugVK|x64.Build.0 = Debug|x64
		{E071B64A-BF49-41D8-9202-C3134230C3E6}.DebugVK|x86.ActiveCfg = Debug|Win32
		{E071B64A-BF49-41D8-9202-C3134230C3E6}.DebugVK|x86.Build.0 = Debug|Win32
		{E071B64A-BF49-41D8-9202-C3134230C3E6}.MinSizeRel|x64.ActiveCfg = Debug|x64
		{E071B64A-BF49-41D8-9202-C3134230C3E6}.MinSizeRel|x64.Build.0 = Debug|x64
		{E071B64A-BF49-41D8-9202-C3134230C3E6}.MinSizeRel|x86.ActiveCfg = Debug|Win32
		{E071B64A-BF49-41D8-9202-C3134230C3E6}.MinSizeRel|x86.Build.0 = Debug|Win32
		{E071B64A-BF49-41D8-9202-C3134230C3E6}.Release|x64.ActiveCfg = Release|x64
		{E071B64A-BF49-41D8-9202-C3134230C3E6}.Release|x64.Build.0 = Release|x64
		{E071B64A-BF49-41D8-9202-C3134230C3E6}.Release|x86.ActiveCfg = Release|Win32
		{E071B64A-BF49-41D8-9202-C3134230C3E6}.Release|x86.Build.0 = Release|Win32
		{E071B64A-BF49-41D8-9202-C3134230C3E6}.ReleaseD3D12|x64.ActiveCfg = Release|x64
		{E071B64A-BF49-41D8-9202-C3134230C3E6}.ReleaseD3D12|x64.Build.0 = Release|x64
		{E071B64A-BF49-41D8-9202-C3134230C3E6}.ReleaseD3D12|x86.ActiveCfg = Release|Win32
		{E071B64A-BF49-41D8-9202-C3134230C3E6}.ReleaseD3D12|x86.Build.0 = Release|Win32
		{E071B64A-BF49-41D8-9202-C3134230C3E6}.ReleaseVK|x64.ActiveCfg = Release|x64
		{E071B64A-BF49-41D8-9202-C3134230C3E6}.ReleaseVK|x64.Build.0 = Release|x64
		{E071B64A-BF49-41D8-9202-C3134230C3E6}.ReleaseVK|x86.ActiveCfg = Release|Win32
		{E071B64A-BF49-41D8-9202-C3134230C3E6}.ReleaseVK|x86.Build.0 = Release|Win32
		{E071B64A-BF49-41D8-9202-C3134230C3E6}.RelWithDebInfo|x64.ActiveCfg = Release|x64
		{E071B64A-BF49-41D8-9202-C3134230C3E6}.RelWithDebInfo|x64.Build.0 = Release|x64
		{E071B64A-BF49-41D8-9202-C3134230C3E6}.RelWithDebInfo|x86.ActiveCfg = Release|Win32
		{E071B64A-BF49-41D8-9202-C3134230C3E6}.RelWithDebInfo|x86.Build.0 = Release|Win32
		{F399EDB0-76DE-48C4-B3EA-680E459AE815}.Debug|x64.ActiveCfg = Debug|x64
		{F399EDB0-76DE-48C4-B3EA-680E459AE815}.Debug|x64.Build.0 = Debug|x64
		{F399EDB0-76DE-48C4-B3EA-680E459AE815}.Debug|x86.ActiveCfg = Debug|Win32
		{F399EDB0-76DE-48C4-B3EA-680E459AE815}.Debug|x86.Build.0 = Debug|Win32
		{F399EDB0-76DE-48C4-B3EA-680E459AE815}.DebugD3D12|x64.ActiveCfg = Debug|x64
		{F399EDB0-76DE-48C4-B3EA-680E459AE815}.DebugD3D12|x64.Build.0 = Debug|x64
		{F399EDB0-76DE-48C4-B3EA-680E459AE815}.DebugD3D12|x86.ActiveCfg = Debug|Win32
		{F399EDB0-76DE-48C4-B3EA-680E459AE815}.DebugD3D12|x86.Build.0 = Debug|Win32
		{F399EDB0-76DE-48C4-B3EA-680E459AE815}.DebugVK|x64.ActiveCfg = Debug|x64
		{F399EDB0-76DE-48C4-B3EA-680E459AE815}.DebugVK|x64.Build.0 = Debug|x64
		{F399EDB0-76DE-48C4-B3EA-680E459AE815}.DebugVK|x86.ActiveCfg = Debug|Win32
		{F399EDB0-76DE-48C4-B3EA-680E459AE815}.DebugVK|x86.Build.0 = Debug|Win32
		{F399EDB0-76DE-48C4-B3EA-680E459AE815}.MinSizeRel|x64.ActiveCfg = Debug|x64
		{F399EDB0-76DE-48C4-B3EA-680E459AE815}.MinSizeRel|x64.Build.0 = Debug|x64
		{F399EDB0-76DE-48C4-B3EA-680E459AE815}.MinSizeRel|x86.ActiveCfg = Debug|Win32
		{F399EDB0-76DE-48C4-B3EA-680E459AE815}.MinSizeRel|x86.Build.0 = Debug|Win32
		{F399EDB0-76DE-48C4-B3EA-680E459AE815}.Release|x64.ActiveCfg = Release|x64
		{F399EDB0-76DE-48C4-B3EA-680E459AE815}.Release|x64.Build.0 = Release|x64
		{F399EDB0-76DE-48C4-B3EA-680E459AE815}.Release|x86.ActiveCfg = Release|Win32
		{F399EDB0-76DE-48C4-B3EA-680E459AE815}.Release|x86.Build.0 = Release|Win32
		{F399EDB0-76DE-48C4-B3EA-680E459AE815}.ReleaseD3D12|x64.ActiveCfg = Release|x64
		{F399EDB0-76DE-48C4-B3EA-680E459AE815}.ReleaseD3D12|x64.Build.0 = Release|x64
		{F399EDB0-76DE-48C4-B3EA-680E459AE815}.ReleaseD3D12|x86.ActiveCfg = Release|Win32
		{F399EDB0-76DE-48C4-B3EA-680E459AE815}.ReleaseD3D12|x86.Build.0 = Release|Win32
		{F399EDB0-76DE-48C4-B3EA-680E459AE815}.ReleaseVK|x64.ActiveCfg = Release|x64
		{F399EDB0-76DE-48C4-B3EA-680E459AE815}.ReleaseVK|x64.Build.0 = Release|x64
		{F399EDB0-76DE-48C4-B3EA-680E459AE815}.ReleaseVK|x86.ActiveCfg = Release|Win32
		{F399EDB0-76DE-48C4-B3EA-680E459AE815}.ReleaseVK|x86.Build.0 = Release|Win32
		{F399EDB0-76DE-48C4-B3EA-680E459AE815}.RelWithDebInfo|x64.ActiveCfg = Release|x64
		{F399EDB0-76DE-48C4-B3EA-680E459AE815}.RelWithDebInfo|x64.Build.0 = Release|x64
		{F399EDB0-76DE-48C4-B3EA-680E459AE815}.RelWithDebInfo|x86.ActiveCfg = Release|Win32
		{F399EDB0-76DE-48C4-B3EA-680E459AE815}.RelWithDebInfo|x86.Build.0 = Release|Win32
		{62990BD1-AB6E-4296-8BF4-FB29F97A7464}.Debug|x64.ActiveCfg = Debug|x64
		{62990BD1-AB6E-4296-8BF4-FB29F97A7464}.Debug|x64.Build.0 = Debug|x64
		{62990BD1-AB6E-4296-8BF4-FB29F97A7464}.Debug|x86.ActiveCfg = Debug|Win32
		{62990BD1-AB6E-4296-8BF4-FB29F97A7464}.Debug|x86.Build.0 = Debug|Win32
		{62990BD1-AB6E-4296-8BF4-FB29F97A7464}.DebugD3D12|x64.ActiveCfg = Debug|x64
		{62990BD1-AB6E-4296-8BF4-FB29F97A7464}.DebugD3D12|x64.Build.0 = Debug|x64
		{62990BD1-AB6E-4296-8BF4-FB29F97A7464}.DebugD3D12|x86.ActiveCfg = Debug|Win32
		{62990BD1-AB6E-4296-8BF4-FB29F97A7464}.DebugD3D12|x86.Build.0 = Debug|Win32
		{62990BD1-AB6E-4296-8BF4-FB29F97A7464}.DebugVK|x64.ActiveCfg = Debug|x64
		{62990BD1-AB6E-4296-8BF4-FB29F97A7464}.DebugVK|x64.Build.0 = Debug|x64
		{62990BD1-AB6E-4296-8BF4-FB29F97A7464}.DebugVK|x86.ActiveCfg = Debug|Win32
		{62990BD1-AB6E-4296-8BF4-FB29F97A7464}.DebugVK|x86.Build.0 = Debug|Win32
		{62990BD1-AB6E-4296-8BF4-FB29F97A7464}.MinSizeRel|x64.ActiveCfg = Debug|x64
		{62990BD1-AB6E-4296-8BF4-FB29F97A7464}.MinSizeRel|x64.Build.0 = Debug|x64
		{62990BD1-AB6E-4296-8BF4-FB29F97A7464}.MinSizeRel|x86.ActiveCfg = Debug|Win32
		{62990BD1-AB6E-4296-8BF4-FB29F97A7464}.MinSizeRel|x86.Build.0 = Debug|Win32
		{62990BD1-AB6E-4296-8BF4-FB29F97A7464}.Release|x64.ActiveCfg = Release|x64
		{62990BD1-AB6E-4296-8BF4-FB29F97A7464}.Release|x64.Build.0 = Release|x64
		{62990BD1-AB6E-4296-8BF4-FB29F97A7464}.Release|x86.ActiveCfg = Release|Win32
		{62990BD1-AB6E-4296-8BF4-FB29F97A7464}.Release|x86.Build.0 = Release|Win32
		{62990BD1-AB6E-4296-8BF4-FB29F97A7464}.ReleaseD3D12|x64.ActiveCfg = Release|x64
		{62990BD1-AB6E-4296-8BF4-FB29F97A7464}.ReleaseD3D12|x64.Build.0 = Release|x64
		{62990BD1-AB6E-4296-8BF4-FB29F97A7464}.ReleaseD3D12|x86.ActiveCfg = Release|Win32
		{62990BD1-AB6E-4296-8BF4-FB29F97A7464}.ReleaseD3D12|x86.Build.0 = Release|Win32
		{62990BD1-AB6E-4296-8BF4-FB29F97A7464}.ReleaseVK|x64.ActiveCfg = Release|x64
		{62990BD1-AB6E-4296-8BF4-FB29F97A7464}.ReleaseVK|x64.Build.0 = Release|x64
		{62990BD1-AB6E-4296-8BF4-FB29F97A7464}.ReleaseVK|x86.ActiveCfg = Release|Win32
		{62990BD1-AB6E-4296-8BF4-FB29F97A7464}.ReleaseVK|x86.Build.0 = Release|Win32
		{62990BD1-AB6E-4296-8BF4-FB29F97A7464}.RelWithDebInfo|x64.ActiveCfg = Release|x64
		{62990BD1-AB6E-4296-8BF4-FB29F97A7464}.RelWithDebInfo|x64.Build.0 = Release|x64
		{62990BD1-AB6E-4296-8BF4-FB29F97A7464}.RelWithDebInfo|x86.ActiveCfg = Release|Win32
		{62990BD1-AB6E-4296-8BF4-FB29F97A7464}.RelWithDebInfo|x86.Build.0 = Release|Win32
	EndGlobalSection
	GlobalSection(SolutionProperties) = preSolution
		HideSolutionNode = FALSE
	EndGlobalSection
	GlobalSection(NestedProjects) = preSolution
		{D91C74FD-B6A3-4604-819A-6BBD97737979} = {9DF9FD3A-095B-48B0-B518-70D751B11C51}
		{2F6891E7-77CC-431B-8ACD-8E7BD675504B} = {9DF9FD3A-095B-48B0-B518-70D751B11C51}
		{7C57FAAF-AC46-4C3C-B31A-99AD292D1800} = {8AFBF528-9543-46EF-B166-35729D58E048}
		{CBBB213F-2BAD-49CE-B13A-BB680C696C42} = {5A37B1E5-1FA9-48E9-9E80-6F66190C4F7E}
		{9D042049-4E26-4075-A4CE-A79DCF1451E3} = {5A37B1E5-1FA9-48E9-9E80-6F66190C4F7E}
		{5A37B1E5-1FA9-48E9-9E80-6F66190C4F7E} = {8AFBF528-9543-46EF-B166-35729D58E048}
		{33DECB65-77E2-4D9D-A778-A64BEE7E86C0} = {8AFBF528-9543-46EF-B166-35729D58E048}
		{E071B64A-BF49-41D8-9202-C3134230C3E6} = {33DECB65-77E2-4D9D-A778-A64BEE7E86C0}
		{F399EDB0-76DE-48C4-B3EA-680E459AE815} = {5A37B1E5-1FA9-48E9-9E80-6F66190C4F7E}
		{62990BD1-AB6E-4296-8BF4-FB29F97A7464} = {5A37B1E5-1FA9-48E9-9E80-6F66190C4F7E}
	EndGlobalSection
	GlobalSection(ExtensibilityGlobals) = postSolution
		SolutionGuid = {357B2AE0-FE30-4AC6-8D41-B580232BC0DE}
	EndGlobalSection
EndGlobal
