Microsoft Visual Studio Solution File, Format Version 12.00
# Visual Studio Version 16
VisualStudioVersion = 16.0.29728.190
MinimumVisualStudioVersion = 10.0.40219.1
Project("{8BC9CEB8-8B4A-11D0-8D11-00A0C91BC942}") = "ConceptEngineEditor", "ConceptEngineEditor\ConceptEngineEditor.vcxproj", "{46C0CBAB-5660-40AF-A046-1E6CB890D986}"
	ProjectSection(ProjectDependencies) = postProject
		{2F6891E7-77CC-431B-8ACD-8E7BD675504B} = {2F6891E7-77CC-431B-8ACD-8E7BD675504B}
		{D91C74FD-B6A3-4604-819A-6BBD97737979} = {D91C74FD-B6A3-4604-819A-6BBD97737979}
	EndProjectSection
EndProject
Project("{8BC9CEB8-8B4A-11D0-8D11-00A0C91BC942}") = "ConceptEngineFramework", "ConceptEngineFramework\ConceptEngineFramework.vcxproj", "{D91C74FD-B6A3-4604-819A-6BBD97737979}"
EndProject
Project("{8BC9CEB8-8B4A-11D0-8D11-00A0C91BC942}") = "ConceptEngineRTFramework", "ConceptEngineRTFramework\ConceptEngineRTFramework.vcxproj", "{2F6891E7-77CC-431B-8ACD-8E7BD675504B}"
EndProject
Global
	GlobalSection(SolutionConfigurationPlatforms) = preSolution
		Debug|x64 = Debug|x64
		Debug|x86 = Debug|x86
		DebugD3D12|x64 = DebugD3D12|x64
		DebugD3D12|x86 = DebugD3D12|x86
		DebugVK|x64 = DebugVK|x64
		DebugVK|x86 = DebugVK|x86
		MinSizeRel|x64 = MinSizeRel|x64
		MinSizeRel|x86 = MinSizeRel|x86
		Release|x64 = Release|x64
		Release|x86 = Release|x86
		ReleaseD3D12|x64 = ReleaseD3D12|x64
		ReleaseD3D12|x86 = ReleaseD3D12|x86
		ReleaseVK|x64 = ReleaseVK|x64
		ReleaseVK|x86 = ReleaseVK|x86
		RelWithDebInfo|x64 = RelWithDebInfo|x64
		RelWithDebInfo|x86 = RelWithDebInfo|x86
	EndGlobalSection
	GlobalSection(ProjectConfigurationPlatforms) = postSolution
		{46C0CBAB-5660-40AF-A046-1E6CB890D986}.Debug|x64.ActiveCfg = Debug|x64
		{46C0CBAB-5660-40AF-A046-1E6CB890D986}.Debug|x64.Build.0 = Debug|x64
		{46C0CBAB-5660-40AF-A046-1E6CB890D986}.Debug|x86.ActiveCfg = Debug|Win32
		{46C0CBAB-5660-40AF-A046-1E6CB890D986}.Debug|x86.Build.0 = Debug|Win32
		{46C0CBAB-5660-40AF-A046-1E6CB890D986}.DebugD3D12|x64.ActiveCfg = Debug|x64
		{46C0CBAB-5660-40AF-A046-1E6CB890D986}.DebugD3D12|x64.Build.0 = Debug|x64
		{46C0CBAB-5660-40AF-A046-1E6CB890D986}.DebugD3D12|x86.ActiveCfg = Debug|Win32
		{46C0CBAB-5660-40AF-A046-1E6CB890D986}.DebugD3D12|x86.Build.0 = Debug|Win32
		{46C0CBAB-5660-40AF-A046-1E6CB890D986}.DebugVK|x64.ActiveCfg = Debug|x64
		{46C0CBAB-5660-40AF-A046-1E6CB890D986}.DebugVK|x64.Build.0 = Debug|x64
		{46C0CBAB-5660-40AF-A046-1E6CB890D986}.DebugVK|x86.ActiveCfg = Debug|Win32
		{46C0CBAB-5660-40AF-A046-1E6CB890D986}.DebugVK|x86.Build.0 = Debug|Win32
		{46C0CBAB-5660-40AF-A046-1E6CB890D986}.MinSizeRel|x64.ActiveCfg = Release|x64
		{46C0CBAB-5660-40AF-A046-1E6CB890D986}.MinSizeRel|x64.Build.0 = Release|x64
		{46C0CBAB-5660-40AF-A046-1E6CB890D986}.MinSizeRel|x86.ActiveCfg = Release|Win32
		{46C0CBAB-5660-40AF-A046-1E6CB890D986}.MinSizeRel|x86.Build.0 = Release|Win32
		{46C0CBAB-5660-40AF-A046-1E6CB890D986}.Release|x64.ActiveCfg = Release|x64
		{46C0CBAB-5660-40AF-A046-1E6CB890D986}.Release|x64.Build.0 = Release|x64
		{46C0CBAB-5660-40AF-A046-1E6CB890D986}.Release|x86.ActiveCfg = Release|Win32
		{46C0CBAB-5660-40AF-A046-1E6CB890D986}.Release|x86.Build.0 = Release|Win32
		{46C0CBAB-5660-40AF-A046-1E6CB890D986}.ReleaseD3D12|x64.ActiveCfg = Release|x64
		{46C0CBAB-5660-40AF-A046-1E6CB890D986}.ReleaseD3D12|x64.Build.0 = Release|x64
		{46C0CBAB-5660-40AF-A046-1E6CB890D986}.ReleaseD3D12|x86.ActiveCfg = Release|Win32
		{46C0CBAB-5660-40AF-A046-1E6CB890D986}.ReleaseD3D12|x86.Build.0 = Release|Win32
		{46C0CBAB-5660-40AF-A046-1E6CB890D986}.ReleaseVK|x64.ActiveCfg = Release|x64
		{46C0CBAB-5660-40AF-A046-1E6CB890D986}.ReleaseVK|x64.Build.0 = Release|x64
		{46C0CBAB-5660-40AF-A046-1E6CB890D986}.ReleaseVK|x86.ActiveCfg = Release|Win32
		{46C0CBAB-5660-40AF-A046-1E6CB890D986}.ReleaseVK|x86.Build.0 = Release|Win32
		{46C0CBAB-5660-40AF-A046-1E6CB890D986}.RelWithDebInfo|x64.ActiveCfg = Release|x64
		{46C0CBAB-5660-40AF-A046-1E6CB890D986}.RelWithDebInfo|x64.Build.0 = Release|x64
		{46C0CBAB-5660-40AF-A046-1E6CB890D986}.RelWithDebInfo|x86.ActiveCfg = Release|Win32
		{46C0CBAB-5660-40AF-A046-1E6CB890D986}.RelWithDebInfo|x86.Build.0 = Release|Win32
		{D91C74FD-B6A3-4604-819A-6BBD97737979}.Debug|x64.ActiveCfg = Debug|x64
		{D91C74FD-B6A3-4604-819A-6BBD97737979}.Debug|x64.Build.0 = Debug|x64
		{D91C74FD-B6A3-4604-819A-6BBD97737979}.Debug|x86.ActiveCfg = Debug|Win32
		{D91C74FD-B6A3-4604-819A-6BBD97737979}.Debug|x86.Build.0 = Debug|Win32
		{D91C74FD-B6A3-4604-819A-6BBD97737979}.DebugD3D12|x64.ActiveCfg = Debug|x64
		{D91C74FD-B6A3-4604-819A-6BBD97737979}.DebugD3D12|x64.Build.0 = Debug|x64
		{D91C74FD-B6A3-4604-819A-6BBD97737979}.DebugD3D12|x86.ActiveCfg = Debug|Win32
		{D91C74FD-B6A3-4604-819A-6BBD97737979}.DebugD3D12|x86.Build.0 = Debug|Win32
		{D91C74FD-B6A3-4604-819A-6BBD97737979}.DebugVK|x64.ActiveCfg = Debug|x64
		{D91C74FD-B6A3-4604-819A-6BBD97737979}.DebugVK|x64.Build.0 = Debug|x64
		{D91C74FD-B6A3-4604-819A-6BBD97737979}.DebugVK|x86.ActiveCfg = Debug|Win32
		{D91C74FD-B6A3-4604-819A-6BBD97737979}.DebugVK|x86.Build.0 = Debug|Win32
		{D91C74FD-B6A3-4604-819A-6BBD97737979}.MinSizeRel|x64.ActiveCfg = Release|x64
		{D91C74FD-B6A3-4604-819A-6BBD97737979}.MinSizeRel|x64.Build.0 = Release|x64
		{D91C74FD-B6A3-4604-819A-6BBD97737979}.MinSizeRel|x86.ActiveCfg = Release|Win32
		{D91C74FD-B6A3-4604-819A-6BBD97737979}.MinSizeRel|x86.Build.0 = Release|Win32
		{D91C74FD-B6A3-4604-819A-6BBD97737979}.Release|x64.ActiveCfg = Release|x64
		{D91C74FD-B6A3-4604-819A-6BBD97737979}.Release|x64.Build.0 = Release|x64
		{D91C74FD-B6A3-4604-819A-6BBD97737979}.Release|x86.ActiveCfg = Release|Win32
		{D91C74FD-B6A3-4604-819A-6BBD97737979}.Release|x86.Build.0 = Release|Win32
		{D91C74FD-B6A3-4604-819A-6BBD97737979}.ReleaseD3D12|x64.ActiveCfg = Release|x64
		{D91C74FD-B6A3-4604-819A-6BBD97737979}.ReleaseD3D12|x64.Build.0 = Release|x64
		{D91C74FD-B6A3-4604-819A-6BBD97737979}.ReleaseD3D12|x86.ActiveCfg = Release|Win32
		{D91C74FD-B6A3-4604-819A-6BBD97737979}.ReleaseD3D12|x86.Build.0 = Release|Win32
		{D91C74FD-B6A3-4604-819A-6BBD97737979}.ReleaseVK|x64.ActiveCfg = Release|x64
		{D91C74FD-B6A3-4604-819A-6BBD97737979}.ReleaseVK|x64.Build.0 = Release|x64
		{D91C74FD-B6A3-4604-819A-6BBD97737979}.ReleaseVK|x86.ActiveCfg = Release|Win32
		{D91C74FD-B6A3-4604-819A-6BBD97737979}.ReleaseVK|x86.Build.0 = Release|Win32
		{D91C74FD-B6A3-4604-819A-6BBD97737979}.RelWithDebInfo|x64.ActiveCfg = Release|x64
		{D91C74FD-B6A3-4604-819A-6BBD97737979}.RelWithDebInfo|x64.Build.0 = Release|x64
		{D91C74FD-B6A3-4604-819A-6BBD97737979}.RelWithDebInfo|x86.ActiveCfg = Release|Win32
		{D91C74FD-B6A3-4604-819A-6BBD97737979}.RelWithDebInfo|x86.Build.0 = Release|Win32
		{2F6891E7-77CC-431B-8ACD-8E7BD675504B}.Debug|x64.ActiveCfg = Debug|x64
		{2F6891E7-77CC-431B-8ACD-8E7BD675504B}.Debug|x64.Build.0 = Debug|x64
		{2F6891E7-77CC-431B-8ACD-8E7BD675504B}.Debug|x86.ActiveCfg = Debug|Win32
		{2F6891E7-77CC-431B-8ACD-8E7BD675504B}.Debug|x86.Build.0 = Debug|Win32
		{2F6891E7-77CC-431B-8ACD-8E7BD675504B}.DebugD3D12|x64.ActiveCfg = Debug|x64
		{2F6891E7-77CC-431B-8ACD-8E7BD675504B}.DebugD3D12|x64.Build.0 = Debug|x64
		{2F6891E7-77CC-431B-8ACD-8E7BD675504B}.DebugD3D12|x86.ActiveCfg = Debug|Win32
		{2F6891E7-77CC-431B-8ACD-8E7BD675504B}.DebugD3D12|x86.Build.0 = Debug|Win32
		{2F6891E7-77CC-431B-8ACD-8E7BD675504B}.DebugVK|x64.ActiveCfg = Debug|x64
		{2F6891E7-77CC-431B-8ACD-8E7BD675504B}.DebugVK|x64.Build.0 = Debug|x64
		{2F6891E7-77CC-431B-8ACD-8E7BD675504B}.DebugVK|x86.ActiveCfg = Debug|Win32
		{2F6891E7-77CC-431B-8ACD-8E7BD675504B}.DebugVK|x86.Build.0 = Debug|Win32
		{2F6891E7-77CC-431B-8ACD-8E7BD675504B}.MinSizeRel|x64.ActiveCfg = Debug|x64
		{2F6891E7-77CC-431B-8ACD-8E7BD675504B}.MinSizeRel|x64.Build.0 = Debug|x64
		{2F6891E7-77CC-431B-8ACD-8E7BD675504B}.MinSizeRel|x86.ActiveCfg = Debug|Win32
		{2F6891E7-77CC-431B-8ACD-8E7BD675504B}.MinSizeRel|x86.Build.0 = Debug|Win32
		{2F6891E7-77CC-431B-8ACD-8E7BD675504B}.Release|x64.ActiveCfg = Release|x64
		{2F6891E7-77CC-431B-8ACD-8E7BD675504B}.Release|x64.Build.0 = Release|x64
		{2F6891E7-77CC-431B-8ACD-8E7BD675504B}.Release|x86.ActiveCfg = Release|Win32
		{2F6891E7-77CC-431B-8ACD-8E7BD675504B}.Release|x86.Build.0 = Release|Win32
		{2F6891E7-77CC-431B-8ACD-8E7BD675504B}.ReleaseD3D12|x64.ActiveCfg = Release|x64
		{2F6891E7-77CC-431B-8ACD-8E7BD675504B}.ReleaseD3D12|x64.Build.0 = Release|x64
		{2F6891E7-77CC-431B-8ACD-8E7BD675504B}.ReleaseD3D12|x86.ActiveCfg = Release|Win32
		{2F6891E7-77CC-431B-8ACD-8E7BD675504B}.ReleaseD3D12|x86.Build.0 = Release|Win32
		{2F6891E7-77CC-431B-8ACD-8E7BD675504B}.ReleaseVK|x64.ActiveCfg = Release|x64
		{2F6891E7-77CC-431B-8ACD-8E7BD675504B}.ReleaseVK|x64.Build.0 = Release|x64
		{2F6891E7-77CC-431B-8ACD-8E7BD675504B}.ReleaseVK|x86.ActiveCfg = Release|Win32
		{2F6891E7-77CC-431B-8ACD-8E7BD675504B}.ReleaseVK|x86.Build.0 = Release|Win32
		{2F6891E7-77CC-431B-8ACD-8E7BD675504B}.RelWithDebInfo|x64.ActiveCfg = Release|x64
		{2F6891E7-77CC-431B-8ACD-8E7BD675504B}.RelWithDebInfo|x64.Build.0 = Release|x64
		{2F6891E7-77CC-431B-8ACD-8E7BD675504B}.RelWithDebInfo|x86.ActiveCfg = Release|Win32
		{2F6891E7-77CC-431B-8ACD-8E7BD675504B}.RelWithDebInfo|x86.Build.0 = Release|Win32
	EndGlobalSection
	GlobalSection(SolutionProperties) = preSolution
		HideSolutionNode = FALSE
	EndGlobalSection
	GlobalSection(ExtensibilityGlobals) = postSolution
		SolutionGuid = {357B2AE0-FE30-4AC6-8D41-B580232BC0DE}
	EndGlobalSection
EndGlobal
